{
  "version": 4,
  "terraform_version": "1.9.8",
  "serial": 806,
  "lineage": "98d92b37-31be-156a-27fb-a23134c59ac1",
  "outputs": {
    "vpn_connection_id": {
      "value": "vpn-0eeac752691ca339c",
      "type": "string"
    }
  },
  "resources": [
    {
      "mode": "managed",
      "type": "aws_customer_gateway",
      "name": "My_cgw",
      "provider": "provider[\"registry.terraform.io/hashicorp/aws\"]",
      "instances": [
        {
          "schema_version": 0,
          "attributes": {
            "arn": "arn:aws:ec2:us-east-1:202533516001:customer-gateway/cgw-07ac6c08e93858b2b",
            "bgp_asn": "65000",
            "bgp_asn_extended": "",
            "certificate_arn": "",
            "device_name": "",
            "id": "cgw-07ac6c08e93858b2b",
            "ip_address": "49.207.63.76",
            "tags": {},
            "tags_all": {},
            "type": "ipsec.1"
          },
          "sensitive_attributes": [],
          "private": "bnVsbA=="
        }
      ]
    },
    {
      "mode": "managed",
      "type": "aws_iam_role",
      "name": "assume_cross_account_role",
      "provider": "provider[\"registry.terraform.io/hashicorp/aws\"].account2",
      "instances": [
        {
          "schema_version": 0,
          "attributes": {
            "arn": "arn:aws:iam::039612868338:role/AssumeCrossAccountEC2Role",
            "assume_role_policy": "{\"Statement\":[{\"Action\":\"sts:AssumeRole\",\"Effect\":\"Allow\",\"Principal\":{\"AWS\":\"arn:aws:iam::202533516001:role/CrossAccountEC2Role_account1\"}}],\"Version\":\"2012-10-17\"}",
            "create_date": "2024-12-05T10:33:54Z",
            "description": "",
            "force_detach_policies": false,
            "id": "AssumeCrossAccountEC2Role",
            "inline_policy": [],
            "managed_policy_arns": [],
            "max_session_duration": 3600,
            "name": "AssumeCrossAccountEC2Role",
            "name_prefix": "",
            "path": "/",
            "permissions_boundary": "",
            "tags": {},
            "tags_all": {},
            "unique_id": "AROAQSOI4M3ZGSB2VN3VW"
          },
          "sensitive_attributes": [],
          "private": "bnVsbA=="
        }
      ]
    },
    {
      "mode": "managed",
      "type": "aws_route",
      "name": "vpc1_to_vpc2",
      "provider": "provider[\"registry.terraform.io/hashicorp/aws\"]",
      "instances": [
        {
          "schema_version": 0,
          "attributes": {
            "carrier_gateway_id": "",
            "core_network_arn": "",
            "destination_cidr_block": "172.31.0.0/16",
            "destination_ipv6_cidr_block": "",
            "destination_prefix_list_id": "",
            "egress_only_gateway_id": "",
            "gateway_id": "",
            "id": "r-rtb-095811e461ef300d13854007479",
            "instance_id": "",
            "instance_owner_id": "",
            "local_gateway_id": "",
            "nat_gateway_id": "",
            "network_interface_id": "",
            "origin": "CreateRoute",
            "route_table_id": "rtb-095811e461ef300d1",
            "state": "blackhole",
            "timeouts": null,
            "transit_gateway_id": "",
            "vpc_endpoint_id": "",
            "vpc_peering_connection_id": "pcx-0db2c854bfb09d52c"
          },
          "sensitive_attributes": [],
          "private": "eyJlMmJmYjczMC1lY2FhLTExZTYtOGY4OC0zNDM2M2JjN2M0YzAiOnsiY3JlYXRlIjozMDAwMDAwMDAwMDAsImRlbGV0ZSI6MzAwMDAwMDAwMDAwLCJ1cGRhdGUiOjEyMDAwMDAwMDAwMH19",
          "dependencies": [
            "aws_vpc_peering_connection.vpc_peering",
            "module.EC2.aws_internet_gateway.main",
            "module.EC2.aws_route_table.public",
            "module.EC2.aws_vpc.main",
            "module.RDS.aws_vpc.my_vpc"
          ]
        }
      ]
    },
    {
      "mode": "managed",
      "type": "aws_route",
      "name": "vpc2_to_vpc1",
      "provider": "provider[\"registry.terraform.io/hashicorp/aws\"].account2",
      "instances": [
        {
          "schema_version": 0,
          "attributes": {
            "carrier_gateway_id": "",
            "core_network_arn": "",
            "destination_cidr_block": "10.0.0.0/16",
            "destination_ipv6_cidr_block": "",
            "destination_prefix_list_id": "",
            "egress_only_gateway_id": "",
            "gateway_id": "",
            "id": "r-rtb-0c717cf05d11d88af179966490",
            "instance_id": "",
            "instance_owner_id": "",
            "local_gateway_id": "",
            "nat_gateway_id": "",
            "network_interface_id": "",
            "origin": "CreateRoute",
            "route_table_id": "rtb-0c717cf05d11d88af",
            "state": "blackhole",
            "timeouts": null,
            "transit_gateway_id": "",
            "vpc_endpoint_id": "",
            "vpc_peering_connection_id": "pcx-0db2c854bfb09d52c"
          },
          "sensitive_attributes": [],
          "private": "eyJlMmJmYjczMC1lY2FhLTExZTYtOGY4OC0zNDM2M2JjN2M0YzAiOnsiY3JlYXRlIjozMDAwMDAwMDAwMDAsImRlbGV0ZSI6MzAwMDAwMDAwMDAwLCJ1cGRhdGUiOjEyMDAwMDAwMDAwMH19",
          "dependencies": [
            "aws_vpc_peering_connection.vpc_peering",
            "module.EC2.aws_vpc.main",
            "module.RDS.aws_route_table.vpc2_route_table",
            "module.RDS.aws_vpc.my_vpc"
          ]
        }
      ]
    },
    {
      "mode": "managed",
      "type": "aws_vpc_peering_connection",
      "name": "vpc_peering",
      "provider": "provider[\"registry.terraform.io/hashicorp/aws\"]",
      "instances": [
        {
          "schema_version": 0,
          "attributes": {
            "accept_status": "pending-acceptance",
            "accepter": [],
            "auto_accept": null,
            "id": "pcx-0db2c854bfb09d52c",
            "peer_owner_id": "039612868338",
            "peer_region": "us-east-1",
            "peer_vpc_id": "vpc-09e64dec70bb678c3",
            "requester": [
              {
                "allow_remote_vpc_dns_resolution": false
              }
            ],
            "tags": {
              "Name": "VPC-Peering-Connection"
            },
            "tags_all": {
              "Name": "VPC-Peering-Connection"
            },
            "timeouts": null,
            "vpc_id": "vpc-0b73b707445f4f093"
          },
          "sensitive_attributes": [],
          "private": "eyJlMmJmYjczMC1lY2FhLTExZTYtOGY4OC0zNDM2M2JjN2M0YzAiOnsiY3JlYXRlIjo2MDAwMDAwMDAwMCwiZGVsZXRlIjo2MDAwMDAwMDAwMCwidXBkYXRlIjo2MDAwMDAwMDAwMH19",
          "dependencies": [
            "module.EC2.aws_vpc.main",
            "module.RDS.aws_vpc.my_vpc"
          ]
        }
      ]
    },
    {
      "mode": "managed",
      "type": "aws_vpn_connection",
      "name": "My_vpn_connection",
      "provider": "provider[\"registry.terraform.io/hashicorp/aws\"]",
      "instances": [
        {
          "schema_version": 0,
          "attributes": {
            "arn": "arn:aws:ec2:us-east-1:202533516001:vpn-connection/vpn-0eeac752691ca339c",
            "core_network_arn": "",
            "core_network_attachment_arn": "",
            "customer_gateway_configuration": "\u003c?xml version=\"1.0\" encoding=\"UTF-8\"?\u003e\n\u003cvpn_connection id=\"vpn-0eeac752691ca339c\"\u003e\n  \u003ccustomer_gateway_id\u003ecgw-07ac6c08e93858b2b\u003c/customer_gateway_id\u003e\n  \u003cvpn_gateway_id\u003evgw-0d1a7dad5ef86af38\u003c/vpn_gateway_id\u003e\n  \u003cvpn_connection_type\u003eipsec.1\u003c/vpn_connection_type\u003e\n  \u003cvpn_connection_attributes\u003eNoBGPVPNConnection\u003c/vpn_connection_attributes\u003e\n  \u003cipsec_tunnel\u003e\n    \u003ccustomer_gateway\u003e\n      \u003ctunnel_outside_address\u003e\n        \u003cip_address\u003e49.207.63.76\u003c/ip_address\u003e\n      \u003c/tunnel_outside_address\u003e\n      \u003ctunnel_inside_address\u003e\n        \u003cip_address\u003e169.254.188.230\u003c/ip_address\u003e\n        \u003cnetwork_mask\u003e255.255.255.252\u003c/network_mask\u003e\n        \u003cnetwork_cidr\u003e30\u003c/network_cidr\u003e\n      \u003c/tunnel_inside_address\u003e\n    \u003c/customer_gateway\u003e\n    \u003cvpn_gateway\u003e\n      \u003ctunnel_outside_address\u003e\n        \u003cip_address\u003e3.208.14.218\u003c/ip_address\u003e\n      \u003c/tunnel_outside_address\u003e\n      \u003ctunnel_inside_address\u003e\n        \u003cip_address\u003e169.254.188.229\u003c/ip_address\u003e\n        \u003cnetwork_mask\u003e255.255.255.252\u003c/network_mask\u003e\n        \u003cnetwork_cidr\u003e30\u003c/network_cidr\u003e\n      \u003c/tunnel_inside_address\u003e\n    \u003c/vpn_gateway\u003e\n    \u003cike\u003e\n      \u003cauthentication_protocol\u003esha1\u003c/authentication_protocol\u003e\n      \u003cencryption_protocol\u003eaes-128-cbc\u003c/encryption_protocol\u003e\n      \u003clifetime\u003e28800\u003c/lifetime\u003e\n      \u003cperfect_forward_secrecy\u003egroup2\u003c/perfect_forward_secrecy\u003e\n      \u003cmode\u003emain\u003c/mode\u003e\n      \u003cpre_shared_key\u003eyjVfli37_mAlhLIZQVjNCbHAHFTN0HXG\u003c/pre_shared_key\u003e\n    \u003c/ike\u003e\n    \u003cipsec\u003e\n      \u003cprotocol\u003eesp\u003c/protocol\u003e\n      \u003cauthentication_protocol\u003ehmac-sha1-96\u003c/authentication_protocol\u003e\n      \u003cencryption_protocol\u003eaes-128-cbc\u003c/encryption_protocol\u003e\n      \u003clifetime\u003e3600\u003c/lifetime\u003e\n      \u003cperfect_forward_secrecy\u003egroup2\u003c/perfect_forward_secrecy\u003e\n      \u003cmode\u003etunnel\u003c/mode\u003e\n      \u003cclear_df_bit\u003etrue\u003c/clear_df_bit\u003e\n      \u003cfragmentation_before_encryption\u003etrue\u003c/fragmentation_before_encryption\u003e\n      \u003ctcp_mss_adjustment\u003e1379\u003c/tcp_mss_adjustment\u003e\n      \u003cdead_peer_detection\u003e\n        \u003cinterval\u003e10\u003c/interval\u003e\n        \u003cretries\u003e3\u003c/retries\u003e\n      \u003c/dead_peer_detection\u003e\n    \u003c/ipsec\u003e\n  \u003c/ipsec_tunnel\u003e\n  \u003cipsec_tunnel\u003e\n    \u003ccustomer_gateway\u003e\n      \u003ctunnel_outside_address\u003e\n        \u003cip_address\u003e49.207.63.76\u003c/ip_address\u003e\n      \u003c/tunnel_outside_address\u003e\n      \u003ctunnel_inside_address\u003e\n        \u003cip_address\u003e169.254.97.106\u003c/ip_address\u003e\n        \u003cnetwork_mask\u003e255.255.255.252\u003c/network_mask\u003e\n        \u003cnetwork_cidr\u003e30\u003c/network_cidr\u003e\n      \u003c/tunnel_inside_address\u003e\n    \u003c/customer_gateway\u003e\n    \u003cvpn_gateway\u003e\n      \u003ctunnel_outside_address\u003e\n        \u003cip_address\u003e44.207.29.239\u003c/ip_address\u003e\n      \u003c/tunnel_outside_address\u003e\n      \u003ctunnel_inside_address\u003e\n        \u003cip_address\u003e169.254.97.105\u003c/ip_address\u003e\n        \u003cnetwork_mask\u003e255.255.255.252\u003c/network_mask\u003e\n        \u003cnetwork_cidr\u003e30\u003c/network_cidr\u003e\n      \u003c/tunnel_inside_address\u003e\n    \u003c/vpn_gateway\u003e\n    \u003cike\u003e\n      \u003cauthentication_protocol\u003esha1\u003c/authentication_protocol\u003e\n      \u003cencryption_protocol\u003eaes-128-cbc\u003c/encryption_protocol\u003e\n      \u003clifetime\u003e28800\u003c/lifetime\u003e\n      \u003cperfect_forward_secrecy\u003egroup2\u003c/perfect_forward_secrecy\u003e\n      \u003cmode\u003emain\u003c/mode\u003e\n      \u003cpre_shared_key\u003ex3FIuTrIFWzhzbg4NX36B5z0lGrHA6A6\u003c/pre_shared_key\u003e\n    \u003c/ike\u003e\n    \u003cipsec\u003e\n      \u003cprotocol\u003eesp\u003c/protocol\u003e\n      \u003cauthentication_protocol\u003ehmac-sha1-96\u003c/authentication_protocol\u003e\n      \u003cencryption_protocol\u003eaes-128-cbc\u003c/encryption_protocol\u003e\n      \u003clifetime\u003e3600\u003c/lifetime\u003e\n      \u003cperfect_forward_secrecy\u003egroup2\u003c/perfect_forward_secrecy\u003e\n      \u003cmode\u003etunnel\u003c/mode\u003e\n      \u003cclear_df_bit\u003etrue\u003c/clear_df_bit\u003e\n      \u003cfragmentation_before_encryption\u003etrue\u003c/fragmentation_before_encryption\u003e\n      \u003ctcp_mss_adjustment\u003e1379\u003c/tcp_mss_adjustment\u003e\n      \u003cdead_peer_detection\u003e\n        \u003cinterval\u003e10\u003c/interval\u003e\n        \u003cretries\u003e3\u003c/retries\u003e\n      \u003c/dead_peer_detection\u003e\n    \u003c/ipsec\u003e\n  \u003c/ipsec_tunnel\u003e\n\u003c/vpn_connection\u003e\n",
            "customer_gateway_id": "cgw-07ac6c08e93858b2b",
            "enable_acceleration": false,
            "id": "vpn-0eeac752691ca339c",
            "local_ipv4_network_cidr": "0.0.0.0/0",
            "local_ipv6_network_cidr": "",
            "outside_ip_address_type": "PublicIpv4",
            "remote_ipv4_network_cidr": "0.0.0.0/0",
            "remote_ipv6_network_cidr": "",
            "routes": [
              {
                "destination_cidr_block": "192.168.100.0/24",
                "source": "",
                "state": "available"
              }
            ],
            "static_routes_only": true,
            "tags": {},
            "tags_all": {},
            "transit_gateway_attachment_id": "",
            "transit_gateway_id": "",
            "transport_transit_gateway_attachment_id": "",
            "tunnel1_address": "3.208.14.218",
            "tunnel1_bgp_asn": "",
            "tunnel1_bgp_holdtime": 0,
            "tunnel1_cgw_inside_address": "169.254.188.230",
            "tunnel1_dpd_timeout_action": "",
            "tunnel1_dpd_timeout_seconds": 0,
            "tunnel1_enable_tunnel_lifecycle_control": false,
            "tunnel1_ike_versions": [],
            "tunnel1_inside_cidr": "169.254.188.228/30",
            "tunnel1_inside_ipv6_cidr": "",
            "tunnel1_log_options": [
              {
                "cloudwatch_log_options": [
                  {
                    "log_enabled": false,
                    "log_group_arn": "",
                    "log_output_format": ""
                  }
                ]
              }
            ],
            "tunnel1_phase1_dh_group_numbers": [],
            "tunnel1_phase1_encryption_algorithms": [],
            "tunnel1_phase1_integrity_algorithms": [],
            "tunnel1_phase1_lifetime_seconds": 0,
            "tunnel1_phase2_dh_group_numbers": [],
            "tunnel1_phase2_encryption_algorithms": [],
            "tunnel1_phase2_integrity_algorithms": [],
            "tunnel1_phase2_lifetime_seconds": 0,
            "tunnel1_preshared_key": "yjVfli37_mAlhLIZQVjNCbHAHFTN0HXG",
            "tunnel1_rekey_fuzz_percentage": 0,
            "tunnel1_rekey_margin_time_seconds": 0,
            "tunnel1_replay_window_size": 0,
            "tunnel1_startup_action": "",
            "tunnel1_vgw_inside_address": "169.254.188.229",
            "tunnel2_address": "44.207.29.239",
            "tunnel2_bgp_asn": "",
            "tunnel2_bgp_holdtime": 0,
            "tunnel2_cgw_inside_address": "169.254.97.106",
            "tunnel2_dpd_timeout_action": "",
            "tunnel2_dpd_timeout_seconds": 0,
            "tunnel2_enable_tunnel_lifecycle_control": false,
            "tunnel2_ike_versions": [],
            "tunnel2_inside_cidr": "169.254.97.104/30",
            "tunnel2_inside_ipv6_cidr": "",
            "tunnel2_log_options": [
              {
                "cloudwatch_log_options": [
                  {
                    "log_enabled": false,
                    "log_group_arn": "",
                    "log_output_format": ""
                  }
                ]
              }
            ],
            "tunnel2_phase1_dh_group_numbers": [],
            "tunnel2_phase1_encryption_algorithms": [],
            "tunnel2_phase1_integrity_algorithms": [],
            "tunnel2_phase1_lifetime_seconds": 0,
            "tunnel2_phase2_dh_group_numbers": [],
            "tunnel2_phase2_encryption_algorithms": [],
            "tunnel2_phase2_integrity_algorithms": [],
            "tunnel2_phase2_lifetime_seconds": 0,
            "tunnel2_preshared_key": "x3FIuTrIFWzhzbg4NX36B5z0lGrHA6A6",
            "tunnel2_rekey_fuzz_percentage": 0,
            "tunnel2_rekey_margin_time_seconds": 0,
            "tunnel2_replay_window_size": 0,
            "tunnel2_startup_action": "",
            "tunnel2_vgw_inside_address": "169.254.97.105",
            "tunnel_inside_ip_version": "ipv4",
            "type": "ipsec.1",
            "vgw_telemetry": [
              {
                "accepted_route_count": 1,
                "certificate_arn": "",
                "last_status_change": "2024-12-05T10:37:38Z",
                "outside_ip_address": "44.207.29.239",
                "status": "DOWN",
                "status_message": ""
              },
              {
                "accepted_route_count": 1,
                "certificate_arn": "",
                "last_status_change": "2024-12-05T10:37:39Z",
                "outside_ip_address": "3.208.14.218",
                "status": "DOWN",
                "status_message": ""
              }
            ],
            "vpn_gateway_id": "vgw-0d1a7dad5ef86af38"
          },
          "sensitive_attributes": [
            [
              {
                "type": "get_attr",
                "value": "tunnel1_preshared_key"
              }
            ],
            [
              {
                "type": "get_attr",
                "value": "tunnel2_preshared_key"
              }
            ],
            [
              {
                "type": "get_attr",
                "value": "customer_gateway_configuration"
              }
            ]
          ],
          "private": "bnVsbA==",
          "dependencies": [
            "aws_customer_gateway.My_cgw",
            "aws_vpn_gateway.onpremis_vpn_gateway",
            "module.EC2.aws_vpc.main"
          ]
        }
      ]
    },
    {
      "mode": "managed",
      "type": "aws_vpn_connection_route",
      "name": "strongswan_vpn_route",
      "provider": "provider[\"registry.terraform.io/hashicorp/aws\"]",
      "instances": [
        {
          "schema_version": 0,
          "attributes": {
            "destination_cidr_block": "192.168.1.0/24",
            "id": "192.168.1.0/24:vpn-0eeac752691ca339c",
            "vpn_connection_id": "vpn-0eeac752691ca339c"
          },
          "sensitive_attributes": [],
          "private": "bnVsbA==",
          "dependencies": [
            "aws_customer_gateway.My_cgw",
            "aws_vpn_connection.My_vpn_connection",
            "aws_vpn_gateway.onpremis_vpn_gateway",
            "module.EC2.aws_vpc.main"
          ]
        }
      ]
    },
    {
      "mode": "managed",
      "type": "aws_vpn_gateway",
      "name": "onpremis_vpn_gateway",
      "provider": "provider[\"registry.terraform.io/hashicorp/aws\"]",
      "instances": [
        {
          "schema_version": 0,
          "attributes": {
            "amazon_side_asn": "64512",
            "arn": "arn:aws:ec2:us-east-1:202533516001:vpn-gateway/vgw-0d1a7dad5ef86af38",
            "availability_zone": null,
            "id": "vgw-0d1a7dad5ef86af38",
            "tags": {},
            "tags_all": {},
            "vpc_id": "vpc-0b73b707445f4f093"
          },
          "sensitive_attributes": [],
          "private": "bnVsbA==",
          "dependencies": [
            "module.EC2.aws_vpc.main"
          ]
        }
      ]
    },
    {
      "module": "module.EC2",
      "mode": "managed",
      "type": "aws_iam_instance_profile",
      "name": "ec2_instance_profile_account1",
      "provider": "provider[\"registry.terraform.io/hashicorp/aws\"].default",
      "instances": [
        {
          "schema_version": 0,
          "attributes": {
            "arn": "arn:aws:iam::202533516001:instance-profile/CrossAccountEC2InstanceProfile_account1",
            "create_date": "2024-12-05T10:33:45Z",
            "id": "CrossAccountEC2InstanceProfile_account1",
            "name": "CrossAccountEC2InstanceProfile_account1",
            "name_prefix": "",
            "path": "/",
            "role": "CrossAccountEC2Role_account1",
            "tags": {},
            "tags_all": {},
            "unique_id": "AIPAS6J7QGLQ6RJQO6L4W"
          },
          "sensitive_attributes": [],
          "private": "bnVsbA==",
          "dependencies": [
            "module.EC2.aws_iam_role.cross_account_ec2_role_account1"
          ]
        }
      ]
    },
    {
      "module": "module.EC2",
      "mode": "managed",
      "type": "aws_iam_role",
      "name": "cross_account_ec2_role_account1",
      "provider": "provider[\"registry.terraform.io/hashicorp/aws\"].default",
      "instances": [
        {
          "schema_version": 0,
          "attributes": {
            "arn": "arn:aws:iam::202533516001:role/CrossAccountEC2Role_account1",
            "assume_role_policy": "{\"Statement\":[{\"Action\":\"sts:AssumeRole\",\"Effect\":\"Allow\",\"Principal\":{\"AWS\":\"arn:aws:iam::039612868338:root\"}}],\"Version\":\"2012-10-17\"}",
            "create_date": "2024-12-05T10:33:44Z",
            "description": "",
            "force_detach_policies": false,
            "id": "CrossAccountEC2Role_account1",
            "inline_policy": [],
            "managed_policy_arns": [
              "arn:aws:iam::aws:policy/AmazonEC2FullAccess"
            ],
            "max_session_duration": 3600,
            "name": "CrossAccountEC2Role_account1",
            "name_prefix": "",
            "path": "/",
            "permissions_boundary": "",
            "tags": {},
            "tags_all": {},
            "unique_id": "AROAS6J7QGLQRWDGY3DI3"
          },
          "sensitive_attributes": [],
          "private": "bnVsbA=="
        }
      ]
    },
    {
      "module": "module.EC2",
      "mode": "managed",
      "type": "aws_iam_role_policy_attachment",
      "name": "ec2_full_access_account1",
      "provider": "provider[\"registry.terraform.io/hashicorp/aws\"].default",
      "instances": [
        {
          "schema_version": 0,
          "attributes": {
            "id": "CrossAccountEC2Role_account1-20241205103345344100000001",
            "policy_arn": "arn:aws:iam::aws:policy/AmazonEC2FullAccess",
            "role": "CrossAccountEC2Role_account1"
          },
          "sensitive_attributes": [],
          "private": "bnVsbA==",
          "dependencies": [
            "module.EC2.aws_iam_role.cross_account_ec2_role_account1"
          ]
        }
      ]
    },
    {
      "module": "module.EC2",
      "mode": "managed",
      "type": "aws_instance",
      "name": "ubuntu_instance",
      "provider": "provider[\"registry.terraform.io/hashicorp/aws\"].default",
      "instances": [
        {
          "schema_version": 1,
          "attributes": {
            "ami": "ami-02b64affdd5de5d46",
            "arn": "arn:aws:ec2:us-east-1:202533516001:instance/i-02962785ce7f76522",
            "associate_public_ip_address": true,
            "availability_zone": "us-east-1a",
            "capacity_reservation_specification": [
              {
                "capacity_reservation_preference": "open",
                "capacity_reservation_target": []
              }
            ],
            "cpu_core_count": 1,
            "cpu_options": [
              {
                "amd_sev_snp": "",
                "core_count": 1,
                "threads_per_core": 1
              }
            ],
            "cpu_threads_per_core": 1,
            "credit_specification": [
              {
                "cpu_credits": "standard"
              }
            ],
            "disable_api_stop": false,
            "disable_api_termination": false,
            "ebs_block_device": [],
            "ebs_optimized": false,
            "enclave_options": [
              {
                "enabled": false
              }
            ],
            "ephemeral_block_device": [],
            "get_password_data": false,
            "hibernation": false,
            "host_id": "",
            "host_resource_group_arn": null,
            "iam_instance_profile": "CrossAccountEC2InstanceProfile_account1",
            "id": "i-02962785ce7f76522",
            "instance_initiated_shutdown_behavior": "stop",
            "instance_lifecycle": "",
            "instance_market_options": [],
            "instance_state": "running",
            "instance_type": "t2.micro",
            "ipv6_address_count": 0,
            "ipv6_addresses": [],
            "key_name": "backend_server_key",
            "launch_template": [],
            "maintenance_options": [
              {
                "auto_recovery": "default"
              }
            ],
            "metadata_options": [
              {
                "http_endpoint": "enabled",
                "http_protocol_ipv6": "disabled",
                "http_put_response_hop_limit": 2,
                "http_tokens": "required",
                "instance_metadata_tags": "disabled"
              }
            ],
            "monitoring": false,
            "network_interface": [],
            "outpost_arn": "",
            "password_data": "",
            "placement_group": "",
            "placement_partition_number": 0,
            "primary_network_interface_id": "eni-0785038cc61435080",
            "private_dns": "ip-10-0-1-234.ec2.internal",
            "private_dns_name_options": [
              {
                "enable_resource_name_dns_a_record": false,
                "enable_resource_name_dns_aaaa_record": false,
                "hostname_type": "ip-name"
              }
            ],
            "private_ip": "10.0.1.234",
            "public_dns": "ec2-3-93-37-46.compute-1.amazonaws.com",
            "public_ip": "3.93.37.46",
            "root_block_device": [
              {
                "delete_on_termination": true,
                "device_name": "/dev/sda1",
                "encrypted": false,
                "iops": 3000,
                "kms_key_id": "",
                "tags": {},
                "tags_all": {},
                "throughput": 125,
                "volume_id": "vol-00f31c4faf63fae84",
                "volume_size": 20,
                "volume_type": "gp3"
              }
            ],
            "secondary_private_ips": [],
            "security_groups": [],
            "source_dest_check": true,
            "spot_instance_request_id": "",
            "subnet_id": "subnet-022b7844f0de854ad",
            "tags": {
              "Name": "Backed_End_Server"
            },
            "tags_all": {
              "Name": "Backed_End_Server"
            },
            "tenancy": "default",
            "timeouts": null,
            "user_data": null,
            "user_data_base64": null,
            "user_data_replace_on_change": false,
            "volume_tags": null,
            "vpc_security_group_ids": [
              "sg-02479136f993fcc52"
            ]
          },
          "sensitive_attributes": [],
          "private": "eyJlMmJmYjczMC1lY2FhLTExZTYtOGY4OC0zNDM2M2JjN2M0YzAiOnsiY3JlYXRlIjo2MDAwMDAwMDAwMDAsImRlbGV0ZSI6MTIwMDAwMDAwMDAwMCwicmVhZCI6OTAwMDAwMDAwMDAwLCJ1cGRhdGUiOjYwMDAwMDAwMDAwMH0sInNjaGVtYV92ZXJzaW9uIjoiMSJ9",
          "dependencies": [
            "module.EC2.aws_iam_instance_profile.ec2_instance_profile_account1",
            "module.EC2.aws_iam_role.cross_account_ec2_role_account1",
            "module.EC2.aws_key_pair.backend_server_key",
            "module.EC2.aws_security_group.backed_server_sg",
            "module.EC2.aws_subnet.public",
            "module.EC2.aws_vpc.main",
            "module.EC2.tls_private_key.ssh_local"
          ]
        }
      ]
    },
    {
      "module": "module.EC2",
      "mode": "managed",
      "type": "aws_internet_gateway",
      "name": "main",
      "provider": "provider[\"registry.terraform.io/hashicorp/aws\"].default",
      "instances": [
        {
          "schema_version": 0,
          "attributes": {
            "arn": "arn:aws:ec2:us-east-1:202533516001:internet-gateway/igw-014c91a50cbe6e036",
            "id": "igw-014c91a50cbe6e036",
            "owner_id": "202533516001",
            "tags": {
              "Name": "Back_End_Vpc-igw"
            },
            "tags_all": {
              "Name": "Back_End_Vpc-igw"
            },
            "timeouts": null,
            "vpc_id": "vpc-0b73b707445f4f093"
          },
          "sensitive_attributes": [],
          "private": "eyJlMmJmYjczMC1lY2FhLTExZTYtOGY4OC0zNDM2M2JjN2M0YzAiOnsiY3JlYXRlIjoxMjAwMDAwMDAwMDAwLCJkZWxldGUiOjEyMDAwMDAwMDAwMDAsInVwZGF0ZSI6MTIwMDAwMDAwMDAwMH19",
          "dependencies": [
            "module.EC2.aws_vpc.main"
          ]
        }
      ]
    },
    {
      "module": "module.EC2",
      "mode": "managed",
      "type": "aws_key_pair",
      "name": "backend_server_key",
      "provider": "provider[\"registry.terraform.io/hashicorp/aws\"].default",
      "instances": [
        {
          "schema_version": 1,
          "attributes": {
            "arn": "arn:aws:ec2:us-east-1:202533516001:key-pair/backend_server_key",
            "fingerprint": "88:08:6a:cb:cc:67:a7:69:4a:52:98:db:40:77:c8:00",
            "id": "backend_server_key",
            "key_name": "backend_server_key",
            "key_name_prefix": "",
            "key_pair_id": "key-04f5808b124c27d31",
            "key_type": "rsa",
            "public_key": "ssh-rsa AAAAB3NzaC1yc2EAAAADAQABAAABAQDJX1JWm9H0VGDwUaV5ld5Lp4Tx5Bq8Jd0AfXek1VkTNegtnym8dU1DJpsi6hTrl1t/1rz4pStLclGDHcR3CTPTok94A80zB79XhomisfYofWn4+i0bLfREQZ2GkYkypDPP1+9CsJOxSy1RzYRIy5LlwK+l9wCWMlxLP2VOlCNffCM8pBLcxJc6TBXKF94kuUocCHYtDd0Py7+i6f2A0JVRfjVxy2wuDA+osD0gm6Z0/yjdNvpNnEaAXxKu4jfwsuIoeh82gtpUkmpeE6FNJTo3+GzOpcNz7mBrbLLIhhXsPrLv4YcH3zqz3x8lhOgn24NexqnlfZGa3Xv6th/m8c77",
            "tags": {},
            "tags_all": {}
          },
          "sensitive_attributes": [],
          "private": "eyJzY2hlbWFfdmVyc2lvbiI6IjEifQ==",
          "dependencies": [
            "module.EC2.tls_private_key.ssh_local"
          ]
        }
      ]
    },
    {
      "module": "module.EC2",
      "mode": "managed",
      "type": "aws_route_table",
      "name": "public",
      "provider": "provider[\"registry.terraform.io/hashicorp/aws\"].default",
      "instances": [
        {
          "schema_version": 0,
          "attributes": {
            "arn": "arn:aws:ec2:us-east-1:202533516001:route-table/rtb-095811e461ef300d1",
            "id": "rtb-095811e461ef300d1",
            "owner_id": "202533516001",
            "propagating_vgws": [],
            "route": [
              {
                "carrier_gateway_id": null,
                "cidr_block": "0.0.0.0/0",
                "core_network_arn": null,
                "destination_prefix_list_id": null,
                "egress_only_gateway_id": null,
                "gateway_id": "igw-014c91a50cbe6e036",
                "ipv6_cidr_block": null,
                "local_gateway_id": null,
                "nat_gateway_id": null,
                "network_interface_id": null,
                "transit_gateway_id": null,
                "vpc_endpoint_id": null,
                "vpc_peering_connection_id": null
              }
            ],
            "tags": {
              "Name": "Back_End_Vpc-public-rt"
            },
            "tags_all": {
              "Name": "Back_End_Vpc-public-rt"
            },
            "timeouts": null,
            "vpc_id": "vpc-0b73b707445f4f093"
          },
          "sensitive_attributes": [],
          "private": "eyJlMmJmYjczMC1lY2FhLTExZTYtOGY4OC0zNDM2M2JjN2M0YzAiOnsiY3JlYXRlIjozMDAwMDAwMDAwMDAsImRlbGV0ZSI6MzAwMDAwMDAwMDAwLCJ1cGRhdGUiOjEyMDAwMDAwMDAwMH19",
          "dependencies": [
            "module.EC2.aws_internet_gateway.main",
            "module.EC2.aws_vpc.main"
          ]
        }
      ]
    },
    {
      "module": "module.EC2",
      "mode": "managed",
      "type": "aws_route_table_association",
      "name": "public",
      "provider": "provider[\"registry.terraform.io/hashicorp/aws\"].default",
      "instances": [
        {
          "schema_version": 0,
          "attributes": {
            "gateway_id": "",
            "id": "rtbassoc-045a5dc1ad3ca1a08",
            "route_table_id": "rtb-095811e461ef300d1",
            "subnet_id": "subnet-022b7844f0de854ad",
            "timeouts": null
          },
          "sensitive_attributes": [],
          "private": "eyJlMmJmYjczMC1lY2FhLTExZTYtOGY4OC0zNDM2M2JjN2M0YzAiOnsiY3JlYXRlIjozMDAwMDAwMDAwMDAsImRlbGV0ZSI6MzAwMDAwMDAwMDAwLCJ1cGRhdGUiOjEyMDAwMDAwMDAwMH19",
          "dependencies": [
            "module.EC2.aws_internet_gateway.main",
            "module.EC2.aws_route_table.public",
            "module.EC2.aws_subnet.public",
            "module.EC2.aws_vpc.main"
          ]
        }
      ]
    },
    {
      "module": "module.EC2",
      "mode": "managed",
      "type": "aws_security_group",
      "name": "backed_server_sg",
      "provider": "provider[\"registry.terraform.io/hashicorp/aws\"].default",
      "instances": [
        {
          "schema_version": 1,
          "attributes": {
            "arn": "arn:aws:ec2:us-east-1:202533516001:security-group/sg-02479136f993fcc52",
            "description": "Managed by Terraform",
            "egress": [
              {
                "cidr_blocks": [
                  "0.0.0.0/0"
                ],
                "description": "",
                "from_port": 0,
                "ipv6_cidr_blocks": [],
                "prefix_list_ids": [],
                "protocol": "-1",
                "security_groups": [],
                "self": false,
                "to_port": 0
              }
            ],
            "id": "sg-02479136f993fcc52",
            "ingress": [
              {
                "cidr_blocks": [
                  "0.0.0.0/0"
                ],
                "description": "",
                "from_port": 1194,
                "ipv6_cidr_blocks": [],
                "prefix_list_ids": [],
                "protocol": "udp",
                "security_groups": [],
                "self": false,
                "to_port": 1194
              },
              {
                "cidr_blocks": [
                  "0.0.0.0/0"
                ],
                "description": "Allow HTTP",
                "from_port": 443,
                "ipv6_cidr_blocks": [],
                "prefix_list_ids": [],
                "protocol": "tcp",
                "security_groups": [],
                "self": false,
                "to_port": 443
              },
              {
                "cidr_blocks": [
                  "0.0.0.0/0"
                ],
                "description": "Allow HTTP",
                "from_port": 80,
                "ipv6_cidr_blocks": [],
                "prefix_list_ids": [],
                "protocol": "tcp",
                "security_groups": [],
                "self": false,
                "to_port": 80
              },
              {
                "cidr_blocks": [
                  "0.0.0.0/0"
                ],
                "description": "Allow SSH",
                "from_port": 22,
                "ipv6_cidr_blocks": [],
                "prefix_list_ids": [],
                "protocol": "tcp",
                "security_groups": [],
                "self": false,
                "to_port": 22
              },
              {
                "cidr_blocks": [
                  "172.31.0.0/16"
                ],
                "description": "Allow HTTP",
                "from_port": 3306,
                "ipv6_cidr_blocks": [],
                "prefix_list_ids": [],
                "protocol": "tcp",
                "security_groups": [],
                "self": false,
                "to_port": 3306
              }
            ],
            "name": "Backend_Server_SG",
            "name_prefix": "",
            "owner_id": "202533516001",
            "revoke_rules_on_delete": false,
            "tags": {},
            "tags_all": {},
            "timeouts": null,
            "vpc_id": "vpc-0b73b707445f4f093"
          },
          "sensitive_attributes": [],
          "private": "eyJlMmJmYjczMC1lY2FhLTExZTYtOGY4OC0zNDM2M2JjN2M0YzAiOnsiY3JlYXRlIjo2MDAwMDAwMDAwMDAsImRlbGV0ZSI6OTAwMDAwMDAwMDAwfSwic2NoZW1hX3ZlcnNpb24iOiIxIn0=",
          "dependencies": [
            "module.EC2.aws_vpc.main"
          ]
        }
      ]
    },
    {
      "module": "module.EC2",
      "mode": "managed",
      "type": "aws_subnet",
      "name": "public",
      "provider": "provider[\"registry.terraform.io/hashicorp/aws\"].default",
      "instances": [
        {
          "schema_version": 1,
          "attributes": {
            "arn": "arn:aws:ec2:us-east-1:202533516001:subnet/subnet-022b7844f0de854ad",
            "assign_ipv6_address_on_creation": false,
            "availability_zone": "us-east-1a",
            "availability_zone_id": "use1-az1",
            "cidr_block": "10.0.1.0/24",
            "customer_owned_ipv4_pool": "",
            "enable_dns64": false,
            "enable_lni_at_device_index": 0,
            "enable_resource_name_dns_a_record_on_launch": false,
            "enable_resource_name_dns_aaaa_record_on_launch": false,
            "id": "subnet-022b7844f0de854ad",
            "ipv6_cidr_block": "",
            "ipv6_cidr_block_association_id": "",
            "ipv6_native": false,
            "map_customer_owned_ip_on_launch": false,
            "map_public_ip_on_launch": false,
            "outpost_arn": "",
            "owner_id": "202533516001",
            "private_dns_hostname_type_on_launch": "ip-name",
            "tags": {
              "Name": "Backed_End_Server_Subnet"
            },
            "tags_all": {
              "Name": "Backed_End_Server_Subnet"
            },
            "timeouts": null,
            "vpc_id": "vpc-0b73b707445f4f093"
          },
          "sensitive_attributes": [],
          "private": "eyJlMmJmYjczMC1lY2FhLTExZTYtOGY4OC0zNDM2M2JjN2M0YzAiOnsiY3JlYXRlIjo2MDAwMDAwMDAwMDAsImRlbGV0ZSI6MTIwMDAwMDAwMDAwMH0sInNjaGVtYV92ZXJzaW9uIjoiMSJ9",
          "dependencies": [
            "module.EC2.aws_vpc.main"
          ]
        }
      ]
    },
    {
      "module": "module.EC2",
      "mode": "managed",
      "type": "aws_vpc",
      "name": "main",
      "provider": "provider[\"registry.terraform.io/hashicorp/aws\"].default",
      "instances": [
        {
          "schema_version": 1,
          "attributes": {
            "arn": "arn:aws:ec2:us-east-1:202533516001:vpc/vpc-0b73b707445f4f093",
            "assign_generated_ipv6_cidr_block": false,
            "cidr_block": "10.0.0.0/16",
            "default_network_acl_id": "acl-0c77bbdd7dd3c72af",
            "default_route_table_id": "rtb-0ce604b7e7c671026",
            "default_security_group_id": "sg-06fae4700e406ce57",
            "dhcp_options_id": "dopt-0230fedc105081ee8",
            "enable_dns_hostnames": true,
            "enable_dns_support": true,
            "enable_network_address_usage_metrics": false,
            "id": "vpc-0b73b707445f4f093",
            "instance_tenancy": "default",
            "ipv4_ipam_pool_id": null,
            "ipv4_netmask_length": null,
            "ipv6_association_id": "",
            "ipv6_cidr_block": "",
            "ipv6_cidr_block_network_border_group": "",
            "ipv6_ipam_pool_id": "",
            "ipv6_netmask_length": 0,
            "main_route_table_id": "rtb-0ce604b7e7c671026",
            "owner_id": "202533516001",
            "tags": {
              "Name": "Back_End_Vpc"
            },
            "tags_all": {
              "Name": "Back_End_Vpc"
            }
          },
          "sensitive_attributes": [],
          "private": "eyJzY2hlbWFfdmVyc2lvbiI6IjEifQ=="
        }
      ]
    },
    {
      "module": "module.EC2",
      "mode": "managed",
      "type": "tls_private_key",
      "name": "ssh_local",
      "provider": "provider[\"registry.terraform.io/hashicorp/tls\"]",
      "instances": [
        {
          "schema_version": 1,
          "attributes": {
            "algorithm": "RSA",
            "ecdsa_curve": "P224",
            "id": "72dfff735702a1efc53b3f657b0a34c5f23ad946",
            "private_key_openssh": "-----BEGIN OPENSSH PRIVATE KEY-----\nb3BlbnNzaC1rZXktdjEAAAAABG5vbmUAAAAEbm9uZQAAAAAAAAABAAABFwAAAAdz\nc2gtcnNhAAAAAwEAAQAAAQEAyV9SVpvR9FRg8FGleZXeS6eE8eQavCXdAH13pNVZ\nEzXoLZ8pvHVNQyabIuoU65dbf9a8+KUrS3JRgx3Edwkz06JPeAPNMwe/V4aJorH2\nKH1p+PotGy30REGdhpGJMqQzz9fvQrCTsUstUc2ESMuS5cCvpfcAljJcSz9lTpQj\nX3wjPKQS3MSXOkwVyhfeJLlKHAh2LQ3dD8u/oun9gNCVUX41cctsLgwPqLA9IJum\ndP8o3Tb6TZxGgF8SruI38LLiKHofNoLaVJJqXhOhTSU6N/hszqXDc+5ga2yyyIYV\n7D6y7+GHB986s98fJYToJ9uDXsap5X2Rmt17+rYf5vHO+wAAA7hoZ7VLaGe1SwAA\nAAdzc2gtcnNhAAABAQDJX1JWm9H0VGDwUaV5ld5Lp4Tx5Bq8Jd0AfXek1VkTNegt\nnym8dU1DJpsi6hTrl1t/1rz4pStLclGDHcR3CTPTok94A80zB79XhomisfYofWn4\n+i0bLfREQZ2GkYkypDPP1+9CsJOxSy1RzYRIy5LlwK+l9wCWMlxLP2VOlCNffCM8\npBLcxJc6TBXKF94kuUocCHYtDd0Py7+i6f2A0JVRfjVxy2wuDA+osD0gm6Z0/yjd\nNvpNnEaAXxKu4jfwsuIoeh82gtpUkmpeE6FNJTo3+GzOpcNz7mBrbLLIhhXsPrLv\n4YcH3zqz3x8lhOgn24NexqnlfZGa3Xv6th/m8c77AAAAAwEAAQAAAQBeD1xSgC4t\nxkwRdNGqXUqcY/9BTZ7/S2BTnkeIgu88fe2ZgcLo+JHCUAIe6OAku2pN6GwUaHI0\np41ThVADmhTPQf2EvaHXuEK0C2+2wxGMECiz14fCLlDuoQeHl+tR8EkTSHXF3Nzf\n75GXqDumFRDkqIBjMWDgx108+LvFXIS5UFqiuL6vc3D9wWe6WXaFjNC9VOEl5nEQ\nyHdGDD0I7SlsGiCXRbGr/73/0L6KRhTlGyNUhF9aNk8Ed3pXQah8nwI+PBHYtxVD\nDm9hgJzJnIK2mJDl64Sx1h3tnqdKf11gXoyN+J58Manhe/8MLXDLPRiuiyuTEmzL\njU2oClNzhkJBAAAAgQCcDOtPwCYnb1Y3Xer517OZCfuYF324vY8Ry7yQBsgl5Vjd\nxflQjx0+ozPzsGxB2ZwMJu4WPj4emF8kOuMlG9kDeSXRU6pPSrT3oA1skbx+qN5F\nQy6eJl57UM/kc5f5FGRgT4vDfHxw8aSZGQ43AeRE7X26vGH/FTd5RRIiHz/RpAAA\nAIEA6aTVSzx4AW53gQlh4u6j8jHrlMGbHov8tOdg8v0vnf4hcqHTrYbv9oB+SOVU\nfR1sGBnudkKHQx76P2l1MtTfJl86w/TEWcqzmy8nrlzZveJjMT1PbJjgbu0dagof\nxaGrkOnQIhbp3c390xRqWkDxOotfNAcLKHsdNRd+aOwGQwMAAACBANyj/TKq4qRw\nDe/gC1/OdTpkkCpJOzlri0UVWut+07EI3vI77aJ5EcdW+FTySGf4EmBHUQv/7dT1\n9keoVxybC5KY/ez+9+Mq30pqw/S59a5q9tAz8FNU/jkuUtsU+18/AFeste+Fi9de\ndHoPdeaTI2LJZ08UnubIXBTM32AGlIapAAAAAAEC\n-----END OPENSSH PRIVATE KEY-----\n",
            "private_key_pem": "-----BEGIN RSA PRIVATE KEY-----\nMIIEpAIBAAKCAQEAyV9SVpvR9FRg8FGleZXeS6eE8eQavCXdAH13pNVZEzXoLZ8p\nvHVNQyabIuoU65dbf9a8+KUrS3JRgx3Edwkz06JPeAPNMwe/V4aJorH2KH1p+Pot\nGy30REGdhpGJMqQzz9fvQrCTsUstUc2ESMuS5cCvpfcAljJcSz9lTpQjX3wjPKQS\n3MSXOkwVyhfeJLlKHAh2LQ3dD8u/oun9gNCVUX41cctsLgwPqLA9IJumdP8o3Tb6\nTZxGgF8SruI38LLiKHofNoLaVJJqXhOhTSU6N/hszqXDc+5ga2yyyIYV7D6y7+GH\nB986s98fJYToJ9uDXsap5X2Rmt17+rYf5vHO+wIDAQABAoIBAF4PXFKALi3GTBF0\n0apdSpxj/0FNnv9LYFOeR4iC7zx97ZmBwuj4kcJQAh7o4CS7ak3obBRocjSnjVOF\nUAOaFM9B/YS9ode4QrQLb7bDEYwQKLPXh8IuUO6hB4eX61HwSRNIdcXc3N/vkZeo\nO6YVEOSogGMxYODHXTz4u8VchLlQWqK4vq9zcP3BZ7pZdoWM0L1U4SXmcRDId0YM\nPQjtKWwaIJdFsav/vf/QvopGFOUbI1SEX1o2TwR3eldBqHyfAj48Edi3FUMOb2GA\nnMmcgraYkOXrhLHWHe2ep0p/XWBejI34nnwxqeF7/wwtcMs9GK6LK5MSbMuNTagK\nU3OGQkECgYEA6aTVSzx4AW53gQlh4u6j8jHrlMGbHov8tOdg8v0vnf4hcqHTrYbv\n9oB+SOVUfR1sGBnudkKHQx76P2l1MtTfJl86w/TEWcqzmy8nrlzZveJjMT1PbJjg\nbu0dagofxaGrkOnQIhbp3c390xRqWkDxOotfNAcLKHsdNRd+aOwGQwMCgYEA3KP9\nMqripHAN7+ALX851OmSQKkk7OWuLRRVa637TsQje8jvtonkRx1b4VPJIZ/gSYEdR\nC//t1PX2R6hXHJsLkpj97P734yrfSmrD9Ln1rmr20DPwU1T+OS5S2xT7Xz8AV6y1\n74WL1150eg915pMjYslnTxSe5shcFMzfYAaUhqkCgYEA0TzHs1gU1JtcNFf1rKgw\ndF6WbiKwSzvsdQndPd7V/PSweZtJGVcFoUjTT27pKh7mRfM7JfdQcSDV1WIZDgur\nSA7ybrjN+ufXzvr8217VtQJ/+IHCliuWmmCI/gTRDUlKfz2VImJI0FWAob7fu7H7\nFoXoHYzNRlRzBK/kigwNU4cCgYAHwALeyr3XRNBYgqgjn17ixDGEKrpX0/06Wfut\nlfDdoRAjthMsx8/mDpn+cdw1OrN6ikbAgybZeiJCdhlJOfD4H0OcFYCjjBf3xzRG\n3llQ3RT6Tzi71Jpxa70hUOVbfR0H91sUpL46vGie+PgNN1Hg4G4uiuzh8lu5p1CZ\nUOHasQKBgQCcDOtPwCYnb1Y3Xer517OZCfuYF324vY8Ry7yQBsgl5VjdxflQjx0+\nozPzsGxB2ZwMJu4WPj4emF8kOuMlG9kDeSXRU6pPSrT3oA1skbx+qN5FQy6eJl57\nUM/kc5f5FGRgT4vDfHxw8aSZGQ43AeRE7X26vGH/FTd5RRIiHz/RpA==\n-----END RSA PRIVATE KEY-----\n",
            "private_key_pem_pkcs8": "-----BEGIN PRIVATE KEY-----\nMIIEvgIBADANBgkqhkiG9w0BAQEFAASCBKgwggSkAgEAAoIBAQDJX1JWm9H0VGDw\nUaV5ld5Lp4Tx5Bq8Jd0AfXek1VkTNegtnym8dU1DJpsi6hTrl1t/1rz4pStLclGD\nHcR3CTPTok94A80zB79XhomisfYofWn4+i0bLfREQZ2GkYkypDPP1+9CsJOxSy1R\nzYRIy5LlwK+l9wCWMlxLP2VOlCNffCM8pBLcxJc6TBXKF94kuUocCHYtDd0Py7+i\n6f2A0JVRfjVxy2wuDA+osD0gm6Z0/yjdNvpNnEaAXxKu4jfwsuIoeh82gtpUkmpe\nE6FNJTo3+GzOpcNz7mBrbLLIhhXsPrLv4YcH3zqz3x8lhOgn24NexqnlfZGa3Xv6\nth/m8c77AgMBAAECggEAXg9cUoAuLcZMEXTRql1KnGP/QU2e/0tgU55HiILvPH3t\nmYHC6PiRwlACHujgJLtqTehsFGhyNKeNU4VQA5oUz0H9hL2h17hCtAtvtsMRjBAo\ns9eHwi5Q7qEHh5frUfBJE0h1xdzc3++Rl6g7phUQ5KiAYzFg4MddPPi7xVyEuVBa\nori+r3Nw/cFnull2hYzQvVThJeZxEMh3Rgw9CO0pbBogl0Wxq/+9/9C+ikYU5Rsj\nVIRfWjZPBHd6V0GofJ8CPjwR2LcVQw5vYYCcyZyCtpiQ5euEsdYd7Z6nSn9dYF6M\njfiefDGp4Xv/DC1wyz0YrosrkxJsy41NqApTc4ZCQQKBgQDppNVLPHgBbneBCWHi\n7qPyMeuUwZsei/y052Dy/S+d/iFyodOthu/2gH5I5VR9HWwYGe52QodDHvo/aXUy\n1N8mXzrD9MRZyrObLyeuXNm94mMxPU9smOBu7R1qCh/FoauQ6dAiFundzf3TFGpa\nQPE6i180Bwsoex01F35o7AZDAwKBgQDco/0yquKkcA3v4AtfznU6ZJAqSTs5a4tF\nFVrrftOxCN7yO+2ieRHHVvhU8khn+BJgR1EL/+3U9fZHqFccmwuSmP3s/vfjKt9K\nasP0ufWuavbQM/BTVP45LlLbFPtfPwBXrLXvhYvXXnR6D3XmkyNiyWdPFJ7myFwU\nzN9gBpSGqQKBgQDRPMezWBTUm1w0V/WsqDB0XpZuIrBLO+x1Cd093tX89LB5m0kZ\nVwWhSNNPbukqHuZF8zsl91BxINXVYhkOC6tIDvJuuM3659fO+vzbXtW1An/4gcKW\nK5aaYIj+BNENSUp/PZUiYkjQVYChvt+7sfsWhegdjM1GVHMEr+SKDA1ThwKBgAfA\nAt7KvddE0FiCqCOfXuLEMYQqulfT/TpZ+62V8N2hECO2EyzHz+YOmf5x3DU6s3qK\nRsCDJtl6IkJ2GUk58PgfQ5wVgKOMF/fHNEbeWVDdFPpPOLvUmnFrvSFQ5Vt9HQf3\nWxSkvjq8aJ74+A03UeDgbi6K7OHyW7mnUJlQ4dqxAoGBAJwM60/AJidvVjdd6vnX\ns5kJ+5gXfbi9jxHLvJAGyCXlWN3F+VCPHT6jM/OwbEHZnAwm7hY+Ph6YXyQ64yUb\n2QN5JdFTqk9KtPegDWyRvH6o3kVDLp4mXntQz+Rzl/kUZGBPi8N8fHDxpJkZDjcB\n5ETtfbq8Yf8VN3lFEiIfP9Gk\n-----END PRIVATE KEY-----\n",
            "public_key_fingerprint_md5": "68:f8:d2:de:0f:49:1a:29:a2:52:04:97:3f:fe:63:c4",
            "public_key_fingerprint_sha256": "SHA256:vOzHMuJ4cva4yZ72IAYREYDnUFX/2bvipTa9Hc7HHAk",
            "public_key_openssh": "ssh-rsa AAAAB3NzaC1yc2EAAAADAQABAAABAQDJX1JWm9H0VGDwUaV5ld5Lp4Tx5Bq8Jd0AfXek1VkTNegtnym8dU1DJpsi6hTrl1t/1rz4pStLclGDHcR3CTPTok94A80zB79XhomisfYofWn4+i0bLfREQZ2GkYkypDPP1+9CsJOxSy1RzYRIy5LlwK+l9wCWMlxLP2VOlCNffCM8pBLcxJc6TBXKF94kuUocCHYtDd0Py7+i6f2A0JVRfjVxy2wuDA+osD0gm6Z0/yjdNvpNnEaAXxKu4jfwsuIoeh82gtpUkmpeE6FNJTo3+GzOpcNz7mBrbLLIhhXsPrLv4YcH3zqz3x8lhOgn24NexqnlfZGa3Xv6th/m8c77\n",
            "public_key_pem": "-----BEGIN PUBLIC KEY-----\nMIIBIjANBgkqhkiG9w0BAQEFAAOCAQ8AMIIBCgKCAQEAyV9SVpvR9FRg8FGleZXe\nS6eE8eQavCXdAH13pNVZEzXoLZ8pvHVNQyabIuoU65dbf9a8+KUrS3JRgx3Edwkz\n06JPeAPNMwe/V4aJorH2KH1p+PotGy30REGdhpGJMqQzz9fvQrCTsUstUc2ESMuS\n5cCvpfcAljJcSz9lTpQjX3wjPKQS3MSXOkwVyhfeJLlKHAh2LQ3dD8u/oun9gNCV\nUX41cctsLgwPqLA9IJumdP8o3Tb6TZxGgF8SruI38LLiKHofNoLaVJJqXhOhTSU6\nN/hszqXDc+5ga2yyyIYV7D6y7+GHB986s98fJYToJ9uDXsap5X2Rmt17+rYf5vHO\n+wIDAQAB\n-----END PUBLIC KEY-----\n",
            "rsa_bits": 2048
          },
          "sensitive_attributes": [
            [
              {
                "type": "get_attr",
                "value": "private_key_pem_pkcs8"
              }
            ],
            [
              {
                "type": "get_attr",
                "value": "private_key_pem"
              }
            ],
            [
              {
                "type": "get_attr",
                "value": "private_key_openssh"
              }
            ]
          ]
        }
      ]
    },
    {
      "module": "module.RDS",
      "mode": "managed",
      "type": "aws_db_instance",
      "name": "my_rds_instance",
      "provider": "module.RDS.provider[\"registry.terraform.io/hashicorp/aws\"].account2",
      "instances": [
        {
          "schema_version": 2,
          "attributes": {
            "address": "terraform-20241205103401960800000003.c10eikqscxla.us-east-1.rds.amazonaws.com",
            "allocated_storage": 20,
            "allow_major_version_upgrade": null,
            "apply_immediately": false,
            "arn": "arn:aws:rds:us-east-1:039612868338:db:terraform-20241205103401960800000003",
            "auto_minor_version_upgrade": true,
            "availability_zone": "us-east-1b",
            "backup_retention_period": 0,
            "backup_target": "region",
            "backup_window": "07:03-07:33",
            "blue_green_update": [],
            "ca_cert_identifier": "rds-ca-rsa2048-g1",
            "character_set_name": "",
            "copy_tags_to_snapshot": false,
            "custom_iam_instance_profile": "",
            "customer_owned_ip_enabled": false,
            "db_name": "mydb",
            "db_subnet_group_name": "rds-subnet-group",
            "dedicated_log_volume": false,
            "delete_automated_backups": true,
            "deletion_protection": false,
            "domain": "",
            "domain_auth_secret_arn": "",
            "domain_dns_ips": [],
            "domain_fqdn": "",
            "domain_iam_role_name": "",
            "domain_ou": "",
            "enabled_cloudwatch_logs_exports": [],
            "endpoint": "terraform-20241205103401960800000003.c10eikqscxla.us-east-1.rds.amazonaws.com:3306",
            "engine": "mysql",
            "engine_lifecycle_support": "open-source-rds-extended-support",
            "engine_version": "8.0",
            "engine_version_actual": "8.0.39",
            "final_snapshot_identifier": null,
            "hosted_zone_id": "Z2R2ITUGPM61AM",
            "iam_database_authentication_enabled": false,
            "id": "db-UJSKPBZPGNCFT5NP7Z6CJ5PNMI",
            "identifier": "terraform-20241205103401960800000003",
            "identifier_prefix": "terraform-",
            "instance_class": "db.t3.micro",
            "iops": 0,
            "kms_key_id": "",
            "latest_restorable_time": "",
            "license_model": "general-public-license",
            "listener_endpoint": [],
            "maintenance_window": "sun:05:30-sun:06:00",
            "manage_master_user_password": null,
            "master_user_secret": [],
            "master_user_secret_kms_key_id": null,
            "max_allocated_storage": 0,
            "monitoring_interval": 0,
            "monitoring_role_arn": "",
            "multi_az": false,
            "nchar_character_set_name": "",
            "network_type": "IPV4",
            "option_group_name": "default:mysql-8-0",
            "parameter_group_name": "default.mysql8.0",
            "password": "TheNewPasswordNov#2",
            "performance_insights_enabled": false,
            "performance_insights_kms_key_id": "",
            "performance_insights_retention_period": 0,
            "port": 3306,
            "publicly_accessible": false,
            "replica_mode": "",
            "replicas": [],
            "replicate_source_db": "",
            "resource_id": "db-UJSKPBZPGNCFT5NP7Z6CJ5PNMI",
            "restore_to_point_in_time": [],
            "s3_import": [],
            "skip_final_snapshot": true,
            "snapshot_identifier": null,
            "status": "available",
            "storage_encrypted": false,
            "storage_throughput": 0,
            "storage_type": "gp2",
            "tags": {
              "Name": "My RDS Instance"
            },
            "tags_all": {
              "Name": "My RDS Instance"
            },
            "timeouts": null,
            "timezone": "",
            "upgrade_storage_config": null,
            "username": "admin",
            "vpc_security_group_ids": [
              "sg-0936162a667b77e57"
            ]
          },
          "sensitive_attributes": [
            [
              {
                "type": "get_attr",
                "value": "password"
              }
            ]
          ],
          "private": "eyJlMmJmYjczMC1lY2FhLTExZTYtOGY4OC0zNDM2M2JjN2M0YzAiOnsiY3JlYXRlIjoyNDAwMDAwMDAwMDAwLCJkZWxldGUiOjM2MDAwMDAwMDAwMDAsInVwZGF0ZSI6NDgwMDAwMDAwMDAwMH0sInNjaGVtYV92ZXJzaW9uIjoiMiJ9",
          "dependencies": [
            "module.RDS.aws_db_subnet_group.rds_subnet_group",
            "module.RDS.aws_security_group.rds_sg",
            "module.RDS.aws_subnet.private_subnet_1",
            "module.RDS.aws_subnet.private_subnet_2",
            "module.RDS.aws_vpc.my_vpc"
          ]
        }
      ]
    },
    {
      "module": "module.RDS",
      "mode": "managed",
      "type": "aws_db_subnet_group",
      "name": "rds_subnet_group",
      "provider": "module.RDS.provider[\"registry.terraform.io/hashicorp/aws\"].account2",
      "instances": [
        {
          "schema_version": 0,
          "attributes": {
            "arn": "arn:aws:rds:us-east-1:039612868338:subgrp:rds-subnet-group",
            "description": "Managed by Terraform",
            "id": "rds-subnet-group",
            "name": "rds-subnet-group",
            "name_prefix": "",
            "subnet_ids": [
              "subnet-04246ac280369291d",
              "subnet-07c8c065758231676"
            ],
            "supported_network_types": [
              "IPV4"
            ],
            "tags": {
              "Name": "RDS Subnet Group"
            },
            "tags_all": {
              "Name": "RDS Subnet Group"
            },
            "vpc_id": "vpc-09e64dec70bb678c3"
          },
          "sensitive_attributes": [],
          "private": "bnVsbA==",
          "dependencies": [
            "module.RDS.aws_subnet.private_subnet_1",
            "module.RDS.aws_subnet.private_subnet_2",
            "module.RDS.aws_vpc.my_vpc"
          ]
        }
      ]
    },
    {
      "module": "module.RDS",
      "mode": "managed",
      "type": "aws_route_table",
      "name": "vpc2_route_table",
      "provider": "module.RDS.provider[\"registry.terraform.io/hashicorp/aws\"].account2",
      "instances": [
        {
          "schema_version": 0,
          "attributes": {
            "arn": "arn:aws:ec2:us-east-1:039612868338:route-table/rtb-0c717cf05d11d88af",
            "id": "rtb-0c717cf05d11d88af",
            "owner_id": "039612868338",
            "propagating_vgws": [],
            "route": [
              {
                "carrier_gateway_id": "",
                "cidr_block": "10.0.0.0/16",
                "core_network_arn": "",
                "destination_prefix_list_id": "",
                "egress_only_gateway_id": "",
                "gateway_id": "",
                "ipv6_cidr_block": "",
                "local_gateway_id": "",
                "nat_gateway_id": "",
                "network_interface_id": "",
                "transit_gateway_id": "",
                "vpc_endpoint_id": "",
                "vpc_peering_connection_id": "pcx-0db2c854bfb09d52c"
              }
            ],
            "tags": {
              "Name": "VPC1 Route Table"
            },
            "tags_all": {
              "Name": "VPC1 Route Table"
            },
            "timeouts": null,
            "vpc_id": "vpc-09e64dec70bb678c3"
          },
          "sensitive_attributes": [],
          "private": "eyJlMmJmYjczMC1lY2FhLTExZTYtOGY4OC0zNDM2M2JjN2M0YzAiOnsiY3JlYXRlIjozMDAwMDAwMDAwMDAsImRlbGV0ZSI6MzAwMDAwMDAwMDAwLCJ1cGRhdGUiOjEyMDAwMDAwMDAwMH19",
          "dependencies": [
            "module.RDS.aws_vpc.my_vpc"
          ]
        }
      ]
    },
    {
      "module": "module.RDS",
      "mode": "managed",
      "type": "aws_route_table_association",
      "name": "subnet1_association",
      "provider": "module.RDS.provider[\"registry.terraform.io/hashicorp/aws\"].account2",
      "instances": [
        {
          "schema_version": 0,
          "attributes": {
            "gateway_id": "",
            "id": "rtbassoc-01ad021eef1b86b48",
            "route_table_id": "rtb-0c717cf05d11d88af",
            "subnet_id": "subnet-07c8c065758231676",
            "timeouts": null
          },
          "sensitive_attributes": [],
          "private": "eyJlMmJmYjczMC1lY2FhLTExZTYtOGY4OC0zNDM2M2JjN2M0YzAiOnsiY3JlYXRlIjozMDAwMDAwMDAwMDAsImRlbGV0ZSI6MzAwMDAwMDAwMDAwLCJ1cGRhdGUiOjEyMDAwMDAwMDAwMH19",
          "dependencies": [
            "module.RDS.aws_route_table.vpc2_route_table",
            "module.RDS.aws_subnet.private_subnet_1",
            "module.RDS.aws_vpc.my_vpc"
          ]
        }
      ]
    },
    {
      "module": "module.RDS",
      "mode": "managed",
      "type": "aws_route_table_association",
      "name": "subnet2_association",
      "provider": "module.RDS.provider[\"registry.terraform.io/hashicorp/aws\"].account2",
      "instances": [
        {
          "schema_version": 0,
          "attributes": {
            "gateway_id": "",
            "id": "rtbassoc-0a093e542524bc9ba",
            "route_table_id": "rtb-0c717cf05d11d88af",
            "subnet_id": "subnet-04246ac280369291d",
            "timeouts": null
          },
          "sensitive_attributes": [],
          "private": "eyJlMmJmYjczMC1lY2FhLTExZTYtOGY4OC0zNDM2M2JjN2M0YzAiOnsiY3JlYXRlIjozMDAwMDAwMDAwMDAsImRlbGV0ZSI6MzAwMDAwMDAwMDAwLCJ1cGRhdGUiOjEyMDAwMDAwMDAwMH19",
          "dependencies": [
            "module.RDS.aws_route_table.vpc2_route_table",
            "module.RDS.aws_subnet.private_subnet_2",
            "module.RDS.aws_vpc.my_vpc"
          ]
        }
      ]
    },
    {
      "module": "module.RDS",
      "mode": "managed",
      "type": "aws_security_group",
      "name": "rds_sg",
      "provider": "module.RDS.provider[\"registry.terraform.io/hashicorp/aws\"].account2",
      "instances": [
        {
          "schema_version": 1,
          "attributes": {
            "arn": "arn:aws:ec2:us-east-1:039612868338:security-group/sg-0936162a667b77e57",
            "description": "Managed by Terraform",
            "egress": [
              {
                "cidr_blocks": [
                  "0.0.0.0/0"
                ],
                "description": "",
                "from_port": 0,
                "ipv6_cidr_blocks": [],
                "prefix_list_ids": [],
                "protocol": "-1",
                "security_groups": [],
                "self": false,
                "to_port": 0
              }
            ],
            "id": "sg-0936162a667b77e57",
            "ingress": [
              {
                "cidr_blocks": [
                  "0.0.0.0/0"
                ],
                "description": "Allow HTTP",
                "from_port": 443,
                "ipv6_cidr_blocks": [],
                "prefix_list_ids": [],
                "protocol": "tcp",
                "security_groups": [],
                "self": false,
                "to_port": 443
              },
              {
                "cidr_blocks": [
                  "0.0.0.0/0"
                ],
                "description": "Allow HTTP",
                "from_port": 80,
                "ipv6_cidr_blocks": [],
                "prefix_list_ids": [],
                "protocol": "tcp",
                "security_groups": [],
                "self": false,
                "to_port": 80
              },
              {
                "cidr_blocks": [
                  "0.0.0.0/0"
                ],
                "description": "Allow MySQL Access",
                "from_port": 3306,
                "ipv6_cidr_blocks": [],
                "prefix_list_ids": [],
                "protocol": "tcp",
                "security_groups": [],
                "self": false,
                "to_port": 3306
              }
            ],
            "name": "terraform-20241205103357451000000002",
            "name_prefix": "terraform-",
            "owner_id": "039612868338",
            "revoke_rules_on_delete": false,
            "tags": {
              "Name": "RDS Security Group"
            },
            "tags_all": {
              "Name": "RDS Security Group"
            },
            "timeouts": null,
            "vpc_id": "vpc-09e64dec70bb678c3"
          },
          "sensitive_attributes": [],
          "private": "eyJlMmJmYjczMC1lY2FhLTExZTYtOGY4OC0zNDM2M2JjN2M0YzAiOnsiY3JlYXRlIjo2MDAwMDAwMDAwMDAsImRlbGV0ZSI6OTAwMDAwMDAwMDAwfSwic2NoZW1hX3ZlcnNpb24iOiIxIn0=",
          "dependencies": [
            "module.RDS.aws_vpc.my_vpc"
          ]
        }
      ]
    },
    {
      "module": "module.RDS",
      "mode": "managed",
      "type": "aws_subnet",
      "name": "private_subnet_1",
      "provider": "module.RDS.provider[\"registry.terraform.io/hashicorp/aws\"].account2",
      "instances": [
        {
          "schema_version": 1,
          "attributes": {
            "arn": "arn:aws:ec2:us-east-1:039612868338:subnet/subnet-07c8c065758231676",
            "assign_ipv6_address_on_creation": false,
            "availability_zone": "us-east-1a",
            "availability_zone_id": "use1-az2",
            "cidr_block": "172.31.1.0/24",
            "customer_owned_ipv4_pool": "",
            "enable_dns64": false,
            "enable_lni_at_device_index": 0,
            "enable_resource_name_dns_a_record_on_launch": false,
            "enable_resource_name_dns_aaaa_record_on_launch": false,
            "id": "subnet-07c8c065758231676",
            "ipv6_cidr_block": "",
            "ipv6_cidr_block_association_id": "",
            "ipv6_native": false,
            "map_customer_owned_ip_on_launch": false,
            "map_public_ip_on_launch": false,
            "outpost_arn": "",
            "owner_id": "039612868338",
            "private_dns_hostname_type_on_launch": "ip-name",
            "tags": {
              "Name": "Private Subnet 1"
            },
            "tags_all": {
              "Name": "Private Subnet 1"
            },
            "timeouts": null,
            "vpc_id": "vpc-09e64dec70bb678c3"
          },
          "sensitive_attributes": [],
          "private": "eyJlMmJmYjczMC1lY2FhLTExZTYtOGY4OC0zNDM2M2JjN2M0YzAiOnsiY3JlYXRlIjo2MDAwMDAwMDAwMDAsImRlbGV0ZSI6MTIwMDAwMDAwMDAwMH0sInNjaGVtYV92ZXJzaW9uIjoiMSJ9",
          "dependencies": [
            "module.RDS.aws_vpc.my_vpc"
          ]
        }
      ]
    },
    {
      "module": "module.RDS",
      "mode": "managed",
      "type": "aws_subnet",
      "name": "private_subnet_2",
      "provider": "module.RDS.provider[\"registry.terraform.io/hashicorp/aws\"].account2",
      "instances": [
        {
          "schema_version": 1,
          "attributes": {
            "arn": "arn:aws:ec2:us-east-1:039612868338:subnet/subnet-04246ac280369291d",
            "assign_ipv6_address_on_creation": false,
            "availability_zone": "us-east-1b",
            "availability_zone_id": "use1-az4",
            "cidr_block": "172.31.2.0/24",
            "customer_owned_ipv4_pool": "",
            "enable_dns64": false,
            "enable_lni_at_device_index": 0,
            "enable_resource_name_dns_a_record_on_launch": false,
            "enable_resource_name_dns_aaaa_record_on_launch": false,
            "id": "subnet-04246ac280369291d",
            "ipv6_cidr_block": "",
            "ipv6_cidr_block_association_id": "",
            "ipv6_native": false,
            "map_customer_owned_ip_on_launch": false,
            "map_public_ip_on_launch": false,
            "outpost_arn": "",
            "owner_id": "039612868338",
            "private_dns_hostname_type_on_launch": "ip-name",
            "tags": {
              "Name": "Private Subnet 2"
            },
            "tags_all": {
              "Name": "Private Subnet 2"
            },
            "timeouts": null,
            "vpc_id": "vpc-09e64dec70bb678c3"
          },
          "sensitive_attributes": [],
          "private": "eyJlMmJmYjczMC1lY2FhLTExZTYtOGY4OC0zNDM2M2JjN2M0YzAiOnsiY3JlYXRlIjo2MDAwMDAwMDAwMDAsImRlbGV0ZSI6MTIwMDAwMDAwMDAwMH0sInNjaGVtYV92ZXJzaW9uIjoiMSJ9",
          "dependencies": [
            "module.RDS.aws_vpc.my_vpc"
          ]
        }
      ]
    },
    {
      "module": "module.RDS",
      "mode": "managed",
      "type": "aws_vpc",
      "name": "my_vpc",
      "provider": "module.RDS.provider[\"registry.terraform.io/hashicorp/aws\"].account2",
      "instances": [
        {
          "schema_version": 1,
          "attributes": {
            "arn": "arn:aws:ec2:us-east-1:039612868338:vpc/vpc-09e64dec70bb678c3",
            "assign_generated_ipv6_cidr_block": false,
            "cidr_block": "172.31.0.0/16",
            "default_network_acl_id": "acl-0746ac3e68a17c738",
            "default_route_table_id": "rtb-071e297ea70a64302",
            "default_security_group_id": "sg-0301fd89c496d3c8c",
            "dhcp_options_id": "dopt-003697a8de0cc8028",
            "enable_dns_hostnames": true,
            "enable_dns_support": true,
            "enable_network_address_usage_metrics": false,
            "id": "vpc-09e64dec70bb678c3",
            "instance_tenancy": "default",
            "ipv4_ipam_pool_id": null,
            "ipv4_netmask_length": null,
            "ipv6_association_id": "",
            "ipv6_cidr_block": "",
            "ipv6_cidr_block_network_border_group": "",
            "ipv6_ipam_pool_id": "",
            "ipv6_netmask_length": 0,
            "main_route_table_id": "rtb-071e297ea70a64302",
            "owner_id": "039612868338",
            "tags": {
              "Name": "MyVPC"
            },
            "tags_all": {
              "Name": "MyVPC"
            }
          },
          "sensitive_attributes": [],
          "private": "eyJzY2hlbWFfdmVyc2lvbiI6IjEifQ=="
        }
      ]
    }
  ],
  "check_results": null
}
