{
  "version": 4,
  "terraform_version": "1.9.8",
  "serial": 607,
  "lineage": "98d92b37-31be-156a-27fb-a23134c59ac1",
  "outputs": {},
  "resources": [
    {
      "mode": "managed",
      "type": "aws_iam_role",
      "name": "assume_cross_account_role",
      "provider": "provider[\"registry.terraform.io/hashicorp/aws\"].account2",
      "instances": [
        {
          "schema_version": 0,
          "attributes": {
            "arn": "arn:aws:iam::039612868338:role/AssumeCrossAccountEC2Role",
            "assume_role_policy": "{\"Statement\":[{\"Action\":\"sts:AssumeRole\",\"Effect\":\"Allow\",\"Principal\":{\"AWS\":\"arn:aws:iam::202533516001:role/CrossAccountEC2Role_account1\"}}],\"Version\":\"2012-10-17\"}",
            "create_date": "2024-12-01T18:45:16Z",
            "description": "",
            "force_detach_policies": false,
            "id": "AssumeCrossAccountEC2Role",
            "inline_policy": [],
            "managed_policy_arns": [],
            "max_session_duration": 3600,
            "name": "AssumeCrossAccountEC2Role",
            "name_prefix": "",
            "path": "/",
            "permissions_boundary": "",
            "tags": null,
            "tags_all": {},
            "unique_id": "AROAQSOI4M3ZOG56SIYUX"
          },
          "sensitive_attributes": [],
          "private": "bnVsbA=="
        }
      ]
    },
    {
      "mode": "managed",
      "type": "aws_route",
      "name": "vpc1_to_vpc2",
      "provider": "provider[\"registry.terraform.io/hashicorp/aws\"]",
      "instances": [
        {
          "schema_version": 0,
          "attributes": {
            "carrier_gateway_id": "",
            "core_network_arn": "",
            "destination_cidr_block": "172.31.0.0/16",
            "destination_ipv6_cidr_block": "",
            "destination_prefix_list_id": "",
            "egress_only_gateway_id": "",
            "gateway_id": "",
            "id": "r-rtb-0d9a51309b8fb4eb73854007479",
            "instance_id": "",
            "instance_owner_id": "",
            "local_gateway_id": "",
            "nat_gateway_id": "",
            "network_interface_id": "",
            "origin": "CreateRoute",
            "route_table_id": "rtb-0d9a51309b8fb4eb7",
            "state": "blackhole",
            "timeouts": null,
            "transit_gateway_id": "",
            "vpc_endpoint_id": "",
            "vpc_peering_connection_id": "pcx-0c24e2dae2a992600"
          },
          "sensitive_attributes": [],
          "private": "eyJlMmJmYjczMC1lY2FhLTExZTYtOGY4OC0zNDM2M2JjN2M0YzAiOnsiY3JlYXRlIjozMDAwMDAwMDAwMDAsImRlbGV0ZSI6MzAwMDAwMDAwMDAwLCJ1cGRhdGUiOjEyMDAwMDAwMDAwMH19",
          "dependencies": [
            "aws_vpc_peering_connection.vpc_peering",
            "module.EC2.aws_internet_gateway.main",
            "module.EC2.aws_route_table.public",
            "module.EC2.aws_vpc.main",
            "module.RDS.aws_vpc.my_vpc"
          ]
        }
      ]
    },
    {
      "mode": "managed",
      "type": "aws_route",
      "name": "vpc2_to_vpc1",
      "provider": "provider[\"registry.terraform.io/hashicorp/aws\"].account2",
      "instances": [
        {
          "schema_version": 0,
          "attributes": {
            "carrier_gateway_id": "",
            "core_network_arn": "",
            "destination_cidr_block": "10.0.0.0/16",
            "destination_ipv6_cidr_block": "",
            "destination_prefix_list_id": "",
            "egress_only_gateway_id": "",
            "gateway_id": "",
            "id": "r-rtb-05d8d0f5027593fef179966490",
            "instance_id": "",
            "instance_owner_id": "",
            "local_gateway_id": "",
            "nat_gateway_id": "",
            "network_interface_id": "",
            "origin": "CreateRoute",
            "route_table_id": "rtb-05d8d0f5027593fef",
            "state": "blackhole",
            "timeouts": null,
            "transit_gateway_id": "",
            "vpc_endpoint_id": "",
            "vpc_peering_connection_id": "pcx-0c24e2dae2a992600"
          },
          "sensitive_attributes": [],
          "private": "eyJlMmJmYjczMC1lY2FhLTExZTYtOGY4OC0zNDM2M2JjN2M0YzAiOnsiY3JlYXRlIjozMDAwMDAwMDAwMDAsImRlbGV0ZSI6MzAwMDAwMDAwMDAwLCJ1cGRhdGUiOjEyMDAwMDAwMDAwMH19",
          "dependencies": [
            "aws_vpc_peering_connection.vpc_peering",
            "module.EC2.aws_vpc.main",
            "module.RDS.aws_route_table.vpc2_route_table",
            "module.RDS.aws_vpc.my_vpc"
          ]
        }
      ]
    },
    {
      "mode": "managed",
      "type": "aws_vpc_peering_connection",
      "name": "vpc_peering",
      "provider": "provider[\"registry.terraform.io/hashicorp/aws\"]",
      "instances": [
        {
          "schema_version": 0,
          "attributes": {
            "accept_status": "pending-acceptance",
            "accepter": [],
            "auto_accept": null,
            "id": "pcx-0c24e2dae2a992600",
            "peer_owner_id": "039612868338",
            "peer_region": "us-east-1",
            "peer_vpc_id": "vpc-0969774ac81662a23",
            "requester": [
              {
                "allow_remote_vpc_dns_resolution": false
              }
            ],
            "tags": {
              "Name": "VPC-Peering-Connection"
            },
            "tags_all": {
              "Name": "VPC-Peering-Connection"
            },
            "timeouts": null,
            "vpc_id": "vpc-08432bf5d5bc8e2e1"
          },
          "sensitive_attributes": [],
          "private": "eyJlMmJmYjczMC1lY2FhLTExZTYtOGY4OC0zNDM2M2JjN2M0YzAiOnsiY3JlYXRlIjo2MDAwMDAwMDAwMCwiZGVsZXRlIjo2MDAwMDAwMDAwMCwidXBkYXRlIjo2MDAwMDAwMDAwMH19",
          "dependencies": [
            "module.EC2.aws_vpc.main",
            "module.RDS.aws_vpc.my_vpc"
          ]
        }
      ]
    },
    {
      "module": "module.EC2",
      "mode": "managed",
      "type": "aws_iam_instance_profile",
      "name": "ec2_instance_profile_account1",
      "provider": "provider[\"registry.terraform.io/hashicorp/aws\"].default",
      "instances": [
        {
          "schema_version": 0,
          "attributes": {
            "arn": "arn:aws:iam::202533516001:instance-profile/CrossAccountEC2InstanceProfile_account1",
            "create_date": "2024-12-01T18:45:07Z",
            "id": "CrossAccountEC2InstanceProfile_account1",
            "name": "CrossAccountEC2InstanceProfile_account1",
            "name_prefix": "",
            "path": "/",
            "role": "CrossAccountEC2Role_account1",
            "tags": null,
            "tags_all": {},
            "unique_id": "AIPAS6J7QGLQ7XE5QDUOH"
          },
          "sensitive_attributes": [],
          "private": "bnVsbA==",
          "dependencies": [
            "module.EC2.aws_iam_role.cross_account_ec2_role_account1"
          ]
        }
      ]
    },
    {
      "module": "module.EC2",
      "mode": "managed",
      "type": "aws_iam_role",
      "name": "cross_account_ec2_role_account1",
      "provider": "provider[\"registry.terraform.io/hashicorp/aws\"].default",
      "instances": [
        {
          "schema_version": 0,
          "attributes": {
            "arn": "arn:aws:iam::202533516001:role/CrossAccountEC2Role_account1",
            "assume_role_policy": "{\"Statement\":[{\"Action\":\"sts:AssumeRole\",\"Effect\":\"Allow\",\"Principal\":{\"AWS\":\"arn:aws:iam::039612868338:root\"}}],\"Version\":\"2012-10-17\"}",
            "create_date": "2024-12-01T18:45:06Z",
            "description": "",
            "force_detach_policies": false,
            "id": "CrossAccountEC2Role_account1",
            "inline_policy": [],
            "managed_policy_arns": [],
            "max_session_duration": 3600,
            "name": "CrossAccountEC2Role_account1",
            "name_prefix": "",
            "path": "/",
            "permissions_boundary": "",
            "tags": null,
            "tags_all": {},
            "unique_id": "AROAS6J7QGLQ7OAEYV4YS"
          },
          "sensitive_attributes": [],
          "private": "bnVsbA=="
        }
      ]
    },
    {
      "module": "module.EC2",
      "mode": "managed",
      "type": "aws_iam_role_policy_attachment",
      "name": "ec2_full_access_account1",
      "provider": "provider[\"registry.terraform.io/hashicorp/aws\"].default",
      "instances": [
        {
          "schema_version": 0,
          "attributes": {
            "id": "CrossAccountEC2Role_account1-20241201184507548900000001",
            "policy_arn": "arn:aws:iam::aws:policy/AmazonEC2FullAccess",
            "role": "CrossAccountEC2Role_account1"
          },
          "sensitive_attributes": [],
          "private": "bnVsbA==",
          "dependencies": [
            "module.EC2.aws_iam_role.cross_account_ec2_role_account1"
          ]
        }
      ]
    },
    {
      "module": "module.EC2",
      "mode": "managed",
      "type": "aws_instance",
      "name": "ubuntu_instance",
      "provider": "provider[\"registry.terraform.io/hashicorp/aws\"].default",
      "instances": [
        {
          "schema_version": 1,
          "attributes": {
            "ami": "ami-02b64affdd5de5d46",
            "arn": "arn:aws:ec2:us-east-1:202533516001:instance/i-074cf0560fc66333f",
            "associate_public_ip_address": true,
            "availability_zone": "us-east-1a",
            "capacity_reservation_specification": [
              {
                "capacity_reservation_preference": "open",
                "capacity_reservation_target": []
              }
            ],
            "cpu_core_count": 1,
            "cpu_options": [
              {
                "amd_sev_snp": "",
                "core_count": 1,
                "threads_per_core": 1
              }
            ],
            "cpu_threads_per_core": 1,
            "credit_specification": [
              {
                "cpu_credits": "standard"
              }
            ],
            "disable_api_stop": false,
            "disable_api_termination": false,
            "ebs_block_device": [],
            "ebs_optimized": false,
            "enclave_options": [
              {
                "enabled": false
              }
            ],
            "ephemeral_block_device": [],
            "get_password_data": false,
            "hibernation": false,
            "host_id": "",
            "host_resource_group_arn": null,
            "iam_instance_profile": "CrossAccountEC2InstanceProfile_account1",
            "id": "i-074cf0560fc66333f",
            "instance_initiated_shutdown_behavior": "stop",
            "instance_lifecycle": "",
            "instance_market_options": [],
            "instance_state": "running",
            "instance_type": "t2.micro",
            "ipv6_address_count": 0,
            "ipv6_addresses": [],
            "key_name": "backend_server_key",
            "launch_template": [],
            "maintenance_options": [
              {
                "auto_recovery": "default"
              }
            ],
            "metadata_options": [
              {
                "http_endpoint": "enabled",
                "http_protocol_ipv6": "disabled",
                "http_put_response_hop_limit": 2,
                "http_tokens": "required",
                "instance_metadata_tags": "disabled"
              }
            ],
            "monitoring": false,
            "network_interface": [],
            "outpost_arn": "",
            "password_data": "",
            "placement_group": "",
            "placement_partition_number": 0,
            "primary_network_interface_id": "eni-03bb42516b186fb56",
            "private_dns": "ip-10-0-1-28.ec2.internal",
            "private_dns_name_options": [
              {
                "enable_resource_name_dns_a_record": false,
                "enable_resource_name_dns_aaaa_record": false,
                "hostname_type": "ip-name"
              }
            ],
            "private_ip": "10.0.1.28",
            "public_dns": "ec2-44-198-167-245.compute-1.amazonaws.com",
            "public_ip": "44.198.167.245",
            "root_block_device": [
              {
                "delete_on_termination": true,
                "device_name": "/dev/sda1",
                "encrypted": false,
                "iops": 3000,
                "kms_key_id": "",
                "tags": {},
                "tags_all": {},
                "throughput": 125,
                "volume_id": "vol-0df835b7aa9c93ff1",
                "volume_size": 20,
                "volume_type": "gp3"
              }
            ],
            "secondary_private_ips": [],
            "security_groups": [],
            "source_dest_check": true,
            "spot_instance_request_id": "",
            "subnet_id": "subnet-08f917d4d2fe3b7e5",
            "tags": {
              "Name": "Backed_End_Server"
            },
            "tags_all": {
              "Name": "Backed_End_Server"
            },
            "tenancy": "default",
            "timeouts": null,
            "user_data": null,
            "user_data_base64": null,
            "user_data_replace_on_change": false,
            "volume_tags": null,
            "vpc_security_group_ids": [
              "sg-05a3c3f0a0e5fc84d"
            ]
          },
          "sensitive_attributes": [],
          "private": "eyJlMmJmYjczMC1lY2FhLTExZTYtOGY4OC0zNDM2M2JjN2M0YzAiOnsiY3JlYXRlIjo2MDAwMDAwMDAwMDAsImRlbGV0ZSI6MTIwMDAwMDAwMDAwMCwicmVhZCI6OTAwMDAwMDAwMDAwLCJ1cGRhdGUiOjYwMDAwMDAwMDAwMH0sInNjaGVtYV92ZXJzaW9uIjoiMSJ9",
          "dependencies": [
            "module.EC2.aws_iam_instance_profile.ec2_instance_profile_account1",
            "module.EC2.aws_iam_role.cross_account_ec2_role_account1",
            "module.EC2.aws_key_pair.backend_server_key",
            "module.EC2.aws_security_group.backed_server_sg",
            "module.EC2.aws_subnet.public",
            "module.EC2.aws_vpc.main",
            "module.EC2.tls_private_key.ssh_local"
          ]
        }
      ]
    },
    {
      "module": "module.EC2",
      "mode": "managed",
      "type": "aws_internet_gateway",
      "name": "main",
      "provider": "provider[\"registry.terraform.io/hashicorp/aws\"].default",
      "instances": [
        {
          "schema_version": 0,
          "attributes": {
            "arn": "arn:aws:ec2:us-east-1:202533516001:internet-gateway/igw-045aec03178df7619",
            "id": "igw-045aec03178df7619",
            "owner_id": "202533516001",
            "tags": {
              "Name": "Back_End_Vpc-igw"
            },
            "tags_all": {
              "Name": "Back_End_Vpc-igw"
            },
            "timeouts": null,
            "vpc_id": "vpc-08432bf5d5bc8e2e1"
          },
          "sensitive_attributes": [],
          "private": "eyJlMmJmYjczMC1lY2FhLTExZTYtOGY4OC0zNDM2M2JjN2M0YzAiOnsiY3JlYXRlIjoxMjAwMDAwMDAwMDAwLCJkZWxldGUiOjEyMDAwMDAwMDAwMDAsInVwZGF0ZSI6MTIwMDAwMDAwMDAwMH19",
          "dependencies": [
            "module.EC2.aws_vpc.main"
          ]
        }
      ]
    },
    {
      "module": "module.EC2",
      "mode": "managed",
      "type": "aws_key_pair",
      "name": "backend_server_key",
      "provider": "provider[\"registry.terraform.io/hashicorp/aws\"].default",
      "instances": [
        {
          "schema_version": 1,
          "attributes": {
            "arn": "arn:aws:ec2:us-east-1:202533516001:key-pair/backend_server_key",
            "fingerprint": "b8:5e:04:d0:b6:df:d3:a0:4c:62:09:1a:89:dd:18:64",
            "id": "backend_server_key",
            "key_name": "backend_server_key",
            "key_name_prefix": "",
            "key_pair_id": "key-073743b0ed03436e0",
            "key_type": "rsa",
            "public_key": "ssh-rsa AAAAB3NzaC1yc2EAAAADAQABAAABAQDxUvKQPsghlJFiPmNGs/vjRgdD4614MltyQ/McwlbrEFOrAgJL/adOBhJyARsOL6y1nJkayIJSpHFRu9eBlA/OaigzE9DCa0f700NulKVmCPAuh+0LA9u96HGwxVsUEh90U7t7CxfDp1E50phdeTsoiyenGltoVo16y3DZ08sJXJjkJjLoNJzOvEY7CQo1hejlqYLgRLsOb2Y6oe5X0VH33oXwv4lGxpMGis93TuAHqrhDzxUP9D5CAvAfZ52GPvKzBfOsTGEcHgNDcPZ9MENWXVxG9+kKcj/BDqIdP82aM/SBJ+UdzZGhgbgkUpYoCAXQII/4CQsIK29EtzFOv4p3",
            "tags": null,
            "tags_all": {}
          },
          "sensitive_attributes": [],
          "private": "eyJzY2hlbWFfdmVyc2lvbiI6IjEifQ==",
          "dependencies": [
            "module.EC2.tls_private_key.ssh_local"
          ]
        }
      ]
    },
    {
      "module": "module.EC2",
      "mode": "managed",
      "type": "aws_route_table",
      "name": "public",
      "provider": "provider[\"registry.terraform.io/hashicorp/aws\"].default",
      "instances": [
        {
          "schema_version": 0,
          "attributes": {
            "arn": "arn:aws:ec2:us-east-1:202533516001:route-table/rtb-0d9a51309b8fb4eb7",
            "id": "rtb-0d9a51309b8fb4eb7",
            "owner_id": "202533516001",
            "propagating_vgws": [],
            "route": [
              {
                "carrier_gateway_id": "",
                "cidr_block": "0.0.0.0/0",
                "core_network_arn": "",
                "destination_prefix_list_id": "",
                "egress_only_gateway_id": "",
                "gateway_id": "igw-045aec03178df7619",
                "ipv6_cidr_block": "",
                "local_gateway_id": "",
                "nat_gateway_id": "",
                "network_interface_id": "",
                "transit_gateway_id": "",
                "vpc_endpoint_id": "",
                "vpc_peering_connection_id": ""
              }
            ],
            "tags": {
              "Name": "Back_End_Vpc-public-rt"
            },
            "tags_all": {
              "Name": "Back_End_Vpc-public-rt"
            },
            "timeouts": null,
            "vpc_id": "vpc-08432bf5d5bc8e2e1"
          },
          "sensitive_attributes": [],
          "private": "eyJlMmJmYjczMC1lY2FhLTExZTYtOGY4OC0zNDM2M2JjN2M0YzAiOnsiY3JlYXRlIjozMDAwMDAwMDAwMDAsImRlbGV0ZSI6MzAwMDAwMDAwMDAwLCJ1cGRhdGUiOjEyMDAwMDAwMDAwMH19",
          "dependencies": [
            "module.EC2.aws_internet_gateway.main",
            "module.EC2.aws_vpc.main"
          ]
        }
      ]
    },
    {
      "module": "module.EC2",
      "mode": "managed",
      "type": "aws_route_table_association",
      "name": "public",
      "provider": "provider[\"registry.terraform.io/hashicorp/aws\"].default",
      "instances": [
        {
          "schema_version": 0,
          "attributes": {
            "gateway_id": "",
            "id": "rtbassoc-09a575dd8b64670af",
            "route_table_id": "rtb-0d9a51309b8fb4eb7",
            "subnet_id": "subnet-08f917d4d2fe3b7e5",
            "timeouts": null
          },
          "sensitive_attributes": [],
          "private": "eyJlMmJmYjczMC1lY2FhLTExZTYtOGY4OC0zNDM2M2JjN2M0YzAiOnsiY3JlYXRlIjozMDAwMDAwMDAwMDAsImRlbGV0ZSI6MzAwMDAwMDAwMDAwLCJ1cGRhdGUiOjEyMDAwMDAwMDAwMH19",
          "dependencies": [
            "module.EC2.aws_internet_gateway.main",
            "module.EC2.aws_route_table.public",
            "module.EC2.aws_subnet.public",
            "module.EC2.aws_vpc.main"
          ]
        }
      ]
    },
    {
      "module": "module.EC2",
      "mode": "managed",
      "type": "aws_security_group",
      "name": "backed_server_sg",
      "provider": "provider[\"registry.terraform.io/hashicorp/aws\"].default",
      "instances": [
        {
          "schema_version": 1,
          "attributes": {
            "arn": "arn:aws:ec2:us-east-1:202533516001:security-group/sg-05a3c3f0a0e5fc84d",
            "description": "Managed by Terraform",
            "egress": [
              {
                "cidr_blocks": [
                  "0.0.0.0/0"
                ],
                "description": "",
                "from_port": 0,
                "ipv6_cidr_blocks": [],
                "prefix_list_ids": [],
                "protocol": "-1",
                "security_groups": [],
                "self": false,
                "to_port": 0
              }
            ],
            "id": "sg-05a3c3f0a0e5fc84d",
            "ingress": [
              {
                "cidr_blocks": [
                  "0.0.0.0/0"
                ],
                "description": "Allow HTTP",
                "from_port": 443,
                "ipv6_cidr_blocks": [],
                "prefix_list_ids": [],
                "protocol": "tcp",
                "security_groups": [],
                "self": false,
                "to_port": 443
              },
              {
                "cidr_blocks": [
                  "0.0.0.0/0"
                ],
                "description": "Allow HTTP",
                "from_port": 80,
                "ipv6_cidr_blocks": [],
                "prefix_list_ids": [],
                "protocol": "tcp",
                "security_groups": [],
                "self": false,
                "to_port": 80
              },
              {
                "cidr_blocks": [
                  "0.0.0.0/0"
                ],
                "description": "Allow SSH",
                "from_port": 22,
                "ipv6_cidr_blocks": [],
                "prefix_list_ids": [],
                "protocol": "tcp",
                "security_groups": [],
                "self": false,
                "to_port": 22
              },
              {
                "cidr_blocks": [
                  "172.31.0.0/16"
                ],
                "description": "Allow HTTP",
                "from_port": 3306,
                "ipv6_cidr_blocks": [],
                "prefix_list_ids": [],
                "protocol": "tcp",
                "security_groups": [],
                "self": false,
                "to_port": 3306
              }
            ],
            "name": "Backend_Server_SG",
            "name_prefix": "",
            "owner_id": "202533516001",
            "revoke_rules_on_delete": false,
            "tags": null,
            "tags_all": {},
            "timeouts": null,
            "vpc_id": "vpc-08432bf5d5bc8e2e1"
          },
          "sensitive_attributes": [],
          "private": "eyJlMmJmYjczMC1lY2FhLTExZTYtOGY4OC0zNDM2M2JjN2M0YzAiOnsiY3JlYXRlIjo2MDAwMDAwMDAwMDAsImRlbGV0ZSI6OTAwMDAwMDAwMDAwfSwic2NoZW1hX3ZlcnNpb24iOiIxIn0=",
          "dependencies": [
            "module.EC2.aws_vpc.main"
          ]
        }
      ]
    },
    {
      "module": "module.EC2",
      "mode": "managed",
      "type": "aws_subnet",
      "name": "public",
      "provider": "provider[\"registry.terraform.io/hashicorp/aws\"].default",
      "instances": [
        {
          "schema_version": 1,
          "attributes": {
            "arn": "arn:aws:ec2:us-east-1:202533516001:subnet/subnet-08f917d4d2fe3b7e5",
            "assign_ipv6_address_on_creation": false,
            "availability_zone": "us-east-1a",
            "availability_zone_id": "use1-az1",
            "cidr_block": "10.0.1.0/24",
            "customer_owned_ipv4_pool": "",
            "enable_dns64": false,
            "enable_lni_at_device_index": 0,
            "enable_resource_name_dns_a_record_on_launch": false,
            "enable_resource_name_dns_aaaa_record_on_launch": false,
            "id": "subnet-08f917d4d2fe3b7e5",
            "ipv6_cidr_block": "",
            "ipv6_cidr_block_association_id": "",
            "ipv6_native": false,
            "map_customer_owned_ip_on_launch": false,
            "map_public_ip_on_launch": false,
            "outpost_arn": "",
            "owner_id": "202533516001",
            "private_dns_hostname_type_on_launch": "ip-name",
            "tags": {
              "Name": "Backed_End_Server_Subnet"
            },
            "tags_all": {
              "Name": "Backed_End_Server_Subnet"
            },
            "timeouts": null,
            "vpc_id": "vpc-08432bf5d5bc8e2e1"
          },
          "sensitive_attributes": [],
          "private": "eyJlMmJmYjczMC1lY2FhLTExZTYtOGY4OC0zNDM2M2JjN2M0YzAiOnsiY3JlYXRlIjo2MDAwMDAwMDAwMDAsImRlbGV0ZSI6MTIwMDAwMDAwMDAwMH0sInNjaGVtYV92ZXJzaW9uIjoiMSJ9",
          "dependencies": [
            "module.EC2.aws_vpc.main"
          ]
        }
      ]
    },
    {
      "module": "module.EC2",
      "mode": "managed",
      "type": "aws_vpc",
      "name": "main",
      "provider": "provider[\"registry.terraform.io/hashicorp/aws\"].default",
      "instances": [
        {
          "schema_version": 1,
          "attributes": {
            "arn": "arn:aws:ec2:us-east-1:202533516001:vpc/vpc-08432bf5d5bc8e2e1",
            "assign_generated_ipv6_cidr_block": false,
            "cidr_block": "10.0.0.0/16",
            "default_network_acl_id": "acl-02d2cbb307bb2c743",
            "default_route_table_id": "rtb-042005150dedbfd36",
            "default_security_group_id": "sg-0857085f9d3c5cfa2",
            "dhcp_options_id": "dopt-0230fedc105081ee8",
            "enable_dns_hostnames": true,
            "enable_dns_support": true,
            "enable_network_address_usage_metrics": false,
            "id": "vpc-08432bf5d5bc8e2e1",
            "instance_tenancy": "default",
            "ipv4_ipam_pool_id": null,
            "ipv4_netmask_length": null,
            "ipv6_association_id": "",
            "ipv6_cidr_block": "",
            "ipv6_cidr_block_network_border_group": "",
            "ipv6_ipam_pool_id": "",
            "ipv6_netmask_length": 0,
            "main_route_table_id": "rtb-042005150dedbfd36",
            "owner_id": "202533516001",
            "tags": {
              "Name": "Back_End_Vpc"
            },
            "tags_all": {
              "Name": "Back_End_Vpc"
            }
          },
          "sensitive_attributes": [],
          "private": "eyJzY2hlbWFfdmVyc2lvbiI6IjEifQ=="
        }
      ]
    },
    {
      "module": "module.EC2",
      "mode": "managed",
      "type": "tls_private_key",
      "name": "ssh_local",
      "provider": "provider[\"registry.terraform.io/hashicorp/tls\"]",
      "instances": [
        {
          "schema_version": 1,
          "attributes": {
            "algorithm": "RSA",
            "ecdsa_curve": "P224",
            "id": "a2e4c1704ce0e7e03aa078d2ef51250659951f35",
            "private_key_openssh": "-----BEGIN OPENSSH PRIVATE KEY-----\nb3BlbnNzaC1rZXktdjEAAAAABG5vbmUAAAAEbm9uZQAAAAAAAAABAAABFwAAAAdz\nc2gtcnNhAAAAAwEAAQAAAQEA8VLykD7IIZSRYj5jRrP740YHQ+OteDJbckPzHMJW\n6xBTqwICS/2nTgYScgEbDi+stZyZGsiCUqRxUbvXgZQPzmooMxPQwmtH+9NDbpSl\nZgjwLoftCwPbvehxsMVbFBIfdFO7ewsXw6dROdKYXXk7KIsnpxpbaFaNestw2dPL\nCVyY5CYy6DSczrxGOwkKNYXo5amC4ES7Dm9mOqHuV9FR996F8L+JRsaTBorPd07g\nB6q4Q88VD/Q+QgLwH2edhj7yswXzrExhHB4DQ3D2fTBDVl1cRvfpCnI/wQ6iHT/N\nmjP0gSflHc2RoYG4JFKWKAgF0CCP+AkLCCtvRLcxTr+KdwAAA7gUL40dFC+NHQAA\nAAdzc2gtcnNhAAABAQDxUvKQPsghlJFiPmNGs/vjRgdD4614MltyQ/McwlbrEFOr\nAgJL/adOBhJyARsOL6y1nJkayIJSpHFRu9eBlA/OaigzE9DCa0f700NulKVmCPAu\nh+0LA9u96HGwxVsUEh90U7t7CxfDp1E50phdeTsoiyenGltoVo16y3DZ08sJXJjk\nJjLoNJzOvEY7CQo1hejlqYLgRLsOb2Y6oe5X0VH33oXwv4lGxpMGis93TuAHqrhD\nzxUP9D5CAvAfZ52GPvKzBfOsTGEcHgNDcPZ9MENWXVxG9+kKcj/BDqIdP82aM/SB\nJ+UdzZGhgbgkUpYoCAXQII/4CQsIK29EtzFOv4p3AAAAAwEAAQAAAQEA0v1VrD3n\n1kxBzCaFv+RO30dzxKyEFynYABBetw9G1SAiNsp73Zq5MyNl7xz+XanbE7IFvn/+\nSWkS1oYoBlfAdhUkbnvtsn3/orH0K/N0pMA91kDrRA0si152QDpcxjCOJbOroAlz\nzpE0GB0DL/51dZ4snhISRygdbHYAhcKBqv0Ct6TCGcZ4QjZHZTIVCcGfIqjZGCNX\nGAsVsSvBaKJKPkxHGWT1EYsrWhORtj3EkRlqixOuteO/HmNt20bGM0L0oETkc0Sd\nl80tmVpiYx0CIgdSaKC/3b+dxh7RwW2SNWaC9q62gsSbepFJ+vZC3fxKhDbJGZao\nGm4Ur/4qwBr58QAAAIBsbgwmJzrnveLHh3pBrElVUTAlNsVZ+1+YgMuNryTQ7lUV\nCyoPTIfxwDSRZGwalF/IIAKGAHlmd7ubaNYux/sdnG/zWuu91uSZrzx6fE6chuEB\n8i2J2Qw5JSTmFhGmm5u+0Yt1lqmH8UX11EjQWb7LXEVZwCI+VMM1WxyJvZwyfgAA\nAIEA8bTFLcOHW5yCDO9G7tm643wHiDqWWtHfxCQV61NoBJsHLf3iYpsJkPlAgwK+\nmjh9C78nqDMRyppQbhvvDqfGyE+LT6eMibfAvUqkZ12Ni4L4YwrC8p8PcObmYv3p\ndcstYrsvYlTWIW2R+K5Ll4URqb0zbIB5NkLhtqhKLoaoQpkAAACBAP+YZG4e3t1o\n1JQunf4fPz8rxZIUHlnlIm/h4hA2ngSqItjy3jruF8fV4q/h5bBUus7+cet/9Pmn\nCJsHsK9QYANhGZH7Omy/m0sdzAK9JnsoTqeuKohUs2ngdWfoZBL7hGYQZYvlrRIf\nsak4ISQVocleBQWe2knLjjLOCEkgMm+PAAAAAAEC\n-----END OPENSSH PRIVATE KEY-----\n",
            "private_key_pem": "-----BEGIN RSA PRIVATE KEY-----\nMIIEowIBAAKCAQEA8VLykD7IIZSRYj5jRrP740YHQ+OteDJbckPzHMJW6xBTqwIC\nS/2nTgYScgEbDi+stZyZGsiCUqRxUbvXgZQPzmooMxPQwmtH+9NDbpSlZgjwLoft\nCwPbvehxsMVbFBIfdFO7ewsXw6dROdKYXXk7KIsnpxpbaFaNestw2dPLCVyY5CYy\n6DSczrxGOwkKNYXo5amC4ES7Dm9mOqHuV9FR996F8L+JRsaTBorPd07gB6q4Q88V\nD/Q+QgLwH2edhj7yswXzrExhHB4DQ3D2fTBDVl1cRvfpCnI/wQ6iHT/NmjP0gSfl\nHc2RoYG4JFKWKAgF0CCP+AkLCCtvRLcxTr+KdwIDAQABAoIBAQDS/VWsPefWTEHM\nJoW/5E7fR3PErIQXKdgAEF63D0bVICI2ynvdmrkzI2XvHP5dqdsTsgW+f/5JaRLW\nhigGV8B2FSRue+2yff+isfQr83SkwD3WQOtEDSyLXnZAOlzGMI4ls6ugCXPOkTQY\nHQMv/nV1niyeEhJHKB1sdgCFwoGq/QK3pMIZxnhCNkdlMhUJwZ8iqNkYI1cYCxWx\nK8Fooko+TEcZZPURiytaE5G2PcSRGWqLE661478eY23bRsYzQvSgRORzRJ2XzS2Z\nWmJjHQIiB1JooL/dv53GHtHBbZI1ZoL2rraCxJt6kUn69kLd/EqENskZlqgabhSv\n/irAGvnxAoGBAPG0xS3Dh1ucggzvRu7ZuuN8B4g6llrR38QkFetTaASbBy394mKb\nCZD5QIMCvpo4fQu/J6gzEcqaUG4b7w6nxshPi0+njIm3wL1KpGddjYuC+GMKwvKf\nD3Dm5mL96XXLLWK7L2JU1iFtkfiuS5eFEam9M2yAeTZC4baoSi6GqEKZAoGBAP+Y\nZG4e3t1o1JQunf4fPz8rxZIUHlnlIm/h4hA2ngSqItjy3jruF8fV4q/h5bBUus7+\ncet/9PmnCJsHsK9QYANhGZH7Omy/m0sdzAK9JnsoTqeuKohUs2ngdWfoZBL7hGYQ\nZYvlrRIfsak4ISQVocleBQWe2knLjjLOCEkgMm+PAoGALMul549fXLkq2R7XdJjh\nrBtmgfbpurc+02kkrtJsar4YnIt7E29MXJP1QtKVZJungS/SN7gPSg9DbMS8j2jE\nzIcBeKfCwhtOG0bkJUwPWZXSVvi9nJ2iDPieJiaMyAn5xVyPsZerf9KAxSf4VoKQ\n/XZVO3yr+kR29JVH+kt2j7ECgYBHAPC1XsIOw/Z6C9E8LTYGuIQ0Jn6f/nVom1mP\no3yWUyVHG4D84fOdQh+tOJX0PDWBF1JSV8OYLvzHBIXizfM+PRU7Zo0+dKQRY/+u\nqxkrkXD4R/vsz4rf2MkEypwyYcjQCbIMAQvpQwC5v6wFODUvmXzPqOd/JJsmJfJL\nTjR0pQKBgGxuDCYnOue94seHekGsSVVRMCU2xVn7X5iAy42vJNDuVRULKg9Mh/HA\nNJFkbBqUX8ggAoYAeWZ3u5to1i7H+x2cb/Na673W5JmvPHp8TpyG4QHyLYnZDDkl\nJOYWEaabm77Ri3WWqYfxRfXUSNBZvstcRVnAIj5UwzVbHIm9nDJ+\n-----END RSA PRIVATE KEY-----\n",
            "private_key_pem_pkcs8": "-----BEGIN PRIVATE KEY-----\nMIIEvQIBADANBgkqhkiG9w0BAQEFAASCBKcwggSjAgEAAoIBAQDxUvKQPsghlJFi\nPmNGs/vjRgdD4614MltyQ/McwlbrEFOrAgJL/adOBhJyARsOL6y1nJkayIJSpHFR\nu9eBlA/OaigzE9DCa0f700NulKVmCPAuh+0LA9u96HGwxVsUEh90U7t7CxfDp1E5\n0phdeTsoiyenGltoVo16y3DZ08sJXJjkJjLoNJzOvEY7CQo1hejlqYLgRLsOb2Y6\noe5X0VH33oXwv4lGxpMGis93TuAHqrhDzxUP9D5CAvAfZ52GPvKzBfOsTGEcHgND\ncPZ9MENWXVxG9+kKcj/BDqIdP82aM/SBJ+UdzZGhgbgkUpYoCAXQII/4CQsIK29E\ntzFOv4p3AgMBAAECggEBANL9Vaw959ZMQcwmhb/kTt9Hc8SshBcp2AAQXrcPRtUg\nIjbKe92auTMjZe8c/l2p2xOyBb5//klpEtaGKAZXwHYVJG577bJ9/6Kx9CvzdKTA\nPdZA60QNLItedkA6XMYwjiWzq6AJc86RNBgdAy/+dXWeLJ4SEkcoHWx2AIXCgar9\nArekwhnGeEI2R2UyFQnBnyKo2RgjVxgLFbErwWiiSj5MRxlk9RGLK1oTkbY9xJEZ\naosTrrXjvx5jbdtGxjNC9KBE5HNEnZfNLZlaYmMdAiIHUmigv92/ncYe0cFtkjVm\ngvautoLEm3qRSfr2Qt38SoQ2yRmWqBpuFK/+KsAa+fECgYEA8bTFLcOHW5yCDO9G\n7tm643wHiDqWWtHfxCQV61NoBJsHLf3iYpsJkPlAgwK+mjh9C78nqDMRyppQbhvv\nDqfGyE+LT6eMibfAvUqkZ12Ni4L4YwrC8p8PcObmYv3pdcstYrsvYlTWIW2R+K5L\nl4URqb0zbIB5NkLhtqhKLoaoQpkCgYEA/5hkbh7e3WjUlC6d/h8/PyvFkhQeWeUi\nb+HiEDaeBKoi2PLeOu4Xx9Xir+HlsFS6zv5x63/0+acImwewr1BgA2EZkfs6bL+b\nSx3MAr0meyhOp64qiFSzaeB1Z+hkEvuEZhBli+WtEh+xqTghJBWhyV4FBZ7aScuO\nMs4ISSAyb48CgYAsy6Xnj19cuSrZHtd0mOGsG2aB9um6tz7TaSSu0mxqvhici3sT\nb0xck/VC0pVkm6eBL9I3uA9KD0NsxLyPaMTMhwF4p8LCG04bRuQlTA9ZldJW+L2c\nnaIM+J4mJozICfnFXI+xl6t/0oDFJ/hWgpD9dlU7fKv6RHb0lUf6S3aPsQKBgEcA\n8LVewg7D9noL0TwtNga4hDQmfp/+dWibWY+jfJZTJUcbgPzh851CH604lfQ8NYEX\nUlJXw5gu/McEheLN8z49FTtmjT50pBFj/66rGSuRcPhH++zPit/YyQTKnDJhyNAJ\nsgwBC+lDALm/rAU4NS+ZfM+o538kmyYl8ktONHSlAoGAbG4MJic6573ix4d6QaxJ\nVVEwJTbFWftfmIDLja8k0O5VFQsqD0yH8cA0kWRsGpRfyCAChgB5Zne7m2jWLsf7\nHZxv81rrvdbkma88enxOnIbhAfItidkMOSUk5hYRppubvtGLdZaph/FF9dRI0Fm+\ny1xFWcAiPlTDNVscib2cMn4=\n-----END PRIVATE KEY-----\n",
            "public_key_fingerprint_md5": "60:1c:23:5b:5c:d6:9c:5e:b8:1d:58:75:4e:6b:3b:25",
            "public_key_fingerprint_sha256": "SHA256:bgtttDACQzOjGBA7o1j440zN3X74n2B/1uvE2mMWAVI",
            "public_key_openssh": "ssh-rsa AAAAB3NzaC1yc2EAAAADAQABAAABAQDxUvKQPsghlJFiPmNGs/vjRgdD4614MltyQ/McwlbrEFOrAgJL/adOBhJyARsOL6y1nJkayIJSpHFRu9eBlA/OaigzE9DCa0f700NulKVmCPAuh+0LA9u96HGwxVsUEh90U7t7CxfDp1E50phdeTsoiyenGltoVo16y3DZ08sJXJjkJjLoNJzOvEY7CQo1hejlqYLgRLsOb2Y6oe5X0VH33oXwv4lGxpMGis93TuAHqrhDzxUP9D5CAvAfZ52GPvKzBfOsTGEcHgNDcPZ9MENWXVxG9+kKcj/BDqIdP82aM/SBJ+UdzZGhgbgkUpYoCAXQII/4CQsIK29EtzFOv4p3\n",
            "public_key_pem": "-----BEGIN PUBLIC KEY-----\nMIIBIjANBgkqhkiG9w0BAQEFAAOCAQ8AMIIBCgKCAQEA8VLykD7IIZSRYj5jRrP7\n40YHQ+OteDJbckPzHMJW6xBTqwICS/2nTgYScgEbDi+stZyZGsiCUqRxUbvXgZQP\nzmooMxPQwmtH+9NDbpSlZgjwLoftCwPbvehxsMVbFBIfdFO7ewsXw6dROdKYXXk7\nKIsnpxpbaFaNestw2dPLCVyY5CYy6DSczrxGOwkKNYXo5amC4ES7Dm9mOqHuV9FR\n996F8L+JRsaTBorPd07gB6q4Q88VD/Q+QgLwH2edhj7yswXzrExhHB4DQ3D2fTBD\nVl1cRvfpCnI/wQ6iHT/NmjP0gSflHc2RoYG4JFKWKAgF0CCP+AkLCCtvRLcxTr+K\ndwIDAQAB\n-----END PUBLIC KEY-----\n",
            "rsa_bits": 2048
          },
          "sensitive_attributes": [
            [
              {
                "type": "get_attr",
                "value": "private_key_pem_pkcs8"
              }
            ],
            [
              {
                "type": "get_attr",
                "value": "private_key_pem"
              }
            ],
            [
              {
                "type": "get_attr",
                "value": "private_key_openssh"
              }
            ]
          ]
        }
      ]
    },
    {
      "module": "module.RDS",
      "mode": "managed",
      "type": "aws_db_instance",
      "name": "my_rds_instance",
      "provider": "module.RDS.provider[\"registry.terraform.io/hashicorp/aws\"].account2",
      "instances": [
        {
          "schema_version": 2,
          "attributes": {
            "address": "terraform-20241201184524339500000003.c10eikqscxla.us-east-1.rds.amazonaws.com",
            "allocated_storage": 20,
            "allow_major_version_upgrade": null,
            "apply_immediately": false,
            "arn": "arn:aws:rds:us-east-1:039612868338:db:terraform-20241201184524339500000003",
            "auto_minor_version_upgrade": true,
            "availability_zone": "us-east-1b",
            "backup_retention_period": 0,
            "backup_target": "region",
            "backup_window": "05:02-05:32",
            "blue_green_update": [],
            "ca_cert_identifier": "rds-ca-rsa2048-g1",
            "character_set_name": "",
            "copy_tags_to_snapshot": false,
            "custom_iam_instance_profile": "",
            "customer_owned_ip_enabled": false,
            "db_name": "mydb",
            "db_subnet_group_name": "rds-subnet-group",
            "dedicated_log_volume": false,
            "delete_automated_backups": true,
            "deletion_protection": false,
            "domain": "",
            "domain_auth_secret_arn": "",
            "domain_dns_ips": null,
            "domain_fqdn": "",
            "domain_iam_role_name": "",
            "domain_ou": "",
            "enabled_cloudwatch_logs_exports": null,
            "endpoint": "terraform-20241201184524339500000003.c10eikqscxla.us-east-1.rds.amazonaws.com:3306",
            "engine": "mysql",
            "engine_lifecycle_support": "open-source-rds-extended-support",
            "engine_version": "8.0",
            "engine_version_actual": "8.0.39",
            "final_snapshot_identifier": null,
            "hosted_zone_id": "Z2R2ITUGPM61AM",
            "iam_database_authentication_enabled": false,
            "id": "db-UCZDHZQLEFKWDN6NTK7GDLYOLY",
            "identifier": "terraform-20241201184524339500000003",
            "identifier_prefix": "terraform-",
            "instance_class": "db.t3.micro",
            "iops": 0,
            "kms_key_id": "",
            "latest_restorable_time": "",
            "license_model": "general-public-license",
            "listener_endpoint": [],
            "maintenance_window": "mon:09:43-mon:10:13",
            "manage_master_user_password": null,
            "master_user_secret": [],
            "master_user_secret_kms_key_id": null,
            "max_allocated_storage": 0,
            "monitoring_interval": 0,
            "monitoring_role_arn": "",
            "multi_az": false,
            "nchar_character_set_name": "",
            "network_type": "IPV4",
            "option_group_name": "default:mysql-8-0",
            "parameter_group_name": "default.mysql8.0",
            "password": "TheNewPasswordNov#2",
            "performance_insights_enabled": false,
            "performance_insights_kms_key_id": "",
            "performance_insights_retention_period": 0,
            "port": 3306,
            "publicly_accessible": false,
            "replica_mode": "",
            "replicas": [],
            "replicate_source_db": "",
            "resource_id": "db-UCZDHZQLEFKWDN6NTK7GDLYOLY",
            "restore_to_point_in_time": [],
            "s3_import": [],
            "skip_final_snapshot": true,
            "snapshot_identifier": null,
            "status": "available",
            "storage_encrypted": false,
            "storage_throughput": 0,
            "storage_type": "gp2",
            "tags": {
              "Name": "My RDS Instance"
            },
            "tags_all": {
              "Name": "My RDS Instance"
            },
            "timeouts": null,
            "timezone": "",
            "upgrade_storage_config": null,
            "username": "admin",
            "vpc_security_group_ids": [
              "sg-00aa01cb206dfd1e9"
            ]
          },
          "sensitive_attributes": [
            [
              {
                "type": "get_attr",
                "value": "password"
              }
            ]
          ],
          "private": "eyJlMmJmYjczMC1lY2FhLTExZTYtOGY4OC0zNDM2M2JjN2M0YzAiOnsiY3JlYXRlIjoyNDAwMDAwMDAwMDAwLCJkZWxldGUiOjM2MDAwMDAwMDAwMDAsInVwZGF0ZSI6NDgwMDAwMDAwMDAwMH0sInNjaGVtYV92ZXJzaW9uIjoiMiJ9",
          "dependencies": [
            "module.RDS.aws_db_subnet_group.rds_subnet_group",
            "module.RDS.aws_security_group.rds_sg",
            "module.RDS.aws_subnet.private_subnet_1",
            "module.RDS.aws_subnet.private_subnet_2",
            "module.RDS.aws_vpc.my_vpc"
          ]
        }
      ]
    },
    {
      "module": "module.RDS",
      "mode": "managed",
      "type": "aws_db_subnet_group",
      "name": "rds_subnet_group",
      "provider": "module.RDS.provider[\"registry.terraform.io/hashicorp/aws\"].account2",
      "instances": [
        {
          "schema_version": 0,
          "attributes": {
            "arn": "arn:aws:rds:us-east-1:039612868338:subgrp:rds-subnet-group",
            "description": "Managed by Terraform",
            "id": "rds-subnet-group",
            "name": "rds-subnet-group",
            "name_prefix": "",
            "subnet_ids": [
              "subnet-032fa7bfbe0aeaac6",
              "subnet-0874d9e4b3ecb3190"
            ],
            "supported_network_types": [
              "IPV4"
            ],
            "tags": {
              "Name": "RDS Subnet Group"
            },
            "tags_all": {
              "Name": "RDS Subnet Group"
            },
            "vpc_id": "vpc-0969774ac81662a23"
          },
          "sensitive_attributes": [],
          "private": "bnVsbA==",
          "dependencies": [
            "module.RDS.aws_subnet.private_subnet_1",
            "module.RDS.aws_subnet.private_subnet_2",
            "module.RDS.aws_vpc.my_vpc"
          ]
        }
      ]
    },
    {
      "module": "module.RDS",
      "mode": "managed",
      "type": "aws_route_table",
      "name": "vpc2_route_table",
      "provider": "module.RDS.provider[\"registry.terraform.io/hashicorp/aws\"].account2",
      "instances": [
        {
          "schema_version": 0,
          "attributes": {
            "arn": "arn:aws:ec2:us-east-1:039612868338:route-table/rtb-05d8d0f5027593fef",
            "id": "rtb-05d8d0f5027593fef",
            "owner_id": "039612868338",
            "propagating_vgws": [],
            "route": [],
            "tags": {
              "Name": "VPC1 Route Table"
            },
            "tags_all": {
              "Name": "VPC1 Route Table"
            },
            "timeouts": null,
            "vpc_id": "vpc-0969774ac81662a23"
          },
          "sensitive_attributes": [],
          "private": "eyJlMmJmYjczMC1lY2FhLTExZTYtOGY4OC0zNDM2M2JjN2M0YzAiOnsiY3JlYXRlIjozMDAwMDAwMDAwMDAsImRlbGV0ZSI6MzAwMDAwMDAwMDAwLCJ1cGRhdGUiOjEyMDAwMDAwMDAwMH19",
          "dependencies": [
            "module.RDS.aws_vpc.my_vpc"
          ]
        }
      ]
    },
    {
      "module": "module.RDS",
      "mode": "managed",
      "type": "aws_route_table_association",
      "name": "subnet1_association",
      "provider": "module.RDS.provider[\"registry.terraform.io/hashicorp/aws\"].account2",
      "instances": [
        {
          "schema_version": 0,
          "attributes": {
            "gateway_id": "",
            "id": "rtbassoc-0625a878469f926e0",
            "route_table_id": "rtb-05d8d0f5027593fef",
            "subnet_id": "subnet-0874d9e4b3ecb3190",
            "timeouts": null
          },
          "sensitive_attributes": [],
          "private": "eyJlMmJmYjczMC1lY2FhLTExZTYtOGY4OC0zNDM2M2JjN2M0YzAiOnsiY3JlYXRlIjozMDAwMDAwMDAwMDAsImRlbGV0ZSI6MzAwMDAwMDAwMDAwLCJ1cGRhdGUiOjEyMDAwMDAwMDAwMH19",
          "dependencies": [
            "module.RDS.aws_route_table.vpc2_route_table",
            "module.RDS.aws_subnet.private_subnet_1",
            "module.RDS.aws_vpc.my_vpc"
          ]
        }
      ]
    },
    {
      "module": "module.RDS",
      "mode": "managed",
      "type": "aws_route_table_association",
      "name": "subnet2_association",
      "provider": "module.RDS.provider[\"registry.terraform.io/hashicorp/aws\"].account2",
      "instances": [
        {
          "schema_version": 0,
          "attributes": {
            "gateway_id": "",
            "id": "rtbassoc-03a5eb2ae13559e89",
            "route_table_id": "rtb-05d8d0f5027593fef",
            "subnet_id": "subnet-032fa7bfbe0aeaac6",
            "timeouts": null
          },
          "sensitive_attributes": [],
          "private": "eyJlMmJmYjczMC1lY2FhLTExZTYtOGY4OC0zNDM2M2JjN2M0YzAiOnsiY3JlYXRlIjozMDAwMDAwMDAwMDAsImRlbGV0ZSI6MzAwMDAwMDAwMDAwLCJ1cGRhdGUiOjEyMDAwMDAwMDAwMH19",
          "dependencies": [
            "module.RDS.aws_route_table.vpc2_route_table",
            "module.RDS.aws_subnet.private_subnet_2",
            "module.RDS.aws_vpc.my_vpc"
          ]
        }
      ]
    },
    {
      "module": "module.RDS",
      "mode": "managed",
      "type": "aws_security_group",
      "name": "rds_sg",
      "provider": "module.RDS.provider[\"registry.terraform.io/hashicorp/aws\"].account2",
      "instances": [
        {
          "schema_version": 1,
          "attributes": {
            "arn": "arn:aws:ec2:us-east-1:039612868338:security-group/sg-00aa01cb206dfd1e9",
            "description": "Managed by Terraform",
            "egress": [
              {
                "cidr_blocks": [
                  "0.0.0.0/0"
                ],
                "description": "",
                "from_port": 0,
                "ipv6_cidr_blocks": [],
                "prefix_list_ids": [],
                "protocol": "-1",
                "security_groups": [],
                "self": false,
                "to_port": 0
              }
            ],
            "id": "sg-00aa01cb206dfd1e9",
            "ingress": [
              {
                "cidr_blocks": [
                  "0.0.0.0/0"
                ],
                "description": "Allow HTTP",
                "from_port": 443,
                "ipv6_cidr_blocks": [],
                "prefix_list_ids": [],
                "protocol": "tcp",
                "security_groups": [],
                "self": false,
                "to_port": 443
              },
              {
                "cidr_blocks": [
                  "0.0.0.0/0"
                ],
                "description": "Allow HTTP",
                "from_port": 80,
                "ipv6_cidr_blocks": [],
                "prefix_list_ids": [],
                "protocol": "tcp",
                "security_groups": [],
                "self": false,
                "to_port": 80
              },
              {
                "cidr_blocks": [
                  "0.0.0.0/0"
                ],
                "description": "Allow MySQL Access",
                "from_port": 3306,
                "ipv6_cidr_blocks": [],
                "prefix_list_ids": [],
                "protocol": "tcp",
                "security_groups": [],
                "self": false,
                "to_port": 3306
              }
            ],
            "name": "terraform-20241201184519829000000002",
            "name_prefix": "terraform-",
            "owner_id": "039612868338",
            "revoke_rules_on_delete": false,
            "tags": {
              "Name": "RDS Security Group"
            },
            "tags_all": {
              "Name": "RDS Security Group"
            },
            "timeouts": null,
            "vpc_id": "vpc-0969774ac81662a23"
          },
          "sensitive_attributes": [],
          "private": "eyJlMmJmYjczMC1lY2FhLTExZTYtOGY4OC0zNDM2M2JjN2M0YzAiOnsiY3JlYXRlIjo2MDAwMDAwMDAwMDAsImRlbGV0ZSI6OTAwMDAwMDAwMDAwfSwic2NoZW1hX3ZlcnNpb24iOiIxIn0=",
          "dependencies": [
            "module.RDS.aws_vpc.my_vpc"
          ]
        }
      ]
    },
    {
      "module": "module.RDS",
      "mode": "managed",
      "type": "aws_subnet",
      "name": "private_subnet_1",
      "provider": "module.RDS.provider[\"registry.terraform.io/hashicorp/aws\"].account2",
      "instances": [
        {
          "schema_version": 1,
          "attributes": {
            "arn": "arn:aws:ec2:us-east-1:039612868338:subnet/subnet-0874d9e4b3ecb3190",
            "assign_ipv6_address_on_creation": false,
            "availability_zone": "us-east-1a",
            "availability_zone_id": "use1-az2",
            "cidr_block": "172.31.1.0/24",
            "customer_owned_ipv4_pool": "",
            "enable_dns64": false,
            "enable_lni_at_device_index": 0,
            "enable_resource_name_dns_a_record_on_launch": false,
            "enable_resource_name_dns_aaaa_record_on_launch": false,
            "id": "subnet-0874d9e4b3ecb3190",
            "ipv6_cidr_block": "",
            "ipv6_cidr_block_association_id": "",
            "ipv6_native": false,
            "map_customer_owned_ip_on_launch": false,
            "map_public_ip_on_launch": false,
            "outpost_arn": "",
            "owner_id": "039612868338",
            "private_dns_hostname_type_on_launch": "ip-name",
            "tags": {
              "Name": "Private Subnet 1"
            },
            "tags_all": {
              "Name": "Private Subnet 1"
            },
            "timeouts": null,
            "vpc_id": "vpc-0969774ac81662a23"
          },
          "sensitive_attributes": [],
          "private": "eyJlMmJmYjczMC1lY2FhLTExZTYtOGY4OC0zNDM2M2JjN2M0YzAiOnsiY3JlYXRlIjo2MDAwMDAwMDAwMDAsImRlbGV0ZSI6MTIwMDAwMDAwMDAwMH0sInNjaGVtYV92ZXJzaW9uIjoiMSJ9",
          "dependencies": [
            "module.RDS.aws_vpc.my_vpc"
          ]
        }
      ]
    },
    {
      "module": "module.RDS",
      "mode": "managed",
      "type": "aws_subnet",
      "name": "private_subnet_2",
      "provider": "module.RDS.provider[\"registry.terraform.io/hashicorp/aws\"].account2",
      "instances": [
        {
          "schema_version": 1,
          "attributes": {
            "arn": "arn:aws:ec2:us-east-1:039612868338:subnet/subnet-032fa7bfbe0aeaac6",
            "assign_ipv6_address_on_creation": false,
            "availability_zone": "us-east-1b",
            "availability_zone_id": "use1-az4",
            "cidr_block": "172.31.2.0/24",
            "customer_owned_ipv4_pool": "",
            "enable_dns64": false,
            "enable_lni_at_device_index": 0,
            "enable_resource_name_dns_a_record_on_launch": false,
            "enable_resource_name_dns_aaaa_record_on_launch": false,
            "id": "subnet-032fa7bfbe0aeaac6",
            "ipv6_cidr_block": "",
            "ipv6_cidr_block_association_id": "",
            "ipv6_native": false,
            "map_customer_owned_ip_on_launch": false,
            "map_public_ip_on_launch": false,
            "outpost_arn": "",
            "owner_id": "039612868338",
            "private_dns_hostname_type_on_launch": "ip-name",
            "tags": {
              "Name": "Private Subnet 2"
            },
            "tags_all": {
              "Name": "Private Subnet 2"
            },
            "timeouts": null,
            "vpc_id": "vpc-0969774ac81662a23"
          },
          "sensitive_attributes": [],
          "private": "eyJlMmJmYjczMC1lY2FhLTExZTYtOGY4OC0zNDM2M2JjN2M0YzAiOnsiY3JlYXRlIjo2MDAwMDAwMDAwMDAsImRlbGV0ZSI6MTIwMDAwMDAwMDAwMH0sInNjaGVtYV92ZXJzaW9uIjoiMSJ9",
          "dependencies": [
            "module.RDS.aws_vpc.my_vpc"
          ]
        }
      ]
    },
    {
      "module": "module.RDS",
      "mode": "managed",
      "type": "aws_vpc",
      "name": "my_vpc",
      "provider": "module.RDS.provider[\"registry.terraform.io/hashicorp/aws\"].account2",
      "instances": [
        {
          "schema_version": 1,
          "attributes": {
            "arn": "arn:aws:ec2:us-east-1:039612868338:vpc/vpc-0969774ac81662a23",
            "assign_generated_ipv6_cidr_block": false,
            "cidr_block": "172.31.0.0/16",
            "default_network_acl_id": "acl-01183b039fb1a1085",
            "default_route_table_id": "rtb-06a4dc7f30cfc5cbd",
            "default_security_group_id": "sg-05841bd6e7ad0e7ff",
            "dhcp_options_id": "dopt-003697a8de0cc8028",
            "enable_dns_hostnames": true,
            "enable_dns_support": true,
            "enable_network_address_usage_metrics": false,
            "id": "vpc-0969774ac81662a23",
            "instance_tenancy": "default",
            "ipv4_ipam_pool_id": null,
            "ipv4_netmask_length": null,
            "ipv6_association_id": "",
            "ipv6_cidr_block": "",
            "ipv6_cidr_block_network_border_group": "",
            "ipv6_ipam_pool_id": "",
            "ipv6_netmask_length": 0,
            "main_route_table_id": "rtb-06a4dc7f30cfc5cbd",
            "owner_id": "039612868338",
            "tags": {
              "Name": "MyVPC"
            },
            "tags_all": {
              "Name": "MyVPC"
            }
          },
          "sensitive_attributes": [],
          "private": "eyJzY2hlbWFfdmVyc2lvbiI6IjEifQ=="
        }
      ]
    }
  ],
  "check_results": null
}
