{
  "version": 4,
  "terraform_version": "1.9.8",
  "serial": 164,
  "lineage": "98d92b37-31be-156a-27fb-a23134c59ac1",
  "outputs": {},
  "resources": [
    {
      "module": "module.EC2",
      "mode": "managed",
      "type": "aws_instance",
      "name": "ubuntu_instance",
      "provider": "provider[\"registry.terraform.io/hashicorp/aws\"].default",
      "instances": [
        {
          "schema_version": 1,
          "attributes": {
            "ami": "ami-02b64affdd5de5d46",
            "arn": "arn:aws:ec2:us-east-1:202533516001:instance/i-02c18c79da2417e34",
            "associate_public_ip_address": true,
            "availability_zone": "us-east-1a",
            "capacity_reservation_specification": [
              {
                "capacity_reservation_preference": "open",
                "capacity_reservation_target": []
              }
            ],
            "cpu_core_count": 1,
            "cpu_options": [
              {
                "amd_sev_snp": "",
                "core_count": 1,
                "threads_per_core": 1
              }
            ],
            "cpu_threads_per_core": 1,
            "credit_specification": [
              {
                "cpu_credits": "standard"
              }
            ],
            "disable_api_stop": false,
            "disable_api_termination": false,
            "ebs_block_device": [],
            "ebs_optimized": false,
            "enclave_options": [
              {
                "enabled": false
              }
            ],
            "ephemeral_block_device": [],
            "get_password_data": false,
            "hibernation": false,
            "host_id": "",
            "host_resource_group_arn": null,
            "iam_instance_profile": "",
            "id": "i-02c18c79da2417e34",
            "instance_initiated_shutdown_behavior": "stop",
            "instance_lifecycle": "",
            "instance_market_options": [],
            "instance_state": "running",
            "instance_type": "t2.micro",
            "ipv6_address_count": 0,
            "ipv6_addresses": [],
            "key_name": "backend_server_key",
            "launch_template": [],
            "maintenance_options": [
              {
                "auto_recovery": "default"
              }
            ],
            "metadata_options": [
              {
                "http_endpoint": "enabled",
                "http_protocol_ipv6": "disabled",
                "http_put_response_hop_limit": 2,
                "http_tokens": "required",
                "instance_metadata_tags": "disabled"
              }
            ],
            "monitoring": false,
            "network_interface": [],
            "outpost_arn": "",
            "password_data": "",
            "placement_group": "",
            "placement_partition_number": 0,
            "primary_network_interface_id": "eni-0ed56457776c0ea48",
            "private_dns": "ip-10-0-1-199.ec2.internal",
            "private_dns_name_options": [
              {
                "enable_resource_name_dns_a_record": false,
                "enable_resource_name_dns_aaaa_record": false,
                "hostname_type": "ip-name"
              }
            ],
            "private_ip": "10.0.1.199",
            "public_dns": "ec2-3-230-118-104.compute-1.amazonaws.com",
            "public_ip": "3.230.118.104",
            "root_block_device": [
              {
                "delete_on_termination": true,
                "device_name": "/dev/sda1",
                "encrypted": false,
                "iops": 3000,
                "kms_key_id": "",
                "tags": {},
                "tags_all": {},
                "throughput": 125,
                "volume_id": "vol-0ab10fbfbd8ad69c9",
                "volume_size": 20,
                "volume_type": "gp3"
              }
            ],
            "secondary_private_ips": [],
            "security_groups": [],
            "source_dest_check": true,
            "spot_instance_request_id": "",
            "subnet_id": "subnet-0736f6884ce3f3d5f",
            "tags": {
              "Name": "Backed_End_Server"
            },
            "tags_all": {
              "Name": "Backed_End_Server"
            },
            "tenancy": "default",
            "timeouts": null,
            "user_data": null,
            "user_data_base64": null,
            "user_data_replace_on_change": false,
            "volume_tags": null,
            "vpc_security_group_ids": [
              "sg-09ee8389f1d84f4df"
            ]
          },
          "sensitive_attributes": [],
          "private": "eyJlMmJmYjczMC1lY2FhLTExZTYtOGY4OC0zNDM2M2JjN2M0YzAiOnsiY3JlYXRlIjo2MDAwMDAwMDAwMDAsImRlbGV0ZSI6MTIwMDAwMDAwMDAwMCwicmVhZCI6OTAwMDAwMDAwMDAwLCJ1cGRhdGUiOjYwMDAwMDAwMDAwMH0sInNjaGVtYV92ZXJzaW9uIjoiMSJ9",
          "dependencies": [
            "module.EC2.aws_key_pair.backend_server_key",
            "module.EC2.aws_security_group.backed_server_sg",
            "module.EC2.aws_subnet.public",
            "module.EC2.aws_vpc.main",
            "module.EC2.tls_private_key.ssh_local"
          ]
        }
      ]
    },
    {
      "module": "module.EC2",
      "mode": "managed",
      "type": "aws_internet_gateway",
      "name": "main",
      "provider": "provider[\"registry.terraform.io/hashicorp/aws\"].default",
      "instances": [
        {
          "schema_version": 0,
          "attributes": {
            "arn": "arn:aws:ec2:us-east-1:202533516001:internet-gateway/igw-0f76b6d02e735867a",
            "id": "igw-0f76b6d02e735867a",
            "owner_id": "202533516001",
            "tags": {
              "Name": "Back_End_Vpc-igw"
            },
            "tags_all": {
              "Name": "Back_End_Vpc-igw"
            },
            "timeouts": null,
            "vpc_id": "vpc-01211e19664e855a2"
          },
          "sensitive_attributes": [],
          "private": "eyJlMmJmYjczMC1lY2FhLTExZTYtOGY4OC0zNDM2M2JjN2M0YzAiOnsiY3JlYXRlIjoxMjAwMDAwMDAwMDAwLCJkZWxldGUiOjEyMDAwMDAwMDAwMDAsInVwZGF0ZSI6MTIwMDAwMDAwMDAwMH19",
          "dependencies": [
            "module.EC2.aws_vpc.main"
          ]
        }
      ]
    },
    {
      "module": "module.EC2",
      "mode": "managed",
      "type": "aws_key_pair",
      "name": "backend_server_key",
      "provider": "provider[\"registry.terraform.io/hashicorp/aws\"].default",
      "instances": [
        {
          "schema_version": 1,
          "attributes": {
            "arn": "arn:aws:ec2:us-east-1:202533516001:key-pair/backend_server_key",
            "fingerprint": "8d:5d:5d:2d:de:5a:cc:75:14:c5:5c:a6:0f:59:1d:bf",
            "id": "backend_server_key",
            "key_name": "backend_server_key",
            "key_name_prefix": "",
            "key_pair_id": "key-05a4f5213cab4b154",
            "key_type": "rsa",
            "public_key": "ssh-rsa AAAAB3NzaC1yc2EAAAADAQABAAABAQDVaMSr0WsN++WuZ9f/MLYj5jcnR3/edouo/JAJB/dSSnc/ofEpZloh4a9KQKQCBmYBzlUMPrZ4akNPmjFdmwLCz3IlcxiP8NF85cTZfQNEqXbnXFrsjelhm5tTKw2pI12JWNI6MJ4oOqvk91F/T+5Dtec90o8jl9KNr5U7a32P1A67mWw8KfZpXZcE0FOpHk75jYlDoU9aRqGF8Ktfw1mSlYZdbBFIYZWX4rhVoJAzsmb74bZD1nzJ2RPJ8gZ1S4m+3pea0kop/nDBMBmgh3S98qWoCMVYOkZESFlFX0wpoGQn0LH/1HOOlySZPB9Zqs0JewJpQIJMGxCfSYkmBisX",
            "tags": {},
            "tags_all": {}
          },
          "sensitive_attributes": [],
          "private": "eyJzY2hlbWFfdmVyc2lvbiI6IjEifQ==",
          "dependencies": [
            "module.EC2.tls_private_key.ssh_local"
          ]
        }
      ]
    },
    {
      "module": "module.EC2",
      "mode": "managed",
      "type": "aws_route_table",
      "name": "public",
      "provider": "provider[\"registry.terraform.io/hashicorp/aws\"].default",
      "instances": [
        {
          "schema_version": 0,
          "attributes": {
            "arn": "arn:aws:ec2:us-east-1:202533516001:route-table/rtb-059f0a72985f2e555",
            "id": "rtb-059f0a72985f2e555",
            "owner_id": "202533516001",
            "propagating_vgws": [],
            "route": [
              {
                "carrier_gateway_id": "",
                "cidr_block": "0.0.0.0/0",
                "core_network_arn": "",
                "destination_prefix_list_id": "",
                "egress_only_gateway_id": "",
                "gateway_id": "igw-0f76b6d02e735867a",
                "ipv6_cidr_block": "",
                "local_gateway_id": "",
                "nat_gateway_id": "",
                "network_interface_id": "",
                "transit_gateway_id": "",
                "vpc_endpoint_id": "",
                "vpc_peering_connection_id": ""
              }
            ],
            "tags": {
              "Name": "Back_End_Vpc-public-rt"
            },
            "tags_all": {
              "Name": "Back_End_Vpc-public-rt"
            },
            "timeouts": null,
            "vpc_id": "vpc-01211e19664e855a2"
          },
          "sensitive_attributes": [],
          "private": "eyJlMmJmYjczMC1lY2FhLTExZTYtOGY4OC0zNDM2M2JjN2M0YzAiOnsiY3JlYXRlIjozMDAwMDAwMDAwMDAsImRlbGV0ZSI6MzAwMDAwMDAwMDAwLCJ1cGRhdGUiOjEyMDAwMDAwMDAwMH19",
          "dependencies": [
            "module.EC2.aws_internet_gateway.main",
            "module.EC2.aws_vpc.main"
          ]
        }
      ]
    },
    {
      "module": "module.EC2",
      "mode": "managed",
      "type": "aws_route_table_association",
      "name": "public",
      "provider": "provider[\"registry.terraform.io/hashicorp/aws\"].default",
      "instances": [
        {
          "schema_version": 0,
          "attributes": {
            "gateway_id": "",
            "id": "rtbassoc-044091b318fe2ee1b",
            "route_table_id": "rtb-059f0a72985f2e555",
            "subnet_id": "subnet-0736f6884ce3f3d5f",
            "timeouts": null
          },
          "sensitive_attributes": [],
          "private": "eyJlMmJmYjczMC1lY2FhLTExZTYtOGY4OC0zNDM2M2JjN2M0YzAiOnsiY3JlYXRlIjozMDAwMDAwMDAwMDAsImRlbGV0ZSI6MzAwMDAwMDAwMDAwLCJ1cGRhdGUiOjEyMDAwMDAwMDAwMH19",
          "dependencies": [
            "module.EC2.aws_internet_gateway.main",
            "module.EC2.aws_route_table.public",
            "module.EC2.aws_subnet.public",
            "module.EC2.aws_vpc.main"
          ]
        }
      ]
    },
    {
      "module": "module.EC2",
      "mode": "managed",
      "type": "aws_security_group",
      "name": "backed_server_sg",
      "provider": "provider[\"registry.terraform.io/hashicorp/aws\"].default",
      "instances": [
        {
          "schema_version": 1,
          "attributes": {
            "arn": "arn:aws:ec2:us-east-1:202533516001:security-group/sg-09ee8389f1d84f4df",
            "description": "Managed by Terraform",
            "egress": [
              {
                "cidr_blocks": [
                  "0.0.0.0/0"
                ],
                "description": "",
                "from_port": 0,
                "ipv6_cidr_blocks": [],
                "prefix_list_ids": [],
                "protocol": "-1",
                "security_groups": [],
                "self": false,
                "to_port": 0
              }
            ],
            "id": "sg-09ee8389f1d84f4df",
            "ingress": [
              {
                "cidr_blocks": [
                  "0.0.0.0/0"
                ],
                "description": "Allow HTTP",
                "from_port": 443,
                "ipv6_cidr_blocks": [],
                "prefix_list_ids": [],
                "protocol": "tcp",
                "security_groups": [],
                "self": false,
                "to_port": 443
              },
              {
                "cidr_blocks": [
                  "0.0.0.0/0"
                ],
                "description": "Allow HTTP",
                "from_port": 80,
                "ipv6_cidr_blocks": [],
                "prefix_list_ids": [],
                "protocol": "tcp",
                "security_groups": [],
                "self": false,
                "to_port": 80
              },
              {
                "cidr_blocks": [
                  "0.0.0.0/0"
                ],
                "description": "Allow SSH",
                "from_port": 22,
                "ipv6_cidr_blocks": [],
                "prefix_list_ids": [],
                "protocol": "tcp",
                "security_groups": [],
                "self": false,
                "to_port": 22
              }
            ],
            "name": "Backend_Server_SG",
            "name_prefix": "",
            "owner_id": "202533516001",
            "revoke_rules_on_delete": false,
            "tags": {},
            "tags_all": {},
            "timeouts": null,
            "vpc_id": "vpc-01211e19664e855a2"
          },
          "sensitive_attributes": [],
          "private": "eyJlMmJmYjczMC1lY2FhLTExZTYtOGY4OC0zNDM2M2JjN2M0YzAiOnsiY3JlYXRlIjo2MDAwMDAwMDAwMDAsImRlbGV0ZSI6OTAwMDAwMDAwMDAwfSwic2NoZW1hX3ZlcnNpb24iOiIxIn0=",
          "dependencies": [
            "module.EC2.aws_vpc.main"
          ]
        }
      ]
    },
    {
      "module": "module.EC2",
      "mode": "managed",
      "type": "aws_subnet",
      "name": "public",
      "provider": "provider[\"registry.terraform.io/hashicorp/aws\"].default",
      "instances": [
        {
          "schema_version": 1,
          "attributes": {
            "arn": "arn:aws:ec2:us-east-1:202533516001:subnet/subnet-0736f6884ce3f3d5f",
            "assign_ipv6_address_on_creation": false,
            "availability_zone": "us-east-1a",
            "availability_zone_id": "use1-az1",
            "cidr_block": "10.0.1.0/24",
            "customer_owned_ipv4_pool": "",
            "enable_dns64": false,
            "enable_lni_at_device_index": 0,
            "enable_resource_name_dns_a_record_on_launch": false,
            "enable_resource_name_dns_aaaa_record_on_launch": false,
            "id": "subnet-0736f6884ce3f3d5f",
            "ipv6_cidr_block": "",
            "ipv6_cidr_block_association_id": "",
            "ipv6_native": false,
            "map_customer_owned_ip_on_launch": false,
            "map_public_ip_on_launch": false,
            "outpost_arn": "",
            "owner_id": "202533516001",
            "private_dns_hostname_type_on_launch": "ip-name",
            "tags": {
              "Name": "Backed_End_Server_Subnet"
            },
            "tags_all": {
              "Name": "Backed_End_Server_Subnet"
            },
            "timeouts": null,
            "vpc_id": "vpc-01211e19664e855a2"
          },
          "sensitive_attributes": [],
          "private": "eyJlMmJmYjczMC1lY2FhLTExZTYtOGY4OC0zNDM2M2JjN2M0YzAiOnsiY3JlYXRlIjo2MDAwMDAwMDAwMDAsImRlbGV0ZSI6MTIwMDAwMDAwMDAwMH0sInNjaGVtYV92ZXJzaW9uIjoiMSJ9",
          "dependencies": [
            "module.EC2.aws_vpc.main"
          ]
        }
      ]
    },
    {
      "module": "module.EC2",
      "mode": "managed",
      "type": "aws_vpc",
      "name": "main",
      "provider": "provider[\"registry.terraform.io/hashicorp/aws\"].default",
      "instances": [
        {
          "schema_version": 1,
          "attributes": {
            "arn": "arn:aws:ec2:us-east-1:202533516001:vpc/vpc-01211e19664e855a2",
            "assign_generated_ipv6_cidr_block": false,
            "cidr_block": "10.0.0.0/16",
            "default_network_acl_id": "acl-0dcc4083614722daf",
            "default_route_table_id": "rtb-0567354025878a999",
            "default_security_group_id": "sg-0c5abb95932af8017",
            "dhcp_options_id": "dopt-0230fedc105081ee8",
            "enable_dns_hostnames": true,
            "enable_dns_support": true,
            "enable_network_address_usage_metrics": false,
            "id": "vpc-01211e19664e855a2",
            "instance_tenancy": "default",
            "ipv4_ipam_pool_id": null,
            "ipv4_netmask_length": null,
            "ipv6_association_id": "",
            "ipv6_cidr_block": "",
            "ipv6_cidr_block_network_border_group": "",
            "ipv6_ipam_pool_id": "",
            "ipv6_netmask_length": 0,
            "main_route_table_id": "rtb-0567354025878a999",
            "owner_id": "202533516001",
            "tags": {
              "Name": "Back_End_Vpc"
            },
            "tags_all": {
              "Name": "Back_End_Vpc"
            }
          },
          "sensitive_attributes": [],
          "private": "eyJzY2hlbWFfdmVyc2lvbiI6IjEifQ=="
        }
      ]
    },
    {
      "module": "module.EC2",
      "mode": "managed",
      "type": "tls_private_key",
      "name": "ssh_local",
      "provider": "provider[\"registry.terraform.io/hashicorp/tls\"]",
      "instances": [
        {
          "schema_version": 1,
          "attributes": {
            "algorithm": "RSA",
            "ecdsa_curve": "P224",
            "id": "25bc129fa05aa6afc659d07bbd3afbbf8b91d9fd",
            "private_key_openssh": "-----BEGIN OPENSSH PRIVATE KEY-----\nb3BlbnNzaC1rZXktdjEAAAAABG5vbmUAAAAEbm9uZQAAAAAAAAABAAABFwAAAAdz\nc2gtcnNhAAAAAwEAAQAAAQEA1WjEq9FrDfvlrmfX/zC2I+Y3J0d/3naLqPyQCQf3\nUkp3P6HxKWZaIeGvSkCkAgZmAc5VDD62eGpDT5oxXZsCws9yJXMYj/DRfOXE2X0D\nRKl251xa7I3pYZubUysNqSNdiVjSOjCeKDqr5PdRf0/uQ7XnPdKPI5fSja+VO2t9\nj9QOu5lsPCn2aV2XBNBTqR5O+Y2JQ6FPWkahhfCrX8NZkpWGXWwRSGGVl+K4VaCQ\nM7Jm++G2Q9Z8ydkTyfIGdUuJvt6XmtJKKf5wwTAZoId0vfKlqAjFWDpGREhZRV9M\nKaBkJ9Cx/9RzjpckmTwfWarNCXsCaUCCTBsQn0mJJgYrFwAAA7ifiqCwn4qgsAAA\nAAdzc2gtcnNhAAABAQDVaMSr0WsN++WuZ9f/MLYj5jcnR3/edouo/JAJB/dSSnc/\nofEpZloh4a9KQKQCBmYBzlUMPrZ4akNPmjFdmwLCz3IlcxiP8NF85cTZfQNEqXbn\nXFrsjelhm5tTKw2pI12JWNI6MJ4oOqvk91F/T+5Dtec90o8jl9KNr5U7a32P1A67\nmWw8KfZpXZcE0FOpHk75jYlDoU9aRqGF8Ktfw1mSlYZdbBFIYZWX4rhVoJAzsmb7\n4bZD1nzJ2RPJ8gZ1S4m+3pea0kop/nDBMBmgh3S98qWoCMVYOkZESFlFX0wpoGQn\n0LH/1HOOlySZPB9Zqs0JewJpQIJMGxCfSYkmBisXAAAAAwEAAQAAAQAuLzE42eZo\nLVaEivakxH72f/D5sDCNDWymEpp9SdsNVQ4/mCVfx0XERVoxIJId2hKjW2rubngA\n0UZl6MG8Nzq+vDRAxIrRQ9WiSPtz8ekOJ/qSkVsgDIowVIOl2RBoxT2N5soAS9s+\na4wdziQ2AC9ZOfmkWHgfxNCNVy1doaKXyHB7BcnicCWmYK9ATlEAdGH5TO6j0NeT\ndEL55C95wtIhNRKjW7FZH6bOA8hyj5yFfDThMyCoT0mTtf7ztlzknXO0/a677hyx\nA40HNBcqg01LzIsq3j0ZL3T5CXxOSHva6AcaJ8ntTdL0FwYvjytChOEVIkOmpu6O\n91AwJkAbCrYZAAAAgHwePfZOSUPrCNbU/6Md6ljElRq9EV2GfeiKgBvr/Rdfiwoa\n4jh3E8hS6oVf0Puob/10nB5bwndTeNKKm+6QDlDwG1PAjSXzIObr5Zjx1VW7D2nB\nhjnFK4QOKVUIPEpZDEVjbDiRx3Iii93T3obGW3KwYkGy+3dFFjsvgaJ+Oj75AAAA\ngQDxdD+LyvoB50nVP3F0F80ozHdwlsQKeHsuNClAeoQa+JK0djz3h851NQSHogS8\n1SqOJhjuf516OaRyqqX3h3otKrM1ISmeA2jA+7jU1ZpYU4GA9X/wIQEo5OXqVwqx\nnksrQ6yBuhGfnkJ5sFsATbgDjjSf4I6YnkUhWYomXfv7xQAAAIEA4kQBy6ULNES8\n7Rcysy/3tGoBieySQ+JI9fqhuRaNvrfqdJ0xJUDWIOppQWQ054LVaxpoz+9mFRUY\ng4/eLasLo3hm4bcRJsK1/rUcU8f5xHB5NlMZFlmGlN8K1OFbQvWvLqK2f6K9bSWY\nlX37cO0UrHUPPyhsy+F12lgrI3CAbSsAAAAAAQID\n-----END OPENSSH PRIVATE KEY-----\n",
            "private_key_pem": "-----BEGIN RSA PRIVATE KEY-----\nMIIEowIBAAKCAQEA1WjEq9FrDfvlrmfX/zC2I+Y3J0d/3naLqPyQCQf3Ukp3P6Hx\nKWZaIeGvSkCkAgZmAc5VDD62eGpDT5oxXZsCws9yJXMYj/DRfOXE2X0DRKl251xa\n7I3pYZubUysNqSNdiVjSOjCeKDqr5PdRf0/uQ7XnPdKPI5fSja+VO2t9j9QOu5ls\nPCn2aV2XBNBTqR5O+Y2JQ6FPWkahhfCrX8NZkpWGXWwRSGGVl+K4VaCQM7Jm++G2\nQ9Z8ydkTyfIGdUuJvt6XmtJKKf5wwTAZoId0vfKlqAjFWDpGREhZRV9MKaBkJ9Cx\n/9RzjpckmTwfWarNCXsCaUCCTBsQn0mJJgYrFwIDAQABAoIBAC4vMTjZ5mgtVoSK\n9qTEfvZ/8PmwMI0NbKYSmn1J2w1VDj+YJV/HRcRFWjEgkh3aEqNbau5ueADRRmXo\nwbw3Or68NEDEitFD1aJI+3Px6Q4n+pKRWyAMijBUg6XZEGjFPY3mygBL2z5rjB3O\nJDYAL1k5+aRYeB/E0I1XLV2hopfIcHsFyeJwJaZgr0BOUQB0YflM7qPQ15N0Qvnk\nL3nC0iE1EqNbsVkfps4DyHKPnIV8NOEzIKhPSZO1/vO2XOSdc7T9rrvuHLEDjQc0\nFyqDTUvMiyrePRkvdPkJfE5Ie9roBxonye1N0vQXBi+PK0KE4RUiQ6am7o73UDAm\nQBsKthkCgYEA8XQ/i8r6AedJ1T9xdBfNKMx3cJbECnh7LjQpQHqEGviStHY894fO\ndTUEh6IEvNUqjiYY7n+dejmkcqql94d6LSqzNSEpngNowPu41NWaWFOBgPV/8CEB\nKOTl6lcKsZ5LK0OsgboRn55CebBbAE24A440n+COmJ5FIVmKJl37+8UCgYEA4kQB\ny6ULNES87Rcysy/3tGoBieySQ+JI9fqhuRaNvrfqdJ0xJUDWIOppQWQ054LVaxpo\nz+9mFRUYg4/eLasLo3hm4bcRJsK1/rUcU8f5xHB5NlMZFlmGlN8K1OFbQvWvLqK2\nf6K9bSWYlX37cO0UrHUPPyhsy+F12lgrI3CAbSsCgYEA4zIydTTKKK5coAbxl36p\n8oDqxotm7j9OETzNsDlYQxSw3pP/bB9i2pDHsWR3tsOSJm2cuhZktNS2c5s1TgQx\np3xtYknRIjktAaIa2lIfyIrS6eiXuPklYTh5SxcaHeXH727fTLYrzRkajeyuxEtd\nIiNWSzX+l4cdn3LkdpOq/s0CgYBdnh3QEJ2uJrK0tmB322T19NZmJsft5nahr+2y\nEy7atmX/kfp/m2/9dn/OWpO5Jlz/T5IGVts55dyasrAO3TKXlH2c7o3eJ7n9hRoP\nYDJroM3GOGOs56XTeuWUZxnHfrfY5+HytXcC7gdP8yxR8QYYxOZmD2fUg5irmsde\nhnHcuQKBgHwePfZOSUPrCNbU/6Md6ljElRq9EV2GfeiKgBvr/Rdfiwoa4jh3E8hS\n6oVf0Puob/10nB5bwndTeNKKm+6QDlDwG1PAjSXzIObr5Zjx1VW7D2nBhjnFK4QO\nKVUIPEpZDEVjbDiRx3Iii93T3obGW3KwYkGy+3dFFjsvgaJ+Oj75\n-----END RSA PRIVATE KEY-----\n",
            "private_key_pem_pkcs8": "-----BEGIN PRIVATE KEY-----\nMIIEvQIBADANBgkqhkiG9w0BAQEFAASCBKcwggSjAgEAAoIBAQDVaMSr0WsN++Wu\nZ9f/MLYj5jcnR3/edouo/JAJB/dSSnc/ofEpZloh4a9KQKQCBmYBzlUMPrZ4akNP\nmjFdmwLCz3IlcxiP8NF85cTZfQNEqXbnXFrsjelhm5tTKw2pI12JWNI6MJ4oOqvk\n91F/T+5Dtec90o8jl9KNr5U7a32P1A67mWw8KfZpXZcE0FOpHk75jYlDoU9aRqGF\n8Ktfw1mSlYZdbBFIYZWX4rhVoJAzsmb74bZD1nzJ2RPJ8gZ1S4m+3pea0kop/nDB\nMBmgh3S98qWoCMVYOkZESFlFX0wpoGQn0LH/1HOOlySZPB9Zqs0JewJpQIJMGxCf\nSYkmBisXAgMBAAECggEALi8xONnmaC1WhIr2pMR+9n/w+bAwjQ1sphKafUnbDVUO\nP5glX8dFxEVaMSCSHdoSo1tq7m54ANFGZejBvDc6vrw0QMSK0UPVokj7c/HpDif6\nkpFbIAyKMFSDpdkQaMU9jebKAEvbPmuMHc4kNgAvWTn5pFh4H8TQjVctXaGil8hw\newXJ4nAlpmCvQE5RAHRh+Uzuo9DXk3RC+eQvecLSITUSo1uxWR+mzgPIco+chXw0\n4TMgqE9Jk7X+87Zc5J1ztP2uu+4csQONBzQXKoNNS8yLKt49GS90+Ql8Tkh72ugH\nGifJ7U3S9BcGL48rQoThFSJDpqbujvdQMCZAGwq2GQKBgQDxdD+LyvoB50nVP3F0\nF80ozHdwlsQKeHsuNClAeoQa+JK0djz3h851NQSHogS81SqOJhjuf516OaRyqqX3\nh3otKrM1ISmeA2jA+7jU1ZpYU4GA9X/wIQEo5OXqVwqxnksrQ6yBuhGfnkJ5sFsA\nTbgDjjSf4I6YnkUhWYomXfv7xQKBgQDiRAHLpQs0RLztFzKzL/e0agGJ7JJD4kj1\n+qG5Fo2+t+p0nTElQNYg6mlBZDTngtVrGmjP72YVFRiDj94tqwujeGbhtxEmwrX+\ntRxTx/nEcHk2UxkWWYaU3wrU4VtC9a8uorZ/or1tJZiVfftw7RSsdQ8/KGzL4XXa\nWCsjcIBtKwKBgQDjMjJ1NMoorlygBvGXfqnygOrGi2buP04RPM2wOVhDFLDek/9s\nH2LakMexZHe2w5ImbZy6FmS01LZzmzVOBDGnfG1iSdEiOS0BohraUh/IitLp6Je4\n+SVhOHlLFxod5cfvbt9MtivNGRqN7K7ES10iI1ZLNf6Xhx2fcuR2k6r+zQKBgF2e\nHdAQna4msrS2YHfbZPX01mYmx+3mdqGv7bITLtq2Zf+R+n+bb/12f85ak7kmXP9P\nkgZW2znl3JqysA7dMpeUfZzujd4nuf2FGg9gMmugzcY4Y6znpdN65ZRnGcd+t9jn\n4fK1dwLuB0/zLFHxBhjE5mYPZ9SDmKuax16Gcdy5AoGAfB499k5JQ+sI1tT/ox3q\nWMSVGr0RXYZ96IqAG+v9F1+LChriOHcTyFLqhV/Q+6hv/XScHlvCd1N40oqb7pAO\nUPAbU8CNJfMg5uvlmPHVVbsPacGGOcUrhA4pVQg8SlkMRWNsOJHHciKL3dPehsZb\ncrBiQbL7d0UWOy+Bon46Pvk=\n-----END PRIVATE KEY-----\n",
            "public_key_fingerprint_md5": "e5:23:07:f9:a6:17:cb:e8:08:52:3e:71:58:22:52:a9",
            "public_key_fingerprint_sha256": "SHA256:cxmsqg8wcBnb9sFRt56ZVeYbl2el10/KTLTn1+4COIo",
            "public_key_openssh": "ssh-rsa AAAAB3NzaC1yc2EAAAADAQABAAABAQDVaMSr0WsN++WuZ9f/MLYj5jcnR3/edouo/JAJB/dSSnc/ofEpZloh4a9KQKQCBmYBzlUMPrZ4akNPmjFdmwLCz3IlcxiP8NF85cTZfQNEqXbnXFrsjelhm5tTKw2pI12JWNI6MJ4oOqvk91F/T+5Dtec90o8jl9KNr5U7a32P1A67mWw8KfZpXZcE0FOpHk75jYlDoU9aRqGF8Ktfw1mSlYZdbBFIYZWX4rhVoJAzsmb74bZD1nzJ2RPJ8gZ1S4m+3pea0kop/nDBMBmgh3S98qWoCMVYOkZESFlFX0wpoGQn0LH/1HOOlySZPB9Zqs0JewJpQIJMGxCfSYkmBisX\n",
            "public_key_pem": "-----BEGIN PUBLIC KEY-----\nMIIBIjANBgkqhkiG9w0BAQEFAAOCAQ8AMIIBCgKCAQEA1WjEq9FrDfvlrmfX/zC2\nI+Y3J0d/3naLqPyQCQf3Ukp3P6HxKWZaIeGvSkCkAgZmAc5VDD62eGpDT5oxXZsC\nws9yJXMYj/DRfOXE2X0DRKl251xa7I3pYZubUysNqSNdiVjSOjCeKDqr5PdRf0/u\nQ7XnPdKPI5fSja+VO2t9j9QOu5lsPCn2aV2XBNBTqR5O+Y2JQ6FPWkahhfCrX8NZ\nkpWGXWwRSGGVl+K4VaCQM7Jm++G2Q9Z8ydkTyfIGdUuJvt6XmtJKKf5wwTAZoId0\nvfKlqAjFWDpGREhZRV9MKaBkJ9Cx/9RzjpckmTwfWarNCXsCaUCCTBsQn0mJJgYr\nFwIDAQAB\n-----END PUBLIC KEY-----\n",
            "rsa_bits": 2048
          },
          "sensitive_attributes": [
            [
              {
                "type": "get_attr",
                "value": "private_key_openssh"
              }
            ],
            [
              {
                "type": "get_attr",
                "value": "private_key_pem_pkcs8"
              }
            ],
            [
              {
                "type": "get_attr",
                "value": "private_key_pem"
              }
            ]
          ]
        }
      ]
    },
    {
      "module": "module.RDS",
      "mode": "managed",
      "type": "aws_db_instance",
      "name": "my_rds_instance",
      "provider": "module.RDS.provider[\"registry.terraform.io/hashicorp/aws\"].account2",
      "instances": [
        {
          "schema_version": 2,
          "attributes": {
            "address": "terraform-20241117184213205500000001.c10eikqscxla.us-east-1.rds.amazonaws.com",
            "allocated_storage": 20,
            "allow_major_version_upgrade": null,
            "apply_immediately": false,
            "arn": "arn:aws:rds:us-east-1:039612868338:db:terraform-20241117184213205500000001",
            "auto_minor_version_upgrade": true,
            "availability_zone": "us-east-1a",
            "backup_retention_period": 0,
            "backup_target": "region",
            "backup_window": "04:00-04:30",
            "blue_green_update": [],
            "ca_cert_identifier": "rds-ca-rsa2048-g1",
            "character_set_name": "",
            "copy_tags_to_snapshot": false,
            "custom_iam_instance_profile": "",
            "customer_owned_ip_enabled": false,
            "db_name": "mydb",
            "db_subnet_group_name": "rds-subnet-group",
            "dedicated_log_volume": false,
            "delete_automated_backups": true,
            "deletion_protection": false,
            "domain": "",
            "domain_auth_secret_arn": "",
            "domain_dns_ips": null,
            "domain_fqdn": "",
            "domain_iam_role_name": "",
            "domain_ou": "",
            "enabled_cloudwatch_logs_exports": null,
            "endpoint": "terraform-20241117184213205500000001.c10eikqscxla.us-east-1.rds.amazonaws.com:3306",
            "engine": "mysql",
            "engine_lifecycle_support": "open-source-rds-extended-support",
            "engine_version": "8.0",
            "engine_version_actual": "8.0.39",
            "final_snapshot_identifier": null,
            "hosted_zone_id": "Z2R2ITUGPM61AM",
            "iam_database_authentication_enabled": false,
            "id": "db-N6OLM5DBKIO4Q4GWVXUEDK44TQ",
            "identifier": "terraform-20241117184213205500000001",
            "identifier_prefix": "terraform-",
            "instance_class": "db.t3.micro",
            "iops": 0,
            "kms_key_id": "",
            "latest_restorable_time": "",
            "license_model": "general-public-license",
            "listener_endpoint": [],
            "maintenance_window": "mon:03:12-mon:03:42",
            "manage_master_user_password": null,
            "master_user_secret": [],
            "master_user_secret_kms_key_id": null,
            "max_allocated_storage": 0,
            "monitoring_interval": 0,
            "monitoring_role_arn": "",
            "multi_az": false,
            "nchar_character_set_name": "",
            "network_type": "IPV4",
            "option_group_name": "default:mysql-8-0",
            "parameter_group_name": "default.mysql8.0",
            "password": "TheNewPasswordNov#2",
            "performance_insights_enabled": false,
            "performance_insights_kms_key_id": "",
            "performance_insights_retention_period": 0,
            "port": 3306,
            "publicly_accessible": false,
            "replica_mode": "",
            "replicas": [],
            "replicate_source_db": "",
            "resource_id": "db-N6OLM5DBKIO4Q4GWVXUEDK44TQ",
            "restore_to_point_in_time": [],
            "s3_import": [],
            "skip_final_snapshot": true,
            "snapshot_identifier": null,
            "status": "available",
            "storage_encrypted": false,
            "storage_throughput": 0,
            "storage_type": "gp2",
            "tags": {
              "Name": "My RDS Instance"
            },
            "tags_all": {
              "Name": "My RDS Instance"
            },
            "timeouts": null,
            "timezone": "",
            "upgrade_storage_config": null,
            "username": "admin",
            "vpc_security_group_ids": [
              "sg-0fd5e97abd02ab0e6"
            ]
          },
          "sensitive_attributes": [
            [
              {
                "type": "get_attr",
                "value": "password"
              }
            ]
          ],
          "private": "eyJlMmJmYjczMC1lY2FhLTExZTYtOGY4OC0zNDM2M2JjN2M0YzAiOnsiY3JlYXRlIjoyNDAwMDAwMDAwMDAwLCJkZWxldGUiOjM2MDAwMDAwMDAwMDAsInVwZGF0ZSI6NDgwMDAwMDAwMDAwMH0sInNjaGVtYV92ZXJzaW9uIjoiMiJ9",
          "dependencies": [
            "module.RDS.aws_db_subnet_group.rds_subnet_group",
            "module.RDS.aws_security_group.rds_sg",
            "module.RDS.aws_subnet.private_subnet_1",
            "module.RDS.aws_subnet.private_subnet_2",
            "module.RDS.aws_vpc.my_vpc"
          ]
        }
      ]
    },
    {
      "module": "module.RDS",
      "mode": "managed",
      "type": "aws_db_subnet_group",
      "name": "rds_subnet_group",
      "provider": "module.RDS.provider[\"registry.terraform.io/hashicorp/aws\"].account2",
      "instances": [
        {
          "schema_version": 0,
          "attributes": {
            "arn": "arn:aws:rds:us-east-1:039612868338:subgrp:rds-subnet-group",
            "description": "Managed by Terraform",
            "id": "rds-subnet-group",
            "name": "rds-subnet-group",
            "name_prefix": "",
            "subnet_ids": [
              "subnet-04405c75eccbf125b",
              "subnet-0efb989d5e4f48b61"
            ],
            "supported_network_types": [
              "IPV4"
            ],
            "tags": {
              "Name": "RDS Subnet Group"
            },
            "tags_all": {
              "Name": "RDS Subnet Group"
            },
            "vpc_id": "vpc-0c1f183e14153bf7e"
          },
          "sensitive_attributes": [],
          "private": "bnVsbA==",
          "dependencies": [
            "module.RDS.aws_subnet.private_subnet_1",
            "module.RDS.aws_subnet.private_subnet_2",
            "module.RDS.aws_vpc.my_vpc"
          ]
        }
      ]
    },
    {
      "module": "module.RDS",
      "mode": "managed",
      "type": "aws_security_group",
      "name": "rds_sg",
      "provider": "module.RDS.provider[\"registry.terraform.io/hashicorp/aws\"].account2",
      "instances": [
        {
          "schema_version": 1,
          "attributes": {
            "arn": "arn:aws:ec2:us-east-1:039612868338:security-group/sg-0fd5e97abd02ab0e6",
            "description": "Managed by Terraform",
            "egress": [
              {
                "cidr_blocks": [
                  "0.0.0.0/0"
                ],
                "description": "",
                "from_port": 0,
                "ipv6_cidr_blocks": [],
                "prefix_list_ids": [],
                "protocol": "-1",
                "security_groups": [],
                "self": false,
                "to_port": 0
              }
            ],
            "id": "sg-0fd5e97abd02ab0e6",
            "ingress": [
              {
                "cidr_blocks": [
                  "0.0.0.0/0"
                ],
                "description": "Allow MySQL Access",
                "from_port": 3306,
                "ipv6_cidr_blocks": [],
                "prefix_list_ids": [],
                "protocol": "tcp",
                "security_groups": [],
                "self": false,
                "to_port": 3306
              }
            ],
            "name": "terraform-20241117183052195100000001",
            "name_prefix": "terraform-",
            "owner_id": "039612868338",
            "revoke_rules_on_delete": false,
            "tags": {
              "Name": "RDS Security Group"
            },
            "tags_all": {
              "Name": "RDS Security Group"
            },
            "timeouts": null,
            "vpc_id": "vpc-0c1f183e14153bf7e"
          },
          "sensitive_attributes": [],
          "private": "eyJlMmJmYjczMC1lY2FhLTExZTYtOGY4OC0zNDM2M2JjN2M0YzAiOnsiY3JlYXRlIjo2MDAwMDAwMDAwMDAsImRlbGV0ZSI6OTAwMDAwMDAwMDAwfSwic2NoZW1hX3ZlcnNpb24iOiIxIn0=",
          "dependencies": [
            "module.RDS.aws_vpc.my_vpc"
          ]
        }
      ]
    },
    {
      "module": "module.RDS",
      "mode": "managed",
      "type": "aws_subnet",
      "name": "private_subnet_1",
      "provider": "module.RDS.provider[\"registry.terraform.io/hashicorp/aws\"].account2",
      "instances": [
        {
          "schema_version": 1,
          "attributes": {
            "arn": "arn:aws:ec2:us-east-1:039612868338:subnet/subnet-0efb989d5e4f48b61",
            "assign_ipv6_address_on_creation": false,
            "availability_zone": "us-east-1a",
            "availability_zone_id": "use1-az2",
            "cidr_block": "10.0.1.0/24",
            "customer_owned_ipv4_pool": "",
            "enable_dns64": false,
            "enable_lni_at_device_index": 0,
            "enable_resource_name_dns_a_record_on_launch": false,
            "enable_resource_name_dns_aaaa_record_on_launch": false,
            "id": "subnet-0efb989d5e4f48b61",
            "ipv6_cidr_block": "",
            "ipv6_cidr_block_association_id": "",
            "ipv6_native": false,
            "map_customer_owned_ip_on_launch": false,
            "map_public_ip_on_launch": false,
            "outpost_arn": "",
            "owner_id": "039612868338",
            "private_dns_hostname_type_on_launch": "ip-name",
            "tags": {
              "Name": "Private Subnet 1"
            },
            "tags_all": {
              "Name": "Private Subnet 1"
            },
            "timeouts": null,
            "vpc_id": "vpc-0c1f183e14153bf7e"
          },
          "sensitive_attributes": [],
          "private": "eyJlMmJmYjczMC1lY2FhLTExZTYtOGY4OC0zNDM2M2JjN2M0YzAiOnsiY3JlYXRlIjo2MDAwMDAwMDAwMDAsImRlbGV0ZSI6MTIwMDAwMDAwMDAwMH0sInNjaGVtYV92ZXJzaW9uIjoiMSJ9",
          "dependencies": [
            "module.RDS.aws_vpc.my_vpc"
          ]
        }
      ]
    },
    {
      "module": "module.RDS",
      "mode": "managed",
      "type": "aws_subnet",
      "name": "private_subnet_2",
      "provider": "module.RDS.provider[\"registry.terraform.io/hashicorp/aws\"].account2",
      "instances": [
        {
          "schema_version": 1,
          "attributes": {
            "arn": "arn:aws:ec2:us-east-1:039612868338:subnet/subnet-04405c75eccbf125b",
            "assign_ipv6_address_on_creation": false,
            "availability_zone": "us-east-1b",
            "availability_zone_id": "use1-az4",
            "cidr_block": "10.0.2.0/24",
            "customer_owned_ipv4_pool": "",
            "enable_dns64": false,
            "enable_lni_at_device_index": 0,
            "enable_resource_name_dns_a_record_on_launch": false,
            "enable_resource_name_dns_aaaa_record_on_launch": false,
            "id": "subnet-04405c75eccbf125b",
            "ipv6_cidr_block": "",
            "ipv6_cidr_block_association_id": "",
            "ipv6_native": false,
            "map_customer_owned_ip_on_launch": false,
            "map_public_ip_on_launch": false,
            "outpost_arn": "",
            "owner_id": "039612868338",
            "private_dns_hostname_type_on_launch": "ip-name",
            "tags": {
              "Name": "Private Subnet 2"
            },
            "tags_all": {
              "Name": "Private Subnet 2"
            },
            "timeouts": null,
            "vpc_id": "vpc-0c1f183e14153bf7e"
          },
          "sensitive_attributes": [],
          "private": "eyJlMmJmYjczMC1lY2FhLTExZTYtOGY4OC0zNDM2M2JjN2M0YzAiOnsiY3JlYXRlIjo2MDAwMDAwMDAwMDAsImRlbGV0ZSI6MTIwMDAwMDAwMDAwMH0sInNjaGVtYV92ZXJzaW9uIjoiMSJ9",
          "dependencies": [
            "module.RDS.aws_vpc.my_vpc"
          ]
        }
      ]
    },
    {
      "module": "module.RDS",
      "mode": "managed",
      "type": "aws_vpc",
      "name": "my_vpc",
      "provider": "module.RDS.provider[\"registry.terraform.io/hashicorp/aws\"].account2",
      "instances": [
        {
          "schema_version": 1,
          "attributes": {
            "arn": "arn:aws:ec2:us-east-1:039612868338:vpc/vpc-0c1f183e14153bf7e",
            "assign_generated_ipv6_cidr_block": false,
            "cidr_block": "10.0.0.0/16",
            "default_network_acl_id": "acl-04344ebe13f022d0a",
            "default_route_table_id": "rtb-0a5e9b837c3a3fb52",
            "default_security_group_id": "sg-031971526f3eafcbd",
            "dhcp_options_id": "dopt-003697a8de0cc8028",
            "enable_dns_hostnames": true,
            "enable_dns_support": true,
            "enable_network_address_usage_metrics": false,
            "id": "vpc-0c1f183e14153bf7e",
            "instance_tenancy": "default",
            "ipv4_ipam_pool_id": null,
            "ipv4_netmask_length": null,
            "ipv6_association_id": "",
            "ipv6_cidr_block": "",
            "ipv6_cidr_block_network_border_group": "",
            "ipv6_ipam_pool_id": "",
            "ipv6_netmask_length": 0,
            "main_route_table_id": "rtb-0a5e9b837c3a3fb52",
            "owner_id": "039612868338",
            "tags": {
              "Name": "MyVPC"
            },
            "tags_all": {
              "Name": "MyVPC"
            }
          },
          "sensitive_attributes": [],
          "private": "eyJzY2hlbWFfdmVyc2lvbiI6IjEifQ=="
        }
      ]
    }
  ],
  "check_results": null
}
