{
  "version": 4,
  "terraform_version": "1.9.8",
  "serial": 33,
  "lineage": "98d92b37-31be-156a-27fb-a23134c59ac1",
  "outputs": {},
  "resources": [
    {
      "module": "module.EC2",
      "mode": "managed",
      "type": "aws_instance",
      "name": "ubuntu_instance",
      "provider": "module.EC2.provider[\"registry.terraform.io/hashicorp/aws\"]",
      "instances": [
        {
          "schema_version": 1,
          "attributes": {
            "ami": "ami-02b64affdd5de5d46",
            "arn": "arn:aws:ec2:us-east-1:202533516001:instance/i-09f58d3619212aea3",
            "associate_public_ip_address": true,
            "availability_zone": "us-east-1a",
            "capacity_reservation_specification": [
              {
                "capacity_reservation_preference": "open",
                "capacity_reservation_target": []
              }
            ],
            "cpu_core_count": 1,
            "cpu_options": [
              {
                "amd_sev_snp": "",
                "core_count": 1,
                "threads_per_core": 1
              }
            ],
            "cpu_threads_per_core": 1,
            "credit_specification": [
              {
                "cpu_credits": "standard"
              }
            ],
            "disable_api_stop": false,
            "disable_api_termination": false,
            "ebs_block_device": [],
            "ebs_optimized": false,
            "enclave_options": [
              {
                "enabled": false
              }
            ],
            "ephemeral_block_device": [],
            "get_password_data": false,
            "hibernation": false,
            "host_id": "",
            "host_resource_group_arn": null,
            "iam_instance_profile": "",
            "id": "i-09f58d3619212aea3",
            "instance_initiated_shutdown_behavior": "stop",
            "instance_lifecycle": "",
            "instance_market_options": [],
            "instance_state": "running",
            "instance_type": "t2.micro",
            "ipv6_address_count": 0,
            "ipv6_addresses": [],
            "key_name": "backend_server_key",
            "launch_template": [],
            "maintenance_options": [
              {
                "auto_recovery": "default"
              }
            ],
            "metadata_options": [
              {
                "http_endpoint": "enabled",
                "http_protocol_ipv6": "disabled",
                "http_put_response_hop_limit": 2,
                "http_tokens": "required",
                "instance_metadata_tags": "disabled"
              }
            ],
            "monitoring": false,
            "network_interface": [],
            "outpost_arn": "",
            "password_data": "",
            "placement_group": "",
            "placement_partition_number": 0,
            "primary_network_interface_id": "eni-0e576679fe9709d60",
            "private_dns": "ip-10-0-1-105.ec2.internal",
            "private_dns_name_options": [
              {
                "enable_resource_name_dns_a_record": false,
                "enable_resource_name_dns_aaaa_record": false,
                "hostname_type": "ip-name"
              }
            ],
            "private_ip": "10.0.1.105",
            "public_dns": "ec2-44-192-4-170.compute-1.amazonaws.com",
            "public_ip": "44.192.4.170",
            "root_block_device": [
              {
                "delete_on_termination": true,
                "device_name": "/dev/sda1",
                "encrypted": false,
                "iops": 3000,
                "kms_key_id": "",
                "tags": {},
                "tags_all": {},
                "throughput": 125,
                "volume_id": "vol-0efda16e82b5ff364",
                "volume_size": 20,
                "volume_type": "gp3"
              }
            ],
            "secondary_private_ips": [],
            "security_groups": [],
            "source_dest_check": true,
            "spot_instance_request_id": "",
            "subnet_id": "subnet-023dcf5f1044af51c",
            "tags": {
              "Name": "Backed_End_Server"
            },
            "tags_all": {
              "Name": "Backed_End_Server"
            },
            "tenancy": "default",
            "timeouts": null,
            "user_data": null,
            "user_data_base64": null,
            "user_data_replace_on_change": false,
            "volume_tags": null,
            "vpc_security_group_ids": [
              "sg-0bb4589d43670fc81"
            ]
          },
          "sensitive_attributes": [],
          "private": "eyJlMmJmYjczMC1lY2FhLTExZTYtOGY4OC0zNDM2M2JjN2M0YzAiOnsiY3JlYXRlIjo2MDAwMDAwMDAwMDAsImRlbGV0ZSI6MTIwMDAwMDAwMDAwMCwicmVhZCI6OTAwMDAwMDAwMDAwLCJ1cGRhdGUiOjYwMDAwMDAwMDAwMH0sInNjaGVtYV92ZXJzaW9uIjoiMSJ9",
          "dependencies": [
            "module.EC2.aws_key_pair.backend_server_key",
            "module.EC2.aws_security_group.backed_server_sg",
            "module.EC2.aws_subnet.public",
            "module.EC2.aws_vpc.main",
            "module.EC2.tls_private_key.ssh_local"
          ]
        }
      ]
    },
    {
      "module": "module.EC2",
      "mode": "managed",
      "type": "aws_internet_gateway",
      "name": "main",
      "provider": "module.EC2.provider[\"registry.terraform.io/hashicorp/aws\"]",
      "instances": [
        {
          "schema_version": 0,
          "attributes": {
            "arn": "arn:aws:ec2:us-east-1:202533516001:internet-gateway/igw-0cee16a5ca822e56a",
            "id": "igw-0cee16a5ca822e56a",
            "owner_id": "202533516001",
            "tags": {
              "Name": "Back_End_Vpc-igw"
            },
            "tags_all": {
              "Name": "Back_End_Vpc-igw"
            },
            "timeouts": null,
            "vpc_id": "vpc-0d94b6b9c5091f198"
          },
          "sensitive_attributes": [],
          "private": "eyJlMmJmYjczMC1lY2FhLTExZTYtOGY4OC0zNDM2M2JjN2M0YzAiOnsiY3JlYXRlIjoxMjAwMDAwMDAwMDAwLCJkZWxldGUiOjEyMDAwMDAwMDAwMDAsInVwZGF0ZSI6MTIwMDAwMDAwMDAwMH19",
          "dependencies": [
            "module.EC2.aws_vpc.main"
          ]
        }
      ]
    },
    {
      "module": "module.EC2",
      "mode": "managed",
      "type": "aws_key_pair",
      "name": "backend_server_key",
      "provider": "module.EC2.provider[\"registry.terraform.io/hashicorp/aws\"]",
      "instances": [
        {
          "schema_version": 1,
          "attributes": {
            "arn": "arn:aws:ec2:us-east-1:202533516001:key-pair/backend_server_key",
            "fingerprint": "6d:51:88:7d:55:62:d5:7a:06:49:5f:09:4e:52:a6:0f",
            "id": "backend_server_key",
            "key_name": "backend_server_key",
            "key_name_prefix": "",
            "key_pair_id": "key-0a318fe66bed1fa19",
            "key_type": "rsa",
            "public_key": "ssh-rsa AAAAB3NzaC1yc2EAAAADAQABAAABAQCtA0Ee0rKYMODnI5Xj4Tqw/E9rZkGGojVO45tygebnBI80w6R54fZ5Fca5p0InYRgHWe7yqWS79G1OXOkB2zQdCONm6067BmbHxoYFhOREEQCX0ayWyHoZ2e0qvt3Aiiy/ne3xUmWHZAkqR/jD6bs2N8hH9bhh4vbkaXSSB29wZxHJ2vv+aCaOml/GuG6E4yG58ll9XvLPxUETNeEnb2qjyovby9sfr4WQsm3M23fE9KaPn2sOAWZD5NYA3uKWpZ7X0StS8Ddv4CALTat6aH8r8KUuOKzFmE1LW1U4b1hEKPbGT1RXcQkM3Qv03V4spuSaHlcGS0biiR3/KD3jw1q1",
            "tags": null,
            "tags_all": {}
          },
          "sensitive_attributes": [],
          "private": "eyJzY2hlbWFfdmVyc2lvbiI6IjEifQ==",
          "dependencies": [
            "module.EC2.tls_private_key.ssh_local"
          ]
        }
      ]
    },
    {
      "module": "module.EC2",
      "mode": "managed",
      "type": "aws_route_table",
      "name": "public",
      "provider": "module.EC2.provider[\"registry.terraform.io/hashicorp/aws\"]",
      "instances": [
        {
          "schema_version": 0,
          "attributes": {
            "arn": "arn:aws:ec2:us-east-1:202533516001:route-table/rtb-030dd1f330ffefa1a",
            "id": "rtb-030dd1f330ffefa1a",
            "owner_id": "202533516001",
            "propagating_vgws": [],
            "route": [
              {
                "carrier_gateway_id": "",
                "cidr_block": "0.0.0.0/0",
                "core_network_arn": "",
                "destination_prefix_list_id": "",
                "egress_only_gateway_id": "",
                "gateway_id": "igw-0cee16a5ca822e56a",
                "ipv6_cidr_block": "",
                "local_gateway_id": "",
                "nat_gateway_id": "",
                "network_interface_id": "",
                "transit_gateway_id": "",
                "vpc_endpoint_id": "",
                "vpc_peering_connection_id": ""
              }
            ],
            "tags": {
              "Name": "Back_End_Vpc-public-rt"
            },
            "tags_all": {
              "Name": "Back_End_Vpc-public-rt"
            },
            "timeouts": null,
            "vpc_id": "vpc-0d94b6b9c5091f198"
          },
          "sensitive_attributes": [],
          "private": "eyJlMmJmYjczMC1lY2FhLTExZTYtOGY4OC0zNDM2M2JjN2M0YzAiOnsiY3JlYXRlIjozMDAwMDAwMDAwMDAsImRlbGV0ZSI6MzAwMDAwMDAwMDAwLCJ1cGRhdGUiOjEyMDAwMDAwMDAwMH19",
          "dependencies": [
            "module.EC2.aws_internet_gateway.main",
            "module.EC2.aws_vpc.main"
          ]
        }
      ]
    },
    {
      "module": "module.EC2",
      "mode": "managed",
      "type": "aws_route_table_association",
      "name": "public",
      "provider": "module.EC2.provider[\"registry.terraform.io/hashicorp/aws\"]",
      "instances": [
        {
          "schema_version": 0,
          "attributes": {
            "gateway_id": "",
            "id": "rtbassoc-0b0b4bf5caaf3b9f0",
            "route_table_id": "rtb-030dd1f330ffefa1a",
            "subnet_id": "subnet-023dcf5f1044af51c",
            "timeouts": null
          },
          "sensitive_attributes": [],
          "private": "eyJlMmJmYjczMC1lY2FhLTExZTYtOGY4OC0zNDM2M2JjN2M0YzAiOnsiY3JlYXRlIjozMDAwMDAwMDAwMDAsImRlbGV0ZSI6MzAwMDAwMDAwMDAwLCJ1cGRhdGUiOjEyMDAwMDAwMDAwMH19",
          "dependencies": [
            "module.EC2.aws_internet_gateway.main",
            "module.EC2.aws_route_table.public",
            "module.EC2.aws_subnet.public",
            "module.EC2.aws_vpc.main"
          ]
        }
      ]
    },
    {
      "module": "module.EC2",
      "mode": "managed",
      "type": "aws_security_group",
      "name": "backed_server_sg",
      "provider": "module.EC2.provider[\"registry.terraform.io/hashicorp/aws\"]",
      "instances": [
        {
          "schema_version": 1,
          "attributes": {
            "arn": "arn:aws:ec2:us-east-1:202533516001:security-group/sg-0bb4589d43670fc81",
            "description": "Managed by Terraform",
            "egress": [
              {
                "cidr_blocks": [
                  "0.0.0.0/0"
                ],
                "description": "",
                "from_port": 0,
                "ipv6_cidr_blocks": [],
                "prefix_list_ids": [],
                "protocol": "-1",
                "security_groups": [],
                "self": false,
                "to_port": 0
              }
            ],
            "id": "sg-0bb4589d43670fc81",
            "ingress": [
              {
                "cidr_blocks": [
                  "0.0.0.0/0"
                ],
                "description": "Allow HTTP",
                "from_port": 443,
                "ipv6_cidr_blocks": [],
                "prefix_list_ids": [],
                "protocol": "tcp",
                "security_groups": [],
                "self": false,
                "to_port": 443
              },
              {
                "cidr_blocks": [
                  "0.0.0.0/0"
                ],
                "description": "Allow HTTP",
                "from_port": 80,
                "ipv6_cidr_blocks": [],
                "prefix_list_ids": [],
                "protocol": "tcp",
                "security_groups": [],
                "self": false,
                "to_port": 80
              },
              {
                "cidr_blocks": [
                  "0.0.0.0/0"
                ],
                "description": "Allow SSH",
                "from_port": 22,
                "ipv6_cidr_blocks": [],
                "prefix_list_ids": [],
                "protocol": "tcp",
                "security_groups": [],
                "self": false,
                "to_port": 22
              }
            ],
            "name": "Backend_Server_SG",
            "name_prefix": "",
            "owner_id": "202533516001",
            "revoke_rules_on_delete": false,
            "tags": null,
            "tags_all": {},
            "timeouts": null,
            "vpc_id": "vpc-0d94b6b9c5091f198"
          },
          "sensitive_attributes": [],
          "private": "eyJlMmJmYjczMC1lY2FhLTExZTYtOGY4OC0zNDM2M2JjN2M0YzAiOnsiY3JlYXRlIjo2MDAwMDAwMDAwMDAsImRlbGV0ZSI6OTAwMDAwMDAwMDAwfSwic2NoZW1hX3ZlcnNpb24iOiIxIn0=",
          "dependencies": [
            "module.EC2.aws_vpc.main"
          ]
        }
      ]
    },
    {
      "module": "module.EC2",
      "mode": "managed",
      "type": "aws_subnet",
      "name": "public",
      "provider": "module.EC2.provider[\"registry.terraform.io/hashicorp/aws\"]",
      "instances": [
        {
          "schema_version": 1,
          "attributes": {
            "arn": "arn:aws:ec2:us-east-1:202533516001:subnet/subnet-023dcf5f1044af51c",
            "assign_ipv6_address_on_creation": false,
            "availability_zone": "us-east-1a",
            "availability_zone_id": "use1-az1",
            "cidr_block": "10.0.1.0/24",
            "customer_owned_ipv4_pool": "",
            "enable_dns64": false,
            "enable_lni_at_device_index": 0,
            "enable_resource_name_dns_a_record_on_launch": false,
            "enable_resource_name_dns_aaaa_record_on_launch": false,
            "id": "subnet-023dcf5f1044af51c",
            "ipv6_cidr_block": "",
            "ipv6_cidr_block_association_id": "",
            "ipv6_native": false,
            "map_customer_owned_ip_on_launch": false,
            "map_public_ip_on_launch": false,
            "outpost_arn": "",
            "owner_id": "202533516001",
            "private_dns_hostname_type_on_launch": "ip-name",
            "tags": {
              "Name": "Backed_End_Server_Subnet"
            },
            "tags_all": {
              "Name": "Backed_End_Server_Subnet"
            },
            "timeouts": null,
            "vpc_id": "vpc-0d94b6b9c5091f198"
          },
          "sensitive_attributes": [],
          "private": "eyJlMmJmYjczMC1lY2FhLTExZTYtOGY4OC0zNDM2M2JjN2M0YzAiOnsiY3JlYXRlIjo2MDAwMDAwMDAwMDAsImRlbGV0ZSI6MTIwMDAwMDAwMDAwMH0sInNjaGVtYV92ZXJzaW9uIjoiMSJ9",
          "dependencies": [
            "module.EC2.aws_vpc.main"
          ]
        }
      ]
    },
    {
      "module": "module.EC2",
      "mode": "managed",
      "type": "aws_vpc",
      "name": "main",
      "provider": "module.EC2.provider[\"registry.terraform.io/hashicorp/aws\"]",
      "instances": [
        {
          "schema_version": 1,
          "attributes": {
            "arn": "arn:aws:ec2:us-east-1:202533516001:vpc/vpc-0d94b6b9c5091f198",
            "assign_generated_ipv6_cidr_block": false,
            "cidr_block": "10.0.0.0/16",
            "default_network_acl_id": "acl-06bd791f7405b3e5f",
            "default_route_table_id": "rtb-032ec36b832782e48",
            "default_security_group_id": "sg-0380557f9abc11936",
            "dhcp_options_id": "dopt-0230fedc105081ee8",
            "enable_dns_hostnames": true,
            "enable_dns_support": true,
            "enable_network_address_usage_metrics": false,
            "id": "vpc-0d94b6b9c5091f198",
            "instance_tenancy": "default",
            "ipv4_ipam_pool_id": null,
            "ipv4_netmask_length": null,
            "ipv6_association_id": "",
            "ipv6_cidr_block": "",
            "ipv6_cidr_block_network_border_group": "",
            "ipv6_ipam_pool_id": "",
            "ipv6_netmask_length": 0,
            "main_route_table_id": "rtb-032ec36b832782e48",
            "owner_id": "202533516001",
            "tags": {
              "Name": "Back_End_Vpc"
            },
            "tags_all": {
              "Name": "Back_End_Vpc"
            }
          },
          "sensitive_attributes": [],
          "private": "eyJzY2hlbWFfdmVyc2lvbiI6IjEifQ=="
        }
      ]
    },
    {
      "module": "module.EC2",
      "mode": "managed",
      "type": "tls_private_key",
      "name": "ssh_local",
      "provider": "provider[\"registry.terraform.io/hashicorp/tls\"]",
      "instances": [
        {
          "schema_version": 1,
          "attributes": {
            "algorithm": "RSA",
            "ecdsa_curve": "P224",
            "id": "1953d808a6abe5193c1e7c2ab425bc838ea8e9cc",
            "private_key_openssh": "-----BEGIN OPENSSH PRIVATE KEY-----\nb3BlbnNzaC1rZXktdjEAAAAABG5vbmUAAAAEbm9uZQAAAAAAAAABAAABFwAAAAdz\nc2gtcnNhAAAAAwEAAQAAAQEArQNBHtKymDDg5yOV4+E6sPxPa2ZBhqI1TuObcoHm\n5wSPNMOkeeH2eRXGuadCJ2EYB1nu8qlku/RtTlzpAds0HQjjZutOuwZmx8aGBYTk\nRBEAl9Gslsh6GdntKr7dwIosv53t8VJlh2QJKkf4w+m7NjfIR/W4YeL25Gl0kgdv\ncGcRydr7/mgmjppfxrhuhOMhufJZfV7yz8VBEzXhJ29qo8qL28vbH6+FkLJtzNt3\nxPSmj59rDgFmQ+TWAN7ilqWe19ErUvA3b+AgC02remh/K/ClLjisxZhNS1tVOG9Y\nRCj2xk9UV3EJDN0L9N1eLKbkmh5XBktG4okd/yg948NatQAAA7gyWImoMliJqAAA\nAAdzc2gtcnNhAAABAQCtA0Ee0rKYMODnI5Xj4Tqw/E9rZkGGojVO45tygebnBI80\nw6R54fZ5Fca5p0InYRgHWe7yqWS79G1OXOkB2zQdCONm6067BmbHxoYFhOREEQCX\n0ayWyHoZ2e0qvt3Aiiy/ne3xUmWHZAkqR/jD6bs2N8hH9bhh4vbkaXSSB29wZxHJ\n2vv+aCaOml/GuG6E4yG58ll9XvLPxUETNeEnb2qjyovby9sfr4WQsm3M23fE9KaP\nn2sOAWZD5NYA3uKWpZ7X0StS8Ddv4CALTat6aH8r8KUuOKzFmE1LW1U4b1hEKPbG\nT1RXcQkM3Qv03V4spuSaHlcGS0biiR3/KD3jw1q1AAAAAwEAAQAAAQAgxv0PWdt7\n+caiA5viEEmOPj7NmhHP7+sphvVsPDAClFqNJIOEk8qeJgIAKi/eRgbHXcJnNrBe\n62/J6NA8CctVtNlgJjREOnI+Zt39LbARNSdnm9GWv2RigWbtMjvQvly78K+jiHiz\nrcAOwpPeielt3COVfnfwE4+ytkffYok6QfzebgpZqPS1lOAPx9p1p7BiPG6adiGB\novDBjJOVBBwGSV4LJPZo0gYhF4IY9TAO0BEzmA6E/RwmmXfce7OK8Tdd7zPPX10q\nj/BLPXJaifberuUWIVLTkXvb/e/qjKbZXzz4QiaMZ6tklQHNHeGOFKOeR/TP53Vu\nPFI47Mw8vzABAAAAgQCH4fgUN6oIKkWeH9AbzUorgJCX+pew3roUox4igWjigkr1\ndwXdJg6XX8vtIHMiGSgXOpXMe53is1/dcBGlbfu6G9gCNLYiLbpyxhOCPuYplQUd\nS2mNSXlE3zWCydUDMqIWz0yxj1WZ7dJxyiWINf4Sgo6t+rbVKLsXAEAa7ThqTwAA\nAIEA02Rz4P5aicfverfpCuG6qc9NYZtlePGKbNtNNuWSGYbOMzihfac+90vScs72\nnaGepETyG6ermaBO3Co5ohRWCExjFU2uwpzwjJh7xBzDWmkJOYwLxmIqYmQT86F0\n/kvDmzlDBikxXLlCM/vfehFPPoJS/v8uW48yvyctNiKfG80AAACBANGFgfnaC/8d\nkA6HY6G1loeMB5cUrle6gl4F0cvfuf8VnegMq6cVS/V2aH3zhFYYxtVZqU7NBfDZ\n5ymNAUrtwlg2LmFEM1eWn9jThryk+o7PUjq0hHfFpld91viB72+eidhtZWbz5Mps\nqzT1swgmGexM/7vTEO7WRTTWrmNE3WKJAAAAAAEC\n-----END OPENSSH PRIVATE KEY-----\n",
            "private_key_pem": "-----BEGIN RSA PRIVATE KEY-----\nMIIEpAIBAAKCAQEArQNBHtKymDDg5yOV4+E6sPxPa2ZBhqI1TuObcoHm5wSPNMOk\neeH2eRXGuadCJ2EYB1nu8qlku/RtTlzpAds0HQjjZutOuwZmx8aGBYTkRBEAl9Gs\nlsh6GdntKr7dwIosv53t8VJlh2QJKkf4w+m7NjfIR/W4YeL25Gl0kgdvcGcRydr7\n/mgmjppfxrhuhOMhufJZfV7yz8VBEzXhJ29qo8qL28vbH6+FkLJtzNt3xPSmj59r\nDgFmQ+TWAN7ilqWe19ErUvA3b+AgC02remh/K/ClLjisxZhNS1tVOG9YRCj2xk9U\nV3EJDN0L9N1eLKbkmh5XBktG4okd/yg948NatQIDAQABAoIBACDG/Q9Z23v5xqID\nm+IQSY4+Ps2aEc/v6ymG9Ww8MAKUWo0kg4STyp4mAgAqL95GBsddwmc2sF7rb8no\n0DwJy1W02WAmNEQ6cj5m3f0tsBE1J2eb0Za/ZGKBZu0yO9C+XLvwr6OIeLOtwA7C\nk96J6W3cI5V+d/ATj7K2R99iiTpB/N5uClmo9LWU4A/H2nWnsGI8bpp2IYGi8MGM\nk5UEHAZJXgsk9mjSBiEXghj1MA7QETOYDoT9HCaZd9x7s4rxN13vM89fXSqP8Es9\nclqJ9t6u5RYhUtORe9v97+qMptlfPPhCJoxnq2SVAc0d4Y4Uo55H9M/ndW48Ujjs\nzDy/MAECgYEA02Rz4P5aicfverfpCuG6qc9NYZtlePGKbNtNNuWSGYbOMzihfac+\n90vScs72naGepETyG6ermaBO3Co5ohRWCExjFU2uwpzwjJh7xBzDWmkJOYwLxmIq\nYmQT86F0/kvDmzlDBikxXLlCM/vfehFPPoJS/v8uW48yvyctNiKfG80CgYEA0YWB\n+doL/x2QDodjobWWh4wHlxSuV7qCXgXRy9+5/xWd6AyrpxVL9XZoffOEVhjG1Vmp\nTs0F8NnnKY0BSu3CWDYuYUQzV5af2NOGvKT6js9SOrSEd8WmV33W+IHvb56J2G1l\nZvPkymyrNPWzCCYZ7Ez/u9MQ7tZFNNauY0TdYokCgYA/2/q9n1kOgl2v/trhtKtF\nHSDNObp/vMgKdn1u9g8aswSbqKHwaZO19SvQDwGlQOvByCozfIV0VV89V2wtsGMF\nAr5z8xG2LN7mOjI5Xk8NgumMfugXuBQBwSXd1YqYP58Jx1SeCdeloTmEprQuFgiQ\nY6Ja8g+5DRtRb65SykayiQKBgQCyeBaOzL0LQhNDTPAA/ryKGS0d8+/NqoEBtdNO\n5fN45ODsmF5epDVfkMzQ/GztKY20jfs5tEorLnFJY2KGgJ/ao8w97eoN4a+m8gcD\nCUSkANT6TGnJ3AIk5HwIkiVx3olsYULOv1FTW90570/g0ROjxLLROqhhyQKKT5Ob\n2zz4gQKBgQCH4fgUN6oIKkWeH9AbzUorgJCX+pew3roUox4igWjigkr1dwXdJg6X\nX8vtIHMiGSgXOpXMe53is1/dcBGlbfu6G9gCNLYiLbpyxhOCPuYplQUdS2mNSXlE\n3zWCydUDMqIWz0yxj1WZ7dJxyiWINf4Sgo6t+rbVKLsXAEAa7ThqTw==\n-----END RSA PRIVATE KEY-----\n",
            "private_key_pem_pkcs8": "-----BEGIN PRIVATE KEY-----\nMIIEvgIBADANBgkqhkiG9w0BAQEFAASCBKgwggSkAgEAAoIBAQCtA0Ee0rKYMODn\nI5Xj4Tqw/E9rZkGGojVO45tygebnBI80w6R54fZ5Fca5p0InYRgHWe7yqWS79G1O\nXOkB2zQdCONm6067BmbHxoYFhOREEQCX0ayWyHoZ2e0qvt3Aiiy/ne3xUmWHZAkq\nR/jD6bs2N8hH9bhh4vbkaXSSB29wZxHJ2vv+aCaOml/GuG6E4yG58ll9XvLPxUET\nNeEnb2qjyovby9sfr4WQsm3M23fE9KaPn2sOAWZD5NYA3uKWpZ7X0StS8Ddv4CAL\nTat6aH8r8KUuOKzFmE1LW1U4b1hEKPbGT1RXcQkM3Qv03V4spuSaHlcGS0biiR3/\nKD3jw1q1AgMBAAECggEAIMb9D1nbe/nGogOb4hBJjj4+zZoRz+/rKYb1bDwwApRa\njSSDhJPKniYCACov3kYGx13CZzawXutvyejQPAnLVbTZYCY0RDpyPmbd/S2wETUn\nZ5vRlr9kYoFm7TI70L5cu/Cvo4h4s63ADsKT3onpbdwjlX538BOPsrZH32KJOkH8\n3m4KWaj0tZTgD8fadaewYjxumnYhgaLwwYyTlQQcBkleCyT2aNIGIReCGPUwDtAR\nM5gOhP0cJpl33HuzivE3Xe8zz19dKo/wSz1yWon23q7lFiFS05F72/3v6oym2V88\n+EImjGerZJUBzR3hjhSjnkf0z+d1bjxSOOzMPL8wAQKBgQDTZHPg/lqJx+96t+kK\n4bqpz01hm2V48Yps20025ZIZhs4zOKF9pz73S9JyzvadoZ6kRPIbp6uZoE7cKjmi\nFFYITGMVTa7CnPCMmHvEHMNaaQk5jAvGYipiZBPzoXT+S8ObOUMGKTFcuUIz+996\nEU8+glL+/y5bjzK/Jy02Ip8bzQKBgQDRhYH52gv/HZAOh2OhtZaHjAeXFK5XuoJe\nBdHL37n/FZ3oDKunFUv1dmh984RWGMbVWalOzQXw2ecpjQFK7cJYNi5hRDNXlp/Y\n04a8pPqOz1I6tIR3xaZXfdb4ge9vnonYbWVm8+TKbKs09bMIJhnsTP+70xDu1kU0\n1q5jRN1iiQKBgD/b+r2fWQ6CXa/+2uG0q0UdIM05un+8yAp2fW72DxqzBJuoofBp\nk7X1K9APAaVA68HIKjN8hXRVXz1XbC2wYwUCvnPzEbYs3uY6MjleTw2C6Yx+6Be4\nFAHBJd3Vipg/nwnHVJ4J16WhOYSmtC4WCJBjolryD7kNG1FvrlLKRrKJAoGBALJ4\nFo7MvQtCE0NM8AD+vIoZLR3z782qgQG1007l83jk4OyYXl6kNV+QzND8bO0pjbSN\n+zm0SisucUljYoaAn9qjzD3t6g3hr6byBwMJRKQA1PpMacncAiTkfAiSJXHeiWxh\nQs6/UVNb3TnvT+DRE6PEstE6qGHJAopPk5vbPPiBAoGBAIfh+BQ3qggqRZ4f0BvN\nSiuAkJf6l7DeuhSjHiKBaOKCSvV3Bd0mDpdfy+0gcyIZKBc6lcx7neKzX91wEaVt\n+7ob2AI0tiItunLGE4I+5imVBR1LaY1JeUTfNYLJ1QMyohbPTLGPVZnt0nHKJYg1\n/hKCjq36ttUouxcAQBrtOGpP\n-----END PRIVATE KEY-----\n",
            "public_key_fingerprint_md5": "b5:bf:9d:b3:c7:aa:1a:2c:7b:d6:98:9a:f9:af:b7:f5",
            "public_key_fingerprint_sha256": "SHA256:BpQK4HhhVOjo7FqYds09tx3xXmW/s/5ZQZbUDKDBIwE",
            "public_key_openssh": "ssh-rsa AAAAB3NzaC1yc2EAAAADAQABAAABAQCtA0Ee0rKYMODnI5Xj4Tqw/E9rZkGGojVO45tygebnBI80w6R54fZ5Fca5p0InYRgHWe7yqWS79G1OXOkB2zQdCONm6067BmbHxoYFhOREEQCX0ayWyHoZ2e0qvt3Aiiy/ne3xUmWHZAkqR/jD6bs2N8hH9bhh4vbkaXSSB29wZxHJ2vv+aCaOml/GuG6E4yG58ll9XvLPxUETNeEnb2qjyovby9sfr4WQsm3M23fE9KaPn2sOAWZD5NYA3uKWpZ7X0StS8Ddv4CALTat6aH8r8KUuOKzFmE1LW1U4b1hEKPbGT1RXcQkM3Qv03V4spuSaHlcGS0biiR3/KD3jw1q1\n",
            "public_key_pem": "-----BEGIN PUBLIC KEY-----\nMIIBIjANBgkqhkiG9w0BAQEFAAOCAQ8AMIIBCgKCAQEArQNBHtKymDDg5yOV4+E6\nsPxPa2ZBhqI1TuObcoHm5wSPNMOkeeH2eRXGuadCJ2EYB1nu8qlku/RtTlzpAds0\nHQjjZutOuwZmx8aGBYTkRBEAl9Gslsh6GdntKr7dwIosv53t8VJlh2QJKkf4w+m7\nNjfIR/W4YeL25Gl0kgdvcGcRydr7/mgmjppfxrhuhOMhufJZfV7yz8VBEzXhJ29q\no8qL28vbH6+FkLJtzNt3xPSmj59rDgFmQ+TWAN7ilqWe19ErUvA3b+AgC02remh/\nK/ClLjisxZhNS1tVOG9YRCj2xk9UV3EJDN0L9N1eLKbkmh5XBktG4okd/yg948Na\ntQIDAQAB\n-----END PUBLIC KEY-----\n",
            "rsa_bits": 2048
          },
          "sensitive_attributes": [
            [
              {
                "type": "get_attr",
                "value": "private_key_pem"
              }
            ],
            [
              {
                "type": "get_attr",
                "value": "private_key_openssh"
              }
            ],
            [
              {
                "type": "get_attr",
                "value": "private_key_pem_pkcs8"
              }
            ]
          ]
        }
      ]
    }
  ],
  "check_results": null
}
