{
  "version": 4,
  "terraform_version": "1.9.8",
  "serial": 350,
  "lineage": "98d92b37-31be-156a-27fb-a23134c59ac1",
  "outputs": {},
  "resources": [
    {
      "mode": "managed",
      "type": "aws_route",
      "name": "vpc1_to_vpc2",
      "provider": "provider[\"registry.terraform.io/hashicorp/aws\"]",
      "instances": [
        {
          "schema_version": 0,
          "attributes": {
            "carrier_gateway_id": "",
            "core_network_arn": "",
            "destination_cidr_block": "172.31.0.0/16",
            "destination_ipv6_cidr_block": "",
            "destination_prefix_list_id": "",
            "egress_only_gateway_id": "",
            "gateway_id": "",
            "id": "r-rtb-0b26f57d5fb7b91533854007479",
            "instance_id": "",
            "instance_owner_id": "",
            "local_gateway_id": "",
            "nat_gateway_id": "",
            "network_interface_id": "",
            "origin": "CreateRoute",
            "route_table_id": "rtb-0b26f57d5fb7b9153",
            "state": "blackhole",
            "timeouts": null,
            "transit_gateway_id": "",
            "vpc_endpoint_id": "",
            "vpc_peering_connection_id": "pcx-05e31db0571a6b0ee"
          },
          "sensitive_attributes": [],
          "private": "eyJlMmJmYjczMC1lY2FhLTExZTYtOGY4OC0zNDM2M2JjN2M0YzAiOnsiY3JlYXRlIjozMDAwMDAwMDAwMDAsImRlbGV0ZSI6MzAwMDAwMDAwMDAwLCJ1cGRhdGUiOjEyMDAwMDAwMDAwMH19",
          "dependencies": [
            "aws_vpc_peering_connection.vpc_peering",
            "module.EC2.aws_internet_gateway.main",
            "module.EC2.aws_route_table.public",
            "module.EC2.aws_vpc.main",
            "module.RDS.aws_vpc.my_vpc"
          ]
        }
      ]
    },
    {
      "mode": "managed",
      "type": "aws_route",
      "name": "vpc2_to_vpc1",
      "provider": "provider[\"registry.terraform.io/hashicorp/aws\"].account2",
      "instances": [
        {
          "schema_version": 0,
          "attributes": {
            "carrier_gateway_id": "",
            "core_network_arn": "",
            "destination_cidr_block": "10.0.0.0/16",
            "destination_ipv6_cidr_block": "",
            "destination_prefix_list_id": "",
            "egress_only_gateway_id": "",
            "gateway_id": "",
            "id": "r-rtb-08cef433eaea69660179966490",
            "instance_id": "",
            "instance_owner_id": "",
            "local_gateway_id": "",
            "nat_gateway_id": "",
            "network_interface_id": "",
            "origin": "CreateRoute",
            "route_table_id": "rtb-08cef433eaea69660",
            "state": "blackhole",
            "timeouts": null,
            "transit_gateway_id": "",
            "vpc_endpoint_id": "",
            "vpc_peering_connection_id": "pcx-05e31db0571a6b0ee"
          },
          "sensitive_attributes": [],
          "private": "eyJlMmJmYjczMC1lY2FhLTExZTYtOGY4OC0zNDM2M2JjN2M0YzAiOnsiY3JlYXRlIjozMDAwMDAwMDAwMDAsImRlbGV0ZSI6MzAwMDAwMDAwMDAwLCJ1cGRhdGUiOjEyMDAwMDAwMDAwMH19",
          "dependencies": [
            "aws_vpc_peering_connection.vpc_peering",
            "module.EC2.aws_vpc.main",
            "module.RDS.aws_route_table.vpc2_route_table",
            "module.RDS.aws_vpc.my_vpc"
          ]
        }
      ]
    },
    {
      "mode": "managed",
      "type": "aws_vpc_peering_connection",
      "name": "vpc_peering",
      "provider": "provider[\"registry.terraform.io/hashicorp/aws\"]",
      "instances": [
        {
          "schema_version": 0,
          "attributes": {
            "accept_status": "pending-acceptance",
            "accepter": [],
            "auto_accept": null,
            "id": "pcx-05e31db0571a6b0ee",
            "peer_owner_id": "039612868338",
            "peer_region": "us-east-1",
            "peer_vpc_id": "vpc-04ee7d247a05757f9",
            "requester": [
              {
                "allow_remote_vpc_dns_resolution": false
              }
            ],
            "tags": {
              "Name": "VPC-Peering-Connection"
            },
            "tags_all": {
              "Name": "VPC-Peering-Connection"
            },
            "timeouts": null,
            "vpc_id": "vpc-0d14cd9754b59fba1"
          },
          "sensitive_attributes": [],
          "private": "eyJlMmJmYjczMC1lY2FhLTExZTYtOGY4OC0zNDM2M2JjN2M0YzAiOnsiY3JlYXRlIjo2MDAwMDAwMDAwMCwiZGVsZXRlIjo2MDAwMDAwMDAwMCwidXBkYXRlIjo2MDAwMDAwMDAwMH19",
          "dependencies": [
            "module.EC2.aws_vpc.main",
            "module.RDS.aws_vpc.my_vpc"
          ]
        }
      ]
    },
    {
      "module": "module.EC2",
      "mode": "managed",
      "type": "aws_instance",
      "name": "ubuntu_instance",
      "provider": "provider[\"registry.terraform.io/hashicorp/aws\"].default",
      "instances": [
        {
          "schema_version": 1,
          "attributes": {
            "ami": "ami-02b64affdd5de5d46",
            "arn": "arn:aws:ec2:us-east-1:202533516001:instance/i-0f4ac94546d1e1a4c",
            "associate_public_ip_address": true,
            "availability_zone": "us-east-1a",
            "capacity_reservation_specification": [
              {
                "capacity_reservation_preference": "open",
                "capacity_reservation_target": []
              }
            ],
            "cpu_core_count": 1,
            "cpu_options": [
              {
                "amd_sev_snp": "",
                "core_count": 1,
                "threads_per_core": 1
              }
            ],
            "cpu_threads_per_core": 1,
            "credit_specification": [
              {
                "cpu_credits": "standard"
              }
            ],
            "disable_api_stop": false,
            "disable_api_termination": false,
            "ebs_block_device": [],
            "ebs_optimized": false,
            "enclave_options": [
              {
                "enabled": false
              }
            ],
            "ephemeral_block_device": [],
            "get_password_data": false,
            "hibernation": false,
            "host_id": "",
            "host_resource_group_arn": null,
            "iam_instance_profile": "",
            "id": "i-0f4ac94546d1e1a4c",
            "instance_initiated_shutdown_behavior": "stop",
            "instance_lifecycle": "",
            "instance_market_options": [],
            "instance_state": "running",
            "instance_type": "t2.micro",
            "ipv6_address_count": 0,
            "ipv6_addresses": [],
            "key_name": "backend_server_key",
            "launch_template": [],
            "maintenance_options": [
              {
                "auto_recovery": "default"
              }
            ],
            "metadata_options": [
              {
                "http_endpoint": "enabled",
                "http_protocol_ipv6": "disabled",
                "http_put_response_hop_limit": 2,
                "http_tokens": "required",
                "instance_metadata_tags": "disabled"
              }
            ],
            "monitoring": false,
            "network_interface": [],
            "outpost_arn": "",
            "password_data": "",
            "placement_group": "",
            "placement_partition_number": 0,
            "primary_network_interface_id": "eni-01e9f530ce281066a",
            "private_dns": "ip-10-0-1-249.ec2.internal",
            "private_dns_name_options": [
              {
                "enable_resource_name_dns_a_record": false,
                "enable_resource_name_dns_aaaa_record": false,
                "hostname_type": "ip-name"
              }
            ],
            "private_ip": "10.0.1.249",
            "public_dns": "ec2-34-200-223-145.compute-1.amazonaws.com",
            "public_ip": "34.200.223.145",
            "root_block_device": [
              {
                "delete_on_termination": true,
                "device_name": "/dev/sda1",
                "encrypted": false,
                "iops": 3000,
                "kms_key_id": "",
                "tags": {},
                "tags_all": {},
                "throughput": 125,
                "volume_id": "vol-00784c7eea63b223b",
                "volume_size": 20,
                "volume_type": "gp3"
              }
            ],
            "secondary_private_ips": [],
            "security_groups": [],
            "source_dest_check": true,
            "spot_instance_request_id": "",
            "subnet_id": "subnet-06c38d160048da735",
            "tags": {
              "Name": "Backed_End_Server"
            },
            "tags_all": {
              "Name": "Backed_End_Server"
            },
            "tenancy": "default",
            "timeouts": null,
            "user_data": null,
            "user_data_base64": null,
            "user_data_replace_on_change": false,
            "volume_tags": null,
            "vpc_security_group_ids": [
              "sg-0da88bda36cbef235"
            ]
          },
          "sensitive_attributes": [],
          "private": "eyJlMmJmYjczMC1lY2FhLTExZTYtOGY4OC0zNDM2M2JjN2M0YzAiOnsiY3JlYXRlIjo2MDAwMDAwMDAwMDAsImRlbGV0ZSI6MTIwMDAwMDAwMDAwMCwicmVhZCI6OTAwMDAwMDAwMDAwLCJ1cGRhdGUiOjYwMDAwMDAwMDAwMH0sInNjaGVtYV92ZXJzaW9uIjoiMSJ9",
          "dependencies": [
            "module.EC2.aws_key_pair.backend_server_key",
            "module.EC2.aws_security_group.backed_server_sg",
            "module.EC2.aws_subnet.public",
            "module.EC2.aws_vpc.main",
            "module.EC2.tls_private_key.ssh_local"
          ]
        }
      ]
    },
    {
      "module": "module.EC2",
      "mode": "managed",
      "type": "aws_internet_gateway",
      "name": "main",
      "provider": "provider[\"registry.terraform.io/hashicorp/aws\"].default",
      "instances": [
        {
          "schema_version": 0,
          "attributes": {
            "arn": "arn:aws:ec2:us-east-1:202533516001:internet-gateway/igw-0a509e1e14e9d409a",
            "id": "igw-0a509e1e14e9d409a",
            "owner_id": "202533516001",
            "tags": {
              "Name": "Back_End_Vpc-igw"
            },
            "tags_all": {
              "Name": "Back_End_Vpc-igw"
            },
            "timeouts": null,
            "vpc_id": "vpc-0d14cd9754b59fba1"
          },
          "sensitive_attributes": [],
          "private": "eyJlMmJmYjczMC1lY2FhLTExZTYtOGY4OC0zNDM2M2JjN2M0YzAiOnsiY3JlYXRlIjoxMjAwMDAwMDAwMDAwLCJkZWxldGUiOjEyMDAwMDAwMDAwMDAsInVwZGF0ZSI6MTIwMDAwMDAwMDAwMH19",
          "dependencies": [
            "module.EC2.aws_vpc.main"
          ]
        }
      ]
    },
    {
      "module": "module.EC2",
      "mode": "managed",
      "type": "aws_key_pair",
      "name": "backend_server_key",
      "provider": "provider[\"registry.terraform.io/hashicorp/aws\"].default",
      "instances": [
        {
          "schema_version": 1,
          "attributes": {
            "arn": "arn:aws:ec2:us-east-1:202533516001:key-pair/backend_server_key",
            "fingerprint": "f5:66:15:8c:ed:84:12:49:b0:25:8c:d7:c3:b1:71:3a",
            "id": "backend_server_key",
            "key_name": "backend_server_key",
            "key_name_prefix": "",
            "key_pair_id": "key-095e35a39eb2739bd",
            "key_type": "rsa",
            "public_key": "ssh-rsa AAAAB3NzaC1yc2EAAAADAQABAAABAQDvHf0KnQr7VlO08lnDNzOeqzJSPrAEaHXGzQ1Cd2WhvjXxuxsuHT2XoaX4Wvtrbrz1Rj3L6/V65OvGCfYXtqYZyOtZeVmZClNQlm7127nWs4RvRN+LYbOAGpis770qzChCAe5gbRRjFQM3U3HGKX+sH7hQw1Wkktlh3p6dAsbf0p8wsomuX6OBS2QmDiJS6rMIMRNlFaw2U4hIyO4rNTvW3CCYzX8a6cvpZDc3l8JG02Ol+Gd1tsE85pf/USFKn1QvDdt6nPl2bQpFHTXLeftHvy/e3t0KSg6JNrXSIty1IDUYgwqs5+hJKx4R0CPImMHt0Sl1Csez14Po4W+x2Ik/",
            "tags": null,
            "tags_all": {}
          },
          "sensitive_attributes": [],
          "private": "eyJzY2hlbWFfdmVyc2lvbiI6IjEifQ==",
          "dependencies": [
            "module.EC2.tls_private_key.ssh_local"
          ]
        }
      ]
    },
    {
      "module": "module.EC2",
      "mode": "managed",
      "type": "aws_route_table",
      "name": "public",
      "provider": "provider[\"registry.terraform.io/hashicorp/aws\"].default",
      "instances": [
        {
          "schema_version": 0,
          "attributes": {
            "arn": "arn:aws:ec2:us-east-1:202533516001:route-table/rtb-0b26f57d5fb7b9153",
            "id": "rtb-0b26f57d5fb7b9153",
            "owner_id": "202533516001",
            "propagating_vgws": [],
            "route": [
              {
                "carrier_gateway_id": "",
                "cidr_block": "0.0.0.0/0",
                "core_network_arn": "",
                "destination_prefix_list_id": "",
                "egress_only_gateway_id": "",
                "gateway_id": "igw-0a509e1e14e9d409a",
                "ipv6_cidr_block": "",
                "local_gateway_id": "",
                "nat_gateway_id": "",
                "network_interface_id": "",
                "transit_gateway_id": "",
                "vpc_endpoint_id": "",
                "vpc_peering_connection_id": ""
              }
            ],
            "tags": {
              "Name": "Back_End_Vpc-public-rt"
            },
            "tags_all": {
              "Name": "Back_End_Vpc-public-rt"
            },
            "timeouts": null,
            "vpc_id": "vpc-0d14cd9754b59fba1"
          },
          "sensitive_attributes": [],
          "private": "eyJlMmJmYjczMC1lY2FhLTExZTYtOGY4OC0zNDM2M2JjN2M0YzAiOnsiY3JlYXRlIjozMDAwMDAwMDAwMDAsImRlbGV0ZSI6MzAwMDAwMDAwMDAwLCJ1cGRhdGUiOjEyMDAwMDAwMDAwMH19",
          "dependencies": [
            "module.EC2.aws_internet_gateway.main",
            "module.EC2.aws_vpc.main"
          ]
        }
      ]
    },
    {
      "module": "module.EC2",
      "mode": "managed",
      "type": "aws_route_table_association",
      "name": "public",
      "provider": "provider[\"registry.terraform.io/hashicorp/aws\"].default",
      "instances": [
        {
          "schema_version": 0,
          "attributes": {
            "gateway_id": "",
            "id": "rtbassoc-0b2604bc8019bbbb7",
            "route_table_id": "rtb-0b26f57d5fb7b9153",
            "subnet_id": "subnet-06c38d160048da735",
            "timeouts": null
          },
          "sensitive_attributes": [],
          "private": "eyJlMmJmYjczMC1lY2FhLTExZTYtOGY4OC0zNDM2M2JjN2M0YzAiOnsiY3JlYXRlIjozMDAwMDAwMDAwMDAsImRlbGV0ZSI6MzAwMDAwMDAwMDAwLCJ1cGRhdGUiOjEyMDAwMDAwMDAwMH19",
          "dependencies": [
            "module.EC2.aws_internet_gateway.main",
            "module.EC2.aws_route_table.public",
            "module.EC2.aws_subnet.public",
            "module.EC2.aws_vpc.main"
          ]
        }
      ]
    },
    {
      "module": "module.EC2",
      "mode": "managed",
      "type": "aws_security_group",
      "name": "backed_server_sg",
      "provider": "provider[\"registry.terraform.io/hashicorp/aws\"].default",
      "instances": [
        {
          "schema_version": 1,
          "attributes": {
            "arn": "arn:aws:ec2:us-east-1:202533516001:security-group/sg-0da88bda36cbef235",
            "description": "Managed by Terraform",
            "egress": [
              {
                "cidr_blocks": [
                  "0.0.0.0/0"
                ],
                "description": "",
                "from_port": 0,
                "ipv6_cidr_blocks": [],
                "prefix_list_ids": [],
                "protocol": "-1",
                "security_groups": [],
                "self": false,
                "to_port": 0
              }
            ],
            "id": "sg-0da88bda36cbef235",
            "ingress": [
              {
                "cidr_blocks": [
                  "0.0.0.0/0"
                ],
                "description": "Allow HTTP",
                "from_port": 443,
                "ipv6_cidr_blocks": [],
                "prefix_list_ids": [],
                "protocol": "tcp",
                "security_groups": [],
                "self": false,
                "to_port": 443
              },
              {
                "cidr_blocks": [
                  "0.0.0.0/0"
                ],
                "description": "Allow HTTP",
                "from_port": 80,
                "ipv6_cidr_blocks": [],
                "prefix_list_ids": [],
                "protocol": "tcp",
                "security_groups": [],
                "self": false,
                "to_port": 80
              },
              {
                "cidr_blocks": [
                  "0.0.0.0/0"
                ],
                "description": "Allow SSH",
                "from_port": 22,
                "ipv6_cidr_blocks": [],
                "prefix_list_ids": [],
                "protocol": "tcp",
                "security_groups": [],
                "self": false,
                "to_port": 22
              },
              {
                "cidr_blocks": [
                  "172.31.0.0/16"
                ],
                "description": "Allow HTTP",
                "from_port": 3306,
                "ipv6_cidr_blocks": [],
                "prefix_list_ids": [],
                "protocol": "tcp",
                "security_groups": [],
                "self": false,
                "to_port": 3306
              }
            ],
            "name": "Backend_Server_SG",
            "name_prefix": "",
            "owner_id": "202533516001",
            "revoke_rules_on_delete": false,
            "tags": null,
            "tags_all": {},
            "timeouts": null,
            "vpc_id": "vpc-0d14cd9754b59fba1"
          },
          "sensitive_attributes": [],
          "private": "eyJlMmJmYjczMC1lY2FhLTExZTYtOGY4OC0zNDM2M2JjN2M0YzAiOnsiY3JlYXRlIjo2MDAwMDAwMDAwMDAsImRlbGV0ZSI6OTAwMDAwMDAwMDAwfSwic2NoZW1hX3ZlcnNpb24iOiIxIn0=",
          "dependencies": [
            "module.EC2.aws_vpc.main"
          ]
        }
      ]
    },
    {
      "module": "module.EC2",
      "mode": "managed",
      "type": "aws_subnet",
      "name": "public",
      "provider": "provider[\"registry.terraform.io/hashicorp/aws\"].default",
      "instances": [
        {
          "schema_version": 1,
          "attributes": {
            "arn": "arn:aws:ec2:us-east-1:202533516001:subnet/subnet-06c38d160048da735",
            "assign_ipv6_address_on_creation": false,
            "availability_zone": "us-east-1a",
            "availability_zone_id": "use1-az1",
            "cidr_block": "10.0.1.0/24",
            "customer_owned_ipv4_pool": "",
            "enable_dns64": false,
            "enable_lni_at_device_index": 0,
            "enable_resource_name_dns_a_record_on_launch": false,
            "enable_resource_name_dns_aaaa_record_on_launch": false,
            "id": "subnet-06c38d160048da735",
            "ipv6_cidr_block": "",
            "ipv6_cidr_block_association_id": "",
            "ipv6_native": false,
            "map_customer_owned_ip_on_launch": false,
            "map_public_ip_on_launch": false,
            "outpost_arn": "",
            "owner_id": "202533516001",
            "private_dns_hostname_type_on_launch": "ip-name",
            "tags": {
              "Name": "Backed_End_Server_Subnet"
            },
            "tags_all": {
              "Name": "Backed_End_Server_Subnet"
            },
            "timeouts": null,
            "vpc_id": "vpc-0d14cd9754b59fba1"
          },
          "sensitive_attributes": [],
          "private": "eyJlMmJmYjczMC1lY2FhLTExZTYtOGY4OC0zNDM2M2JjN2M0YzAiOnsiY3JlYXRlIjo2MDAwMDAwMDAwMDAsImRlbGV0ZSI6MTIwMDAwMDAwMDAwMH0sInNjaGVtYV92ZXJzaW9uIjoiMSJ9",
          "dependencies": [
            "module.EC2.aws_vpc.main"
          ]
        }
      ]
    },
    {
      "module": "module.EC2",
      "mode": "managed",
      "type": "aws_vpc",
      "name": "main",
      "provider": "provider[\"registry.terraform.io/hashicorp/aws\"].default",
      "instances": [
        {
          "schema_version": 1,
          "attributes": {
            "arn": "arn:aws:ec2:us-east-1:202533516001:vpc/vpc-0d14cd9754b59fba1",
            "assign_generated_ipv6_cidr_block": false,
            "cidr_block": "10.0.0.0/16",
            "default_network_acl_id": "acl-04ee2eb8c2142d7ec",
            "default_route_table_id": "rtb-07ea5db6842c0de23",
            "default_security_group_id": "sg-015f551b8e0859b9e",
            "dhcp_options_id": "dopt-0230fedc105081ee8",
            "enable_dns_hostnames": true,
            "enable_dns_support": true,
            "enable_network_address_usage_metrics": false,
            "id": "vpc-0d14cd9754b59fba1",
            "instance_tenancy": "default",
            "ipv4_ipam_pool_id": null,
            "ipv4_netmask_length": null,
            "ipv6_association_id": "",
            "ipv6_cidr_block": "",
            "ipv6_cidr_block_network_border_group": "",
            "ipv6_ipam_pool_id": "",
            "ipv6_netmask_length": 0,
            "main_route_table_id": "rtb-07ea5db6842c0de23",
            "owner_id": "202533516001",
            "tags": {
              "Name": "Back_End_Vpc"
            },
            "tags_all": {
              "Name": "Back_End_Vpc"
            }
          },
          "sensitive_attributes": [],
          "private": "eyJzY2hlbWFfdmVyc2lvbiI6IjEifQ=="
        }
      ]
    },
    {
      "module": "module.EC2",
      "mode": "managed",
      "type": "tls_private_key",
      "name": "ssh_local",
      "provider": "provider[\"registry.terraform.io/hashicorp/tls\"]",
      "instances": [
        {
          "schema_version": 1,
          "attributes": {
            "algorithm": "RSA",
            "ecdsa_curve": "P224",
            "id": "a766879ada2bbcfbe945efe860e9a8f1cd7973a4",
            "private_key_openssh": "-----BEGIN OPENSSH PRIVATE KEY-----\nb3BlbnNzaC1rZXktdjEAAAAABG5vbmUAAAAEbm9uZQAAAAAAAAABAAABFwAAAAdz\nc2gtcnNhAAAAAwEAAQAAAQEA7x39Cp0K+1ZTtPJZwzcznqsyUj6wBGh1xs0NQndl\nob418bsbLh09l6Gl+Fr7a2689UY9y+v1euTrxgn2F7amGcjrWXlZmQpTUJZu9du5\n1rOEb0Tfi2GzgBqYrO+9KswoQgHuYG0UYxUDN1Nxxil/rB+4UMNVpJLZYd6enQLG\n39KfMLKJrl+jgUtkJg4iUuqzCDETZRWsNlOISMjuKzU71twgmM1/GunL6WQ3N5fC\nRtNjpfhndbbBPOaX/1EhSp9ULw3bepz5dm0KRR01y3n7R78v3t7dCkoOiTa10iLc\ntSA1GIMKrOfoSSseEdAjyJjB7dEpdQrHs9eD6OFvsdiJPwAAA7inbqF8p26hfAAA\nAAdzc2gtcnNhAAABAQDvHf0KnQr7VlO08lnDNzOeqzJSPrAEaHXGzQ1Cd2WhvjXx\nuxsuHT2XoaX4Wvtrbrz1Rj3L6/V65OvGCfYXtqYZyOtZeVmZClNQlm7127nWs4Rv\nRN+LYbOAGpis770qzChCAe5gbRRjFQM3U3HGKX+sH7hQw1Wkktlh3p6dAsbf0p8w\nsomuX6OBS2QmDiJS6rMIMRNlFaw2U4hIyO4rNTvW3CCYzX8a6cvpZDc3l8JG02Ol\n+Gd1tsE85pf/USFKn1QvDdt6nPl2bQpFHTXLeftHvy/e3t0KSg6JNrXSIty1IDUY\ngwqs5+hJKx4R0CPImMHt0Sl1Csez14Po4W+x2Ik/AAAAAwEAAQAAAQBAIZHhS9dL\nK48Nw8YRVnfQwWegqVF6DS4xYIOC5RTr+WDscVtL1enUBjXGU1iFKtEhE3K1g5Z2\nHHmjxr4rBACuf7WnbKV8J0nLHl2qMQE5tTH6ycUO0+hZnkh+cVoR5WmSsoPldrv2\nCweuygGEvVKRrnw3pPwORJhq6FMwFzORiZ4S/ubHEz8CBmQ8maANFBTnfb84dRsw\nX5QBhg6Ix15Ru8GEE57/5DKoHxe/yb1ztYyb2qzVrYDKRafddp85mbhutbTPHKPs\nvhe9yHSFWyf7R4UZD+kLBGmmdBUJ/mlxSKUCEMk51HyMt8+0T1MdaQpFCd40FhXv\n3cylsIzq9WBZAAAAgQDoHgks2Usve6lWe7coJtgQnJq4UBggU8Kr41gEfBoo07MP\nZeqUoJ2YOt7nir4xPB2vARhW7FqWk3A+LcclwJ004kPNXA3UDe/Ac/0ORNAXDRS4\nsSHdDBtbI+Nar2+SOK0nMHTyVzUR0eJ58X1nQwVLpWhb4G9BQi3JwmiI6krTLwAA\nAIEA9kbF7D6aNKjnlponIgf/7w5YquD6Z7DVfRxZhm6LLHPXKkLGTDQ8o/wMbEWF\nMyBncZIU8w6AEooOl8nuNoa0EC/bhuHKg54WKYHoOOeBgmIUCO1AvVOAm1pio0WW\npg1kyc+3RcyBSpHBn7miR+HjJ4vdYH33/ysuA0d7xJyrH10AAACBAPiO2lcAyhtj\nBf0+zMpG+5K9WXui4GN6g53HOcNsPZjQ2V36uKp/R7xGvlBm1+tHSy95xws+EGK0\nUqV4VQ5jBbMeHW/7GMM4erMXEQJXIv7iU3QvdVd/PvJNwLHLx7e3LwrT9nBSHCgp\n2sUcjTxSbROaCcJh9TtNfY3N38wXzy1LAAAAAAEC\n-----END OPENSSH PRIVATE KEY-----\n",
            "private_key_pem": "-----BEGIN RSA PRIVATE KEY-----\nMIIEowIBAAKCAQEA7x39Cp0K+1ZTtPJZwzcznqsyUj6wBGh1xs0NQndlob418bsb\nLh09l6Gl+Fr7a2689UY9y+v1euTrxgn2F7amGcjrWXlZmQpTUJZu9du51rOEb0Tf\ni2GzgBqYrO+9KswoQgHuYG0UYxUDN1Nxxil/rB+4UMNVpJLZYd6enQLG39KfMLKJ\nrl+jgUtkJg4iUuqzCDETZRWsNlOISMjuKzU71twgmM1/GunL6WQ3N5fCRtNjpfhn\ndbbBPOaX/1EhSp9ULw3bepz5dm0KRR01y3n7R78v3t7dCkoOiTa10iLctSA1GIMK\nrOfoSSseEdAjyJjB7dEpdQrHs9eD6OFvsdiJPwIDAQABAoIBAEAhkeFL10srjw3D\nxhFWd9DBZ6CpUXoNLjFgg4LlFOv5YOxxW0vV6dQGNcZTWIUq0SETcrWDlnYceaPG\nvisEAK5/tadspXwnScseXaoxATm1MfrJxQ7T6FmeSH5xWhHlaZKyg+V2u/YLB67K\nAYS9UpGufDek/A5EmGroUzAXM5GJnhL+5scTPwIGZDyZoA0UFOd9vzh1GzBflAGG\nDojHXlG7wYQTnv/kMqgfF7/JvXO1jJvarNWtgMpFp912nzmZuG61tM8co+y+F73I\ndIVbJ/tHhRkP6QsEaaZ0FQn+aXFIpQIQyTnUfIy3z7RPUx1pCkUJ3jQWFe/dzKWw\njOr1YFkCgYEA9kbF7D6aNKjnlponIgf/7w5YquD6Z7DVfRxZhm6LLHPXKkLGTDQ8\no/wMbEWFMyBncZIU8w6AEooOl8nuNoa0EC/bhuHKg54WKYHoOOeBgmIUCO1AvVOA\nm1pio0WWpg1kyc+3RcyBSpHBn7miR+HjJ4vdYH33/ysuA0d7xJyrH10CgYEA+I7a\nVwDKG2MF/T7Mykb7kr1Ze6LgY3qDncc5w2w9mNDZXfq4qn9HvEa+UGbX60dLL3nH\nCz4QYrRSpXhVDmMFsx4db/sYwzh6sxcRAlci/uJTdC91V38+8k3AscvHt7cvCtP2\ncFIcKCnaxRyNPFJtE5oJwmH1O019jc3fzBfPLUsCgYBkzMLl1xm2xAtGEQJDY5LV\nfcG87yiOmEpJUvkxlL1SDHfczEftmNPZKqjLCAlky7aLPYdllGHHNMqURgpCNxAs\nL+piYrhI9sOLaahq4haYDxy0Kqd81lilPXFx8mGexYyjLWmOIA4rP01I2uoZEdOv\ntAeAHw8KWdoTbYazCozf4QKBgG515diGdEspfa7m6tH2K7UxywOkBb6P4tAKisQr\nZVB1eDRIySqUOAgXFFrc6ZYY7/PgVbHMWjHTW2tIB9zF6vGIL6LlX0La5cSTOq7k\nlJvbbyUSNj61QP8jyL/7BP3DPfe87SdLhlHfD+dLYgTtyKXObgnhyL8bF/IeDRhB\neIPzAoGBAOgeCSzZSy97qVZ7tygm2BCcmrhQGCBTwqvjWAR8GijTsw9l6pSgnZg6\n3ueKvjE8Ha8BGFbsWpaTcD4txyXAnTTiQ81cDdQN78Bz/Q5E0BcNFLixId0MG1sj\n41qvb5I4rScwdPJXNRHR4nnxfWdDBUulaFvgb0FCLcnCaIjqStMv\n-----END RSA PRIVATE KEY-----\n",
            "private_key_pem_pkcs8": "-----BEGIN PRIVATE KEY-----\nMIIEvQIBADANBgkqhkiG9w0BAQEFAASCBKcwggSjAgEAAoIBAQDvHf0KnQr7VlO0\n8lnDNzOeqzJSPrAEaHXGzQ1Cd2WhvjXxuxsuHT2XoaX4Wvtrbrz1Rj3L6/V65OvG\nCfYXtqYZyOtZeVmZClNQlm7127nWs4RvRN+LYbOAGpis770qzChCAe5gbRRjFQM3\nU3HGKX+sH7hQw1Wkktlh3p6dAsbf0p8wsomuX6OBS2QmDiJS6rMIMRNlFaw2U4hI\nyO4rNTvW3CCYzX8a6cvpZDc3l8JG02Ol+Gd1tsE85pf/USFKn1QvDdt6nPl2bQpF\nHTXLeftHvy/e3t0KSg6JNrXSIty1IDUYgwqs5+hJKx4R0CPImMHt0Sl1Csez14Po\n4W+x2Ik/AgMBAAECggEAQCGR4UvXSyuPDcPGEVZ30MFnoKlReg0uMWCDguUU6/lg\n7HFbS9Xp1AY1xlNYhSrRIRNytYOWdhx5o8a+KwQArn+1p2ylfCdJyx5dqjEBObUx\n+snFDtPoWZ5IfnFaEeVpkrKD5Xa79gsHrsoBhL1Ska58N6T8DkSYauhTMBczkYme\nEv7mxxM/AgZkPJmgDRQU532/OHUbMF+UAYYOiMdeUbvBhBOe/+QyqB8Xv8m9c7WM\nm9qs1a2AykWn3XafOZm4brW0zxyj7L4Xvch0hVsn+0eFGQ/pCwRppnQVCf5pcUil\nAhDJOdR8jLfPtE9THWkKRQneNBYV793MpbCM6vVgWQKBgQD2RsXsPpo0qOeWmici\nB//vDliq4PpnsNV9HFmGbossc9cqQsZMNDyj/AxsRYUzIGdxkhTzDoASig6Xye42\nhrQQL9uG4cqDnhYpgeg454GCYhQI7UC9U4CbWmKjRZamDWTJz7dFzIFKkcGfuaJH\n4eMni91gfff/Ky4DR3vEnKsfXQKBgQD4jtpXAMobYwX9PszKRvuSvVl7ouBjeoOd\nxznDbD2Y0Nld+riqf0e8Rr5QZtfrR0sveccLPhBitFKleFUOYwWzHh1v+xjDOHqz\nFxECVyL+4lN0L3VXfz7yTcCxy8e3ty8K0/ZwUhwoKdrFHI08Um0TmgnCYfU7TX2N\nzd/MF88tSwKBgGTMwuXXGbbEC0YRAkNjktV9wbzvKI6YSklS+TGUvVIMd9zMR+2Y\n09kqqMsICWTLtos9h2WUYcc0ypRGCkI3ECwv6mJiuEj2w4tpqGriFpgPHLQqp3zW\nWKU9cXHyYZ7FjKMtaY4gDis/TUja6hkR06+0B4AfDwpZ2hNthrMKjN/hAoGAbnXl\n2IZ0Syl9rubq0fYrtTHLA6QFvo/i0AqKxCtlUHV4NEjJKpQ4CBcUWtzplhjv8+BV\nscxaMdNba0gH3MXq8YgvouVfQtrlxJM6ruSUm9tvJRI2PrVA/yPIv/sE/cM997zt\nJ0uGUd8P50tiBO3Ipc5uCeHIvxsX8h4NGEF4g/MCgYEA6B4JLNlLL3upVnu3KCbY\nEJyauFAYIFPCq+NYBHwaKNOzD2XqlKCdmDre54q+MTwdrwEYVuxalpNwPi3HJcCd\nNOJDzVwN1A3vwHP9DkTQFw0UuLEh3QwbWyPjWq9vkjitJzB08lc1EdHiefF9Z0MF\nS6VoW+BvQUItycJoiOpK0y8=\n-----END PRIVATE KEY-----\n",
            "public_key_fingerprint_md5": "8a:53:cc:fa:8d:4a:04:1a:cc:9d:dc:b9:3e:b1:1b:ba",
            "public_key_fingerprint_sha256": "SHA256:5ZmKOuFrcEal3kayvo8q1wv81oBDIrDudWWGF7c32OM",
            "public_key_openssh": "ssh-rsa AAAAB3NzaC1yc2EAAAADAQABAAABAQDvHf0KnQr7VlO08lnDNzOeqzJSPrAEaHXGzQ1Cd2WhvjXxuxsuHT2XoaX4Wvtrbrz1Rj3L6/V65OvGCfYXtqYZyOtZeVmZClNQlm7127nWs4RvRN+LYbOAGpis770qzChCAe5gbRRjFQM3U3HGKX+sH7hQw1Wkktlh3p6dAsbf0p8wsomuX6OBS2QmDiJS6rMIMRNlFaw2U4hIyO4rNTvW3CCYzX8a6cvpZDc3l8JG02Ol+Gd1tsE85pf/USFKn1QvDdt6nPl2bQpFHTXLeftHvy/e3t0KSg6JNrXSIty1IDUYgwqs5+hJKx4R0CPImMHt0Sl1Csez14Po4W+x2Ik/\n",
            "public_key_pem": "-----BEGIN PUBLIC KEY-----\nMIIBIjANBgkqhkiG9w0BAQEFAAOCAQ8AMIIBCgKCAQEA7x39Cp0K+1ZTtPJZwzcz\nnqsyUj6wBGh1xs0NQndlob418bsbLh09l6Gl+Fr7a2689UY9y+v1euTrxgn2F7am\nGcjrWXlZmQpTUJZu9du51rOEb0Tfi2GzgBqYrO+9KswoQgHuYG0UYxUDN1Nxxil/\nrB+4UMNVpJLZYd6enQLG39KfMLKJrl+jgUtkJg4iUuqzCDETZRWsNlOISMjuKzU7\n1twgmM1/GunL6WQ3N5fCRtNjpfhndbbBPOaX/1EhSp9ULw3bepz5dm0KRR01y3n7\nR78v3t7dCkoOiTa10iLctSA1GIMKrOfoSSseEdAjyJjB7dEpdQrHs9eD6OFvsdiJ\nPwIDAQAB\n-----END PUBLIC KEY-----\n",
            "rsa_bits": 2048
          },
          "sensitive_attributes": [
            [
              {
                "type": "get_attr",
                "value": "private_key_pem_pkcs8"
              }
            ],
            [
              {
                "type": "get_attr",
                "value": "private_key_openssh"
              }
            ],
            [
              {
                "type": "get_attr",
                "value": "private_key_pem"
              }
            ]
          ]
        }
      ]
    },
    {
      "module": "module.RDS",
      "mode": "managed",
      "type": "aws_db_instance",
      "name": "my_rds_instance",
      "provider": "module.RDS.provider[\"registry.terraform.io/hashicorp/aws\"].account2",
      "instances": [
        {
          "schema_version": 2,
          "attributes": {
            "address": "terraform-20241119174315788600000003.c10eikqscxla.us-east-1.rds.amazonaws.com",
            "allocated_storage": 20,
            "allow_major_version_upgrade": null,
            "apply_immediately": false,
            "arn": "arn:aws:rds:us-east-1:039612868338:db:terraform-20241119174315788600000003",
            "auto_minor_version_upgrade": true,
            "availability_zone": "us-east-1a",
            "backup_retention_period": 0,
            "backup_target": "region",
            "backup_window": "09:46-10:16",
            "blue_green_update": [],
            "ca_cert_identifier": "rds-ca-rsa2048-g1",
            "character_set_name": "",
            "copy_tags_to_snapshot": false,
            "custom_iam_instance_profile": "",
            "customer_owned_ip_enabled": false,
            "db_name": "mydb",
            "db_subnet_group_name": "rds-subnet-group",
            "dedicated_log_volume": false,
            "delete_automated_backups": true,
            "deletion_protection": false,
            "domain": "",
            "domain_auth_secret_arn": "",
            "domain_dns_ips": null,
            "domain_fqdn": "",
            "domain_iam_role_name": "",
            "domain_ou": "",
            "enabled_cloudwatch_logs_exports": null,
            "endpoint": "terraform-20241119174315788600000003.c10eikqscxla.us-east-1.rds.amazonaws.com:3306",
            "engine": "mysql",
            "engine_lifecycle_support": "open-source-rds-extended-support",
            "engine_version": "8.0",
            "engine_version_actual": "8.0.39",
            "final_snapshot_identifier": null,
            "hosted_zone_id": "Z2R2ITUGPM61AM",
            "iam_database_authentication_enabled": false,
            "id": "db-O65KR2FNCBG3TU2C64SKUNFQOM",
            "identifier": "terraform-20241119174315788600000003",
            "identifier_prefix": "terraform-",
            "instance_class": "db.t3.micro",
            "iops": 0,
            "kms_key_id": "",
            "latest_restorable_time": "",
            "license_model": "general-public-license",
            "listener_endpoint": [],
            "maintenance_window": "tue:08:34-tue:09:04",
            "manage_master_user_password": null,
            "master_user_secret": [],
            "master_user_secret_kms_key_id": null,
            "max_allocated_storage": 0,
            "monitoring_interval": 0,
            "monitoring_role_arn": "",
            "multi_az": false,
            "nchar_character_set_name": "",
            "network_type": "IPV4",
            "option_group_name": "default:mysql-8-0",
            "parameter_group_name": "default.mysql8.0",
            "password": "TheNewPasswordNov#2",
            "performance_insights_enabled": false,
            "performance_insights_kms_key_id": "",
            "performance_insights_retention_period": 0,
            "port": 3306,
            "publicly_accessible": false,
            "replica_mode": "",
            "replicas": [],
            "replicate_source_db": "",
            "resource_id": "db-O65KR2FNCBG3TU2C64SKUNFQOM",
            "restore_to_point_in_time": [],
            "s3_import": [],
            "skip_final_snapshot": true,
            "snapshot_identifier": null,
            "status": "available",
            "storage_encrypted": false,
            "storage_throughput": 0,
            "storage_type": "gp2",
            "tags": {
              "Name": "My RDS Instance"
            },
            "tags_all": {
              "Name": "My RDS Instance"
            },
            "timeouts": null,
            "timezone": "",
            "upgrade_storage_config": null,
            "username": "admin",
            "vpc_security_group_ids": [
              "sg-0e0170c93e2bba8ac"
            ]
          },
          "sensitive_attributes": [
            [
              {
                "type": "get_attr",
                "value": "password"
              }
            ]
          ],
          "private": "eyJlMmJmYjczMC1lY2FhLTExZTYtOGY4OC0zNDM2M2JjN2M0YzAiOnsiY3JlYXRlIjoyNDAwMDAwMDAwMDAwLCJkZWxldGUiOjM2MDAwMDAwMDAwMDAsInVwZGF0ZSI6NDgwMDAwMDAwMDAwMH0sInNjaGVtYV92ZXJzaW9uIjoiMiJ9",
          "dependencies": [
            "module.RDS.aws_db_subnet_group.rds_subnet_group",
            "module.RDS.aws_security_group.rds_sg",
            "module.RDS.aws_subnet.private_subnet_1",
            "module.RDS.aws_subnet.private_subnet_2",
            "module.RDS.aws_vpc.my_vpc"
          ]
        }
      ]
    },
    {
      "module": "module.RDS",
      "mode": "managed",
      "type": "aws_db_subnet_group",
      "name": "rds_subnet_group",
      "provider": "module.RDS.provider[\"registry.terraform.io/hashicorp/aws\"].account2",
      "instances": [
        {
          "schema_version": 0,
          "attributes": {
            "arn": "arn:aws:rds:us-east-1:039612868338:subgrp:rds-subnet-group",
            "description": "Managed by Terraform",
            "id": "rds-subnet-group",
            "name": "rds-subnet-group",
            "name_prefix": "",
            "subnet_ids": [
              "subnet-0435ad9d56a21aee0",
              "subnet-0fc33c16565bd93ab"
            ],
            "supported_network_types": [
              "IPV4"
            ],
            "tags": {
              "Name": "RDS Subnet Group"
            },
            "tags_all": {
              "Name": "RDS Subnet Group"
            },
            "vpc_id": "vpc-04ee7d247a05757f9"
          },
          "sensitive_attributes": [],
          "private": "bnVsbA==",
          "dependencies": [
            "module.RDS.aws_subnet.private_subnet_1",
            "module.RDS.aws_subnet.private_subnet_2",
            "module.RDS.aws_vpc.my_vpc"
          ]
        }
      ]
    },
    {
      "module": "module.RDS",
      "mode": "managed",
      "type": "aws_route_table",
      "name": "vpc2_route_table",
      "provider": "module.RDS.provider[\"registry.terraform.io/hashicorp/aws\"].account2",
      "instances": [
        {
          "schema_version": 0,
          "attributes": {
            "arn": "arn:aws:ec2:us-east-1:039612868338:route-table/rtb-08cef433eaea69660",
            "id": "rtb-08cef433eaea69660",
            "owner_id": "039612868338",
            "propagating_vgws": [],
            "route": [],
            "tags": {
              "Name": "VPC1 Route Table"
            },
            "tags_all": {
              "Name": "VPC1 Route Table"
            },
            "timeouts": null,
            "vpc_id": "vpc-04ee7d247a05757f9"
          },
          "sensitive_attributes": [],
          "private": "eyJlMmJmYjczMC1lY2FhLTExZTYtOGY4OC0zNDM2M2JjN2M0YzAiOnsiY3JlYXRlIjozMDAwMDAwMDAwMDAsImRlbGV0ZSI6MzAwMDAwMDAwMDAwLCJ1cGRhdGUiOjEyMDAwMDAwMDAwMH19",
          "dependencies": [
            "module.RDS.aws_vpc.my_vpc"
          ]
        }
      ]
    },
    {
      "module": "module.RDS",
      "mode": "managed",
      "type": "aws_route_table_association",
      "name": "subnet1_association",
      "provider": "module.RDS.provider[\"registry.terraform.io/hashicorp/aws\"].account2",
      "instances": [
        {
          "schema_version": 0,
          "attributes": {
            "gateway_id": "",
            "id": "rtbassoc-04a7a1ed7e639bc4f",
            "route_table_id": "rtb-08cef433eaea69660",
            "subnet_id": "subnet-0435ad9d56a21aee0",
            "timeouts": null
          },
          "sensitive_attributes": [],
          "private": "eyJlMmJmYjczMC1lY2FhLTExZTYtOGY4OC0zNDM2M2JjN2M0YzAiOnsiY3JlYXRlIjozMDAwMDAwMDAwMDAsImRlbGV0ZSI6MzAwMDAwMDAwMDAwLCJ1cGRhdGUiOjEyMDAwMDAwMDAwMH19",
          "dependencies": [
            "module.RDS.aws_route_table.vpc2_route_table",
            "module.RDS.aws_subnet.private_subnet_1",
            "module.RDS.aws_vpc.my_vpc"
          ]
        }
      ]
    },
    {
      "module": "module.RDS",
      "mode": "managed",
      "type": "aws_route_table_association",
      "name": "subnet2_association",
      "provider": "module.RDS.provider[\"registry.terraform.io/hashicorp/aws\"].account2",
      "instances": [
        {
          "schema_version": 0,
          "attributes": {
            "gateway_id": "",
            "id": "rtbassoc-096a857f5ae243ace",
            "route_table_id": "rtb-08cef433eaea69660",
            "subnet_id": "subnet-0fc33c16565bd93ab",
            "timeouts": null
          },
          "sensitive_attributes": [],
          "private": "eyJlMmJmYjczMC1lY2FhLTExZTYtOGY4OC0zNDM2M2JjN2M0YzAiOnsiY3JlYXRlIjozMDAwMDAwMDAwMDAsImRlbGV0ZSI6MzAwMDAwMDAwMDAwLCJ1cGRhdGUiOjEyMDAwMDAwMDAwMH19",
          "dependencies": [
            "module.RDS.aws_route_table.vpc2_route_table",
            "module.RDS.aws_subnet.private_subnet_2",
            "module.RDS.aws_vpc.my_vpc"
          ]
        }
      ]
    },
    {
      "module": "module.RDS",
      "mode": "managed",
      "type": "aws_security_group",
      "name": "rds_sg",
      "provider": "module.RDS.provider[\"registry.terraform.io/hashicorp/aws\"].account2",
      "instances": [
        {
          "schema_version": 1,
          "attributes": {
            "arn": "arn:aws:ec2:us-east-1:039612868338:security-group/sg-0e0170c93e2bba8ac",
            "description": "Managed by Terraform",
            "egress": [
              {
                "cidr_blocks": [
                  "0.0.0.0/0"
                ],
                "description": "",
                "from_port": 0,
                "ipv6_cidr_blocks": [],
                "prefix_list_ids": [],
                "protocol": "-1",
                "security_groups": [],
                "self": false,
                "to_port": 0
              }
            ],
            "id": "sg-0e0170c93e2bba8ac",
            "ingress": [
              {
                "cidr_blocks": [
                  "0.0.0.0/0"
                ],
                "description": "Allow MySQL Access",
                "from_port": 3306,
                "ipv6_cidr_blocks": [],
                "prefix_list_ids": [],
                "protocol": "tcp",
                "security_groups": [],
                "self": false,
                "to_port": 3306
              }
            ],
            "name": "terraform-20241119174311286600000001",
            "name_prefix": "terraform-",
            "owner_id": "039612868338",
            "revoke_rules_on_delete": false,
            "tags": {
              "Name": "RDS Security Group"
            },
            "tags_all": {
              "Name": "RDS Security Group"
            },
            "timeouts": null,
            "vpc_id": "vpc-04ee7d247a05757f9"
          },
          "sensitive_attributes": [],
          "private": "eyJlMmJmYjczMC1lY2FhLTExZTYtOGY4OC0zNDM2M2JjN2M0YzAiOnsiY3JlYXRlIjo2MDAwMDAwMDAwMDAsImRlbGV0ZSI6OTAwMDAwMDAwMDAwfSwic2NoZW1hX3ZlcnNpb24iOiIxIn0=",
          "dependencies": [
            "module.RDS.aws_vpc.my_vpc"
          ]
        }
      ]
    },
    {
      "module": "module.RDS",
      "mode": "managed",
      "type": "aws_subnet",
      "name": "private_subnet_1",
      "provider": "module.RDS.provider[\"registry.terraform.io/hashicorp/aws\"].account2",
      "instances": [
        {
          "schema_version": 1,
          "attributes": {
            "arn": "arn:aws:ec2:us-east-1:039612868338:subnet/subnet-0435ad9d56a21aee0",
            "assign_ipv6_address_on_creation": false,
            "availability_zone": "us-east-1a",
            "availability_zone_id": "use1-az2",
            "cidr_block": "172.31.1.0/24",
            "customer_owned_ipv4_pool": "",
            "enable_dns64": false,
            "enable_lni_at_device_index": 0,
            "enable_resource_name_dns_a_record_on_launch": false,
            "enable_resource_name_dns_aaaa_record_on_launch": false,
            "id": "subnet-0435ad9d56a21aee0",
            "ipv6_cidr_block": "",
            "ipv6_cidr_block_association_id": "",
            "ipv6_native": false,
            "map_customer_owned_ip_on_launch": false,
            "map_public_ip_on_launch": false,
            "outpost_arn": "",
            "owner_id": "039612868338",
            "private_dns_hostname_type_on_launch": "ip-name",
            "tags": {
              "Name": "Private Subnet 1"
            },
            "tags_all": {
              "Name": "Private Subnet 1"
            },
            "timeouts": null,
            "vpc_id": "vpc-04ee7d247a05757f9"
          },
          "sensitive_attributes": [],
          "private": "eyJlMmJmYjczMC1lY2FhLTExZTYtOGY4OC0zNDM2M2JjN2M0YzAiOnsiY3JlYXRlIjo2MDAwMDAwMDAwMDAsImRlbGV0ZSI6MTIwMDAwMDAwMDAwMH0sInNjaGVtYV92ZXJzaW9uIjoiMSJ9",
          "dependencies": [
            "module.RDS.aws_vpc.my_vpc"
          ]
        }
      ]
    },
    {
      "module": "module.RDS",
      "mode": "managed",
      "type": "aws_subnet",
      "name": "private_subnet_2",
      "provider": "module.RDS.provider[\"registry.terraform.io/hashicorp/aws\"].account2",
      "instances": [
        {
          "schema_version": 1,
          "attributes": {
            "arn": "arn:aws:ec2:us-east-1:039612868338:subnet/subnet-0fc33c16565bd93ab",
            "assign_ipv6_address_on_creation": false,
            "availability_zone": "us-east-1b",
            "availability_zone_id": "use1-az4",
            "cidr_block": "172.31.2.0/24",
            "customer_owned_ipv4_pool": "",
            "enable_dns64": false,
            "enable_lni_at_device_index": 0,
            "enable_resource_name_dns_a_record_on_launch": false,
            "enable_resource_name_dns_aaaa_record_on_launch": false,
            "id": "subnet-0fc33c16565bd93ab",
            "ipv6_cidr_block": "",
            "ipv6_cidr_block_association_id": "",
            "ipv6_native": false,
            "map_customer_owned_ip_on_launch": false,
            "map_public_ip_on_launch": false,
            "outpost_arn": "",
            "owner_id": "039612868338",
            "private_dns_hostname_type_on_launch": "ip-name",
            "tags": {
              "Name": "Private Subnet 2"
            },
            "tags_all": {
              "Name": "Private Subnet 2"
            },
            "timeouts": null,
            "vpc_id": "vpc-04ee7d247a05757f9"
          },
          "sensitive_attributes": [],
          "private": "eyJlMmJmYjczMC1lY2FhLTExZTYtOGY4OC0zNDM2M2JjN2M0YzAiOnsiY3JlYXRlIjo2MDAwMDAwMDAwMDAsImRlbGV0ZSI6MTIwMDAwMDAwMDAwMH0sInNjaGVtYV92ZXJzaW9uIjoiMSJ9",
          "dependencies": [
            "module.RDS.aws_vpc.my_vpc"
          ]
        }
      ]
    },
    {
      "module": "module.RDS",
      "mode": "managed",
      "type": "aws_vpc",
      "name": "my_vpc",
      "provider": "module.RDS.provider[\"registry.terraform.io/hashicorp/aws\"].account2",
      "instances": [
        {
          "schema_version": 1,
          "attributes": {
            "arn": "arn:aws:ec2:us-east-1:039612868338:vpc/vpc-04ee7d247a05757f9",
            "assign_generated_ipv6_cidr_block": false,
            "cidr_block": "172.31.0.0/16",
            "default_network_acl_id": "acl-0a636502e6396363a",
            "default_route_table_id": "rtb-0ad9141a946a4f3b6",
            "default_security_group_id": "sg-087f35600817b6f29",
            "dhcp_options_id": "dopt-003697a8de0cc8028",
            "enable_dns_hostnames": true,
            "enable_dns_support": true,
            "enable_network_address_usage_metrics": false,
            "id": "vpc-04ee7d247a05757f9",
            "instance_tenancy": "default",
            "ipv4_ipam_pool_id": null,
            "ipv4_netmask_length": null,
            "ipv6_association_id": "",
            "ipv6_cidr_block": "",
            "ipv6_cidr_block_network_border_group": "",
            "ipv6_ipam_pool_id": "",
            "ipv6_netmask_length": 0,
            "main_route_table_id": "rtb-0ad9141a946a4f3b6",
            "owner_id": "039612868338",
            "tags": {
              "Name": "MyVPC"
            },
            "tags_all": {
              "Name": "MyVPC"
            }
          },
          "sensitive_attributes": [],
          "private": "eyJzY2hlbWFfdmVyc2lvbiI6IjEifQ=="
        }
      ]
    }
  ],
  "check_results": null
}
